PODS:
  - AFNetworking (2.6.3):
    - AFNetworking/NSURLConnection (= 2.6.3)
    - AFNetworking/NSURLSession (= 2.6.3)
    - AFNetworking/Reachability (= 2.6.3)
    - AFNetworking/Security (= 2.6.3)
    - AFNetworking/Serialization (= 2.6.3)
    - AFNetworking/UIKit (= 2.6.3)
  - AFNetworking/NSURLConnection (2.6.3):
    - AFNetworking/Reachability
    - AFNetworking/Security
    - AFNetworking/Serialization
  - AFNetworking/NSURLSession (2.6.3):
    - AFNetworking/Reachability
    - AFNetworking/Security
    - AFNetworking/Serialization
  - AFNetworking/Reachability (2.6.3)
  - AFNetworking/Security (2.6.3)
  - AFNetworking/Serialization (2.6.3)
  - AFNetworking/UIKit (2.6.3):
    - AFNetworking/NSURLConnection
    - AFNetworking/NSURLSession
  - IQKeyboardManager (3.3.7)
  - MBProgressHUD (1.0.0)
  - Reachability (3.2)
  - SDCycleScrollView (1.66):
    - SDWebImage (~> 4.0.0)
  - SDWebImage (4.0.0):
    - SDWebImage/Core (= 4.0.0)
  - SDWebImage/Core (4.0.0)

DEPENDENCIES:
  - AFNetworking (~> 2.0)
  - IQKeyboardManager
  - MBProgressHUD
  - Reachability (~> 3.2)
  - SDCycleScrollView (~> 1.64)

SPEC CHECKSUMS:
  AFNetworking: cb8d14a848e831097108418f5d49217339d4eb60
  IQKeyboardManager: 249c3946acf61345c18b038eb50863fe2793e3a8
  MBProgressHUD: 4890f671c94e8a0f3cf959aa731e9de2f036d71a
  Reachability: 33e18b67625424e47b6cde6d202dce689ad7af96
  SDCycleScrollView: e3ade90e9b3159bec04330b208fbfd81c3f3b671
  SDWebImage: 76a6348bdc74eb5a55dd08a091ef298e56b55e41

PODFILE CHECKSUM: 1878ebcf75e553c341eb941786c8def6991389fb

COCOAPODS: 1.2.1
