// !$*UTF8*$!
{
	archiveVersion = 1;
	classes = {
	};
	objectVersion = 46;
	objects = {

/* Begin PBXBuildFile section */
		37F6E0BA69D79BE77CA3197C /* libPods-MyCode.a in Frameworks */ = {isa = PBXBuildFile; fileRef = 77F9558A05E453B5CAEDEA73 /* libPods-MyCode.a */; };
		7519C1F21ED162DC00A7E4B5 /* main.m in Sources */ = {isa = PBXBuildFile; fileRef = 7519C1F11ED162DC00A7E4B5 /* main.m */; };
		7519C1F51ED162DC00A7E4B5 /* AppDelegate.m in Sources */ = {isa = PBXBuildFile; fileRef = 7519C1F41ED162DC00A7E4B5 /* AppDelegate.m */; };
		7519C1F81ED162DC00A7E4B5 /* ViewController.m in Sources */ = {isa = PBXBuildFile; fileRef = 7519C1F71ED162DC00A7E4B5 /* ViewController.m */; };
		7519C1FB1ED162DC00A7E4B5 /* Main.storyboard in Resources */ = {isa = PBXBuildFile; fileRef = 7519C1F91ED162DC00A7E4B5 /* Main.storyboard */; };
		7519C1FD1ED162DC00A7E4B5 /* Assets.xcassets in Resources */ = {isa = PBXBuildFile; fileRef = 7519C1FC1ED162DC00A7E4B5 /* Assets.xcassets */; };
		7519C2001ED162DC00A7E4B5 /* LaunchScreen.storyboard in Resources */ = {isa = PBXBuildFile; fileRef = 7519C1FE1ED162DC00A7E4B5 /* LaunchScreen.storyboard */; };
		7519C20B1ED162DC00A7E4B5 /* MyCodeTests.m in Sources */ = {isa = PBXBuildFile; fileRef = 7519C20A1ED162DC00A7E4B5 /* MyCodeTests.m */; };
		7519C2161ED162DC00A7E4B5 /* MyCodeUITests.m in Sources */ = {isa = PBXBuildFile; fileRef = 7519C2151ED162DC00A7E4B5 /* MyCodeUITests.m */; };
		75B88FD31ED1685200690623 /* CardNameController.m in Sources */ = {isa = PBXBuildFile; fileRef = 75B88FD11ED1685200690623 /* CardNameController.m */; };
		75B88FD41ED1685200690623 /* CardNameController.xib in Resources */ = {isa = PBXBuildFile; fileRef = 75B88FD21ED1685200690623 /* CardNameController.xib */; };
		75B88FD61ED16D9100690623 /* bank.plist in Resources */ = {isa = PBXBuildFile; fileRef = 75B88FD51ED16D9100690623 /* bank.plist */; };
		F84175811ED2746D00C65435 /* HttpTool.m in Sources */ = {isa = PBXBuildFile; fileRef = F84175801ED2746D00C65435 /* HttpTool.m */; };
		F84175851ED27F9A00C65435 /* HttpRequestController.m in Sources */ = {isa = PBXBuildFile; fileRef = F84175831ED27F9A00C65435 /* HttpRequestController.m */; };
		F84175861ED27F9A00C65435 /* HttpRequestController.xib in Resources */ = {isa = PBXBuildFile; fileRef = F84175841ED27F9A00C65435 /* HttpRequestController.xib */; };
/* End PBXBuildFile section */

/* Begin PBXContainerItemProxy section */
		7519C2071ED162DC00A7E4B5 /* PBXContainerItemProxy */ = {
			isa = PBXContainerItemProxy;
			containerPortal = 7519C1E51ED162DB00A7E4B5 /* Project object */;
			proxyType = 1;
			remoteGlobalIDString = 7519C1EC1ED162DC00A7E4B5;
			remoteInfo = MyCode;
		};
		7519C2121ED162DC00A7E4B5 /* PBXContainerItemProxy */ = {
			isa = PBXContainerItemProxy;
			containerPortal = 7519C1E51ED162DB00A7E4B5 /* Project object */;
			proxyType = 1;
			remoteGlobalIDString = 7519C1EC1ED162DC00A7E4B5;
			remoteInfo = MyCode;
		};
/* End PBXContainerItemProxy section */

/* Begin PBXFileReference section */
		62C3116015725C348E86E58E /* Pods-MyCode.debug.xcconfig */ = {isa = PBXFileReference; includeInIndex = 1; lastKnownFileType = text.xcconfig; name = "Pods-MyCode.debug.xcconfig"; path = "Pods/Target Support Files/Pods-MyCode/Pods-MyCode.debug.xcconfig"; sourceTree = "<group>"; };
		7519C1ED1ED162DC00A7E4B5 /* MyCode.app */ = {isa = PBXFileReference; explicitFileType = wrapper.application; includeInIndex = 0; path = MyCode.app; sourceTree = BUILT_PRODUCTS_DIR; };
		7519C1F11ED162DC00A7E4B5 /* main.m */ = {isa = PBXFileReference; lastKnownFileType = sourcecode.c.objc; path = main.m; sourceTree = "<group>"; };
		7519C1F31ED162DC00A7E4B5 /* AppDelegate.h */ = {isa = PBXFileReference; lastKnownFileType = sourcecode.c.h; path = AppDelegate.h; sourceTree = "<group>"; };
		7519C1F41ED162DC00A7E4B5 /* AppDelegate.m */ = {isa = PBXFileReference; lastKnownFileType = sourcecode.c.objc; path = AppDelegate.m; sourceTree = "<group>"; };
		7519C1F61ED162DC00A7E4B5 /* ViewController.h */ = {isa = PBXFileReference; lastKnownFileType = sourcecode.c.h; path = ViewController.h; sourceTree = "<group>"; };
		7519C1F71ED162DC00A7E4B5 /* ViewController.m */ = {isa = PBXFileReference; lastKnownFileType = sourcecode.c.objc; path = ViewController.m; sourceTree = "<group>"; };
		7519C1FA1ED162DC00A7E4B5 /* Base */ = {isa = PBXFileReference; lastKnownFileType = file.storyboard; name = Base; path = Base.lproj/Main.storyboard; sourceTree = "<group>"; };
		7519C1FC1ED162DC00A7E4B5 /* Assets.xcassets */ = {isa = PBXFileReference; lastKnownFileType = folder.assetcatalog; path = Assets.xcassets; sourceTree = "<group>"; };
		7519C1FF1ED162DC00A7E4B5 /* Base */ = {isa = PBXFileReference; lastKnownFileType = file.storyboard; name = Base; path = Base.lproj/LaunchScreen.storyboard; sourceTree = "<group>"; };
		7519C2011ED162DC00A7E4B5 /* Info.plist */ = {isa = PBXFileReference; lastKnownFileType = text.plist.xml; path = Info.plist; sourceTree = "<group>"; };
		7519C2061ED162DC00A7E4B5 /* MyCodeTests.xctest */ = {isa = PBXFileReference; explicitFileType = wrapper.cfbundle; includeInIndex = 0; path = MyCodeTests.xctest; sourceTree = BUILT_PRODUCTS_DIR; };
		7519C20A1ED162DC00A7E4B5 /* MyCodeTests.m */ = {isa = PBXFileReference; lastKnownFileType = sourcecode.c.objc; path = MyCodeTests.m; sourceTree = "<group>"; };
		7519C20C1ED162DC00A7E4B5 /* Info.plist */ = {isa = PBXFileReference; lastKnownFileType = text.plist.xml; path = Info.plist; sourceTree = "<group>"; };
		7519C2111ED162DC00A7E4B5 /* MyCodeUITests.xctest */ = {isa = PBXFileReference; explicitFileType = wrapper.cfbundle; includeInIndex = 0; path = MyCodeUITests.xctest; sourceTree = BUILT_PRODUCTS_DIR; };
		7519C2151ED162DC00A7E4B5 /* MyCodeUITests.m */ = {isa = PBXFileReference; lastKnownFileType = sourcecode.c.objc; path = MyCodeUITests.m; sourceTree = "<group>"; };
		7519C2171ED162DC00A7E4B5 /* Info.plist */ = {isa = PBXFileReference; lastKnownFileType = text.plist.xml; path = Info.plist; sourceTree = "<group>"; };
		75B88FD01ED1685200690623 /* CardNameController.h */ = {isa = PBXFileReference; fileEncoding = 4; lastKnownFileType = sourcecode.c.h; path = CardNameController.h; sourceTree = "<group>"; };
		75B88FD11ED1685200690623 /* CardNameController.m */ = {isa = PBXFileReference; fileEncoding = 4; lastKnownFileType = sourcecode.c.objc; path = CardNameController.m; sourceTree = "<group>"; };
		75B88FD21ED1685200690623 /* CardNameController.xib */ = {isa = PBXFileReference; fileEncoding = 4; lastKnownFileType = file.xib; path = CardNameController.xib; sourceTree = "<group>"; };
		75B88FD51ED16D9100690623 /* bank.plist */ = {isa = PBXFileReference; fileEncoding = 4; lastKnownFileType = text.plist.xml; path = bank.plist; sourceTree = "<group>"; };
		77F9558A05E453B5CAEDEA73 /* libPods-MyCode.a */ = {isa = PBXFileReference; explicitFileType = archive.ar; includeInIndex = 0; path = "libPods-MyCode.a"; sourceTree = BUILT_PRODUCTS_DIR; };
		D2F757463940D678AA4B2CA3 /* Pods-MyCode.release.xcconfig */ = {isa = PBXFileReference; includeInIndex = 1; lastKnownFileType = text.xcconfig; name = "Pods-MyCode.release.xcconfig"; path = "Pods/Target Support Files/Pods-MyCode/Pods-MyCode.release.xcconfig"; sourceTree = "<group>"; };
		F841757F1ED2746D00C65435 /* HttpTool.h */ = {isa = PBXFileReference; fileEncoding = 4; lastKnownFileType = sourcecode.c.h; path = HttpTool.h; sourceTree = "<group>"; };
		F84175801ED2746D00C65435 /* HttpTool.m */ = {isa = PBXFileReference; fileEncoding = 4; lastKnownFileType = sourcecode.c.objc; path = HttpTool.m; sourceTree = "<group>"; };
		F84175821ED27F9A00C65435 /* HttpRequestController.h */ = {isa = PBXFileReference; fileEncoding = 4; lastKnownFileType = sourcecode.c.h; path = HttpRequestController.h; sourceTree = "<group>"; };
		F84175831ED27F9A00C65435 /* HttpRequestController.m */ = {isa = PBXFileReference; fileEncoding = 4; lastKnownFileType = sourcecode.c.objc; path = HttpRequestController.m; sourceTree = "<group>"; };
		F84175841ED27F9A00C65435 /* HttpRequestController.xib */ = {isa = PBXFileReference; fileEncoding = 4; lastKnownFileType = file.xib; path = HttpRequestController.xib; sourceTree = "<group>"; };
/* End PBXFileReference section */

/* Begin PBXFrameworksBuildPhase section */
		7519C1EA1ED162DC00A7E4B5 /* Frameworks */ = {
			isa = PBXFrameworksBuildPhase;
			buildActionMask = 2147483647;
			files = (
				37F6E0BA69D79BE77CA3197C /* libPods-MyCode.a in Frameworks */,
			);
			runOnlyForDeploymentPostprocessing = 0;
		};
		7519C2031ED162DC00A7E4B5 /* Frameworks */ = {
			isa = PBXFrameworksBuildPhase;
			buildActionMask = 2147483647;
			files = (
			);
			runOnlyForDeploymentPostprocessing = 0;
		};
		7519C20E1ED162DC00A7E4B5 /* Frameworks */ = {
			isa = PBXFrameworksBuildPhase;
			buildActionMask = 2147483647;
			files = (
			);
			runOnlyForDeploymentPostprocessing = 0;
		};
/* End PBXFrameworksBuildPhase section */

/* Begin PBXGroup section */
		1D8EB654EF5E02A6DA3EAAEA /* Frameworks */ = {
			isa = PBXGroup;
			children = (
				77F9558A05E453B5CAEDEA73 /* libPods-MyCode.a */,
			);
			name = Frameworks;
			sourceTree = "<group>";
		};
		7519C1E41ED162DB00A7E4B5 = {
			isa = PBXGroup;
			children = (
				7519C1EF1ED162DC00A7E4B5 /* MyCode */,
				7519C2091ED162DC00A7E4B5 /* MyCodeTests */,
				7519C2141ED162DC00A7E4B5 /* MyCodeUITests */,
				7519C1EE1ED162DC00A7E4B5 /* Products */,
				E39120FA5BA3686BBED2A61F /* Pods */,
				1D8EB654EF5E02A6DA3EAAEA /* Frameworks */,
			);
			sourceTree = "<group>";
		};
		7519C1EE1ED162DC00A7E4B5 /* Products */ = {
			isa = PBXGroup;
			children = (
				7519C1ED1ED162DC00A7E4B5 /* MyCode.app */,
				7519C2061ED162DC00A7E4B5 /* MyCodeTests.xctest */,
				7519C2111ED162DC00A7E4B5 /* MyCodeUITests.xctest */,
			);
			name = Products;
			sourceTree = "<group>";
		};
		7519C1EF1ED162DC00A7E4B5 /* MyCode */ = {
			isa = PBXGroup;
			children = (
				F841757E1ED2732100C65435 /* 网络请求 */,
				75B88FCD1ED1681600690623 /* 银行卡名称 */,
				7519C1F31ED162DC00A7E4B5 /* AppDelegate.h */,
				7519C1F41ED162DC00A7E4B5 /* AppDelegate.m */,
				7519C1F61ED162DC00A7E4B5 /* ViewController.h */,
				7519C1F71ED162DC00A7E4B5 /* ViewController.m */,
				7519C1F91ED162DC00A7E4B5 /* Main.storyboard */,
				7519C1FC1ED162DC00A7E4B5 /* Assets.xcassets */,
				7519C1FE1ED162DC00A7E4B5 /* LaunchScreen.storyboard */,
				7519C2011ED162DC00A7E4B5 /* Info.plist */,
				7519C1F01ED162DC00A7E4B5 /* Supporting Files */,
			);
			path = MyCode;
			sourceTree = "<group>";
		};
		7519C1F01ED162DC00A7E4B5 /* Supporting Files */ = {
			isa = PBXGroup;
			children = (
				7519C1F11ED162DC00A7E4B5 /* main.m */,
			);
			name = "Supporting Files";
			sourceTree = "<group>";
		};
		7519C2091ED162DC00A7E4B5 /* MyCodeTests */ = {
			isa = PBXGroup;
			children = (
				7519C20A1ED162DC00A7E4B5 /* MyCodeTests.m */,
				7519C20C1ED162DC00A7E4B5 /* Info.plist */,
			);
			path = MyCodeTests;
			sourceTree = "<group>";
		};
		7519C2141ED162DC00A7E4B5 /* MyCodeUITests */ = {
			isa = PBXGroup;
			children = (
				7519C2151ED162DC00A7E4B5 /* MyCodeUITests.m */,
				7519C2171ED162DC00A7E4B5 /* Info.plist */,
			);
			path = MyCodeUITests;
			sourceTree = "<group>";
		};
		75B88FCD1ED1681600690623 /* 银行卡名称 */ = {
			isa = PBXGroup;
			children = (
				75B88FD51ED16D9100690623 /* bank.plist */,
				75B88FD01ED1685200690623 /* CardNameController.h */,
				75B88FD11ED1685200690623 /* CardNameController.m */,
				75B88FD21ED1685200690623 /* CardNameController.xib */,
			);
			path = "银行卡名称";
			sourceTree = "<group>";
		};
		E39120FA5BA3686BBED2A61F /* Pods */ = {
			isa = PBXGroup;
			children = (
				62C3116015725C348E86E58E /* Pods-MyCode.debug.xcconfig */,
				D2F757463940D678AA4B2CA3 /* Pods-MyCode.release.xcconfig */,
			);
			name = Pods;
			sourceTree = "<group>";
		};
		F841757E1ED2732100C65435 /* 网络请求 */ = {
			isa = PBXGroup;
			children = (
				F841757F1ED2746D00C65435 /* HttpTool.h */,
				F84175801ED2746D00C65435 /* HttpTool.m */,
				F84175821ED27F9A00C65435 /* HttpRequestController.h */,
				F84175831ED27F9A00C65435 /* HttpRequestController.m */,
				F84175841ED27F9A00C65435 /* HttpRequestController.xib */,
			);
			path = "网络请求";
			sourceTree = "<group>";
		};
/* End PBXGroup section */

/* Begin PBXNativeTarget section */
		7519C1EC1ED162DC00A7E4B5 /* MyCode */ = {
			isa = PBXNativeTarget;
			buildConfigurationList = 7519C21A1ED162DC00A7E4B5 /* Build configuration list for PBXNativeTarget "MyCode" */;
			buildPhases = (
				CB7579FFF81D2AE8137BA645 /* [CP] Check Pods Manifest.lock */,
				7519C1E91ED162DC00A7E4B5 /* Sources */,
				7519C1EA1ED162DC00A7E4B5 /* Frameworks */,
				7519C1EB1ED162DC00A7E4B5 /* Resources */,
				B445CB5BFB396AF7E79A8DCF /* [CP] Embed Pods Frameworks */,
				4780D3F8F3E03FB8E459678E /* [CP] Copy Pods Resources */,
			);
			buildRules = (
			);
			dependencies = (
			);
			name = MyCode;
			productName = MyCode;
			productReference = 7519C1ED1ED162DC00A7E4B5 /* MyCode.app */;
			productType = "com.apple.product-type.application";
		};
		7519C2051ED162DC00A7E4B5 /* MyCodeTests */ = {
			isa = PBXNativeTarget;
			buildConfigurationList = 7519C21D1ED162DC00A7E4B5 /* Build configuration list for PBXNativeTarget "MyCodeTests" */;
			buildPhases = (
				7519C2021ED162DC00A7E4B5 /* Sources */,
				7519C2031ED162DC00A7E4B5 /* Frameworks */,
				7519C2041ED162DC00A7E4B5 /* Resources */,
			);
			buildRules = (
			);
			dependencies = (
				7519C2081ED162DC00A7E4B5 /* PBXTargetDependency */,
			);
			name = MyCodeTests;
			productName = MyCodeTests;
			productReference = 7519C2061ED162DC00A7E4B5 /* MyCodeTests.xctest */;
			productType = "com.apple.product-type.bundle.unit-test";
		};
		7519C2101ED162DC00A7E4B5 /* MyCodeUITests */ = {
			isa = PBXNativeTarget;
			buildConfigurationList = 7519C2201ED162DC00A7E4B5 /* Build configuration list for PBXNativeTarget "MyCodeUITests" */;
			buildPhases = (
				7519C20D1ED162DC00A7E4B5 /* Sources */,
				7519C20E1ED162DC00A7E4B5 /* Frameworks */,
				7519C20F1ED162DC00A7E4B5 /* Resources */,
			);
			buildRules = (
			);
			dependencies = (
				7519C2131ED162DC00A7E4B5 /* PBXTargetDependency */,
			);
			name = MyCodeUITests;
			productName = MyCodeUITests;
			productReference = 7519C2111ED162DC00A7E4B5 /* MyCodeUITests.xctest */;
			productType = "com.apple.product-type.bundle.ui-testing";
		};
/* End PBXNativeTarget section */

/* Begin PBXProject section */
		7519C1E51ED162DB00A7E4B5 /* Project object */ = {
			isa = PBXProject;
			attributes = {
				LastUpgradeCheck = 0820;
				ORGANIZATIONNAME = zzf;
				TargetAttributes = {
					7519C1EC1ED162DC00A7E4B5 = {
						CreatedOnToolsVersion = 8.2.1;
						DevelopmentTeam = VHRLMCFE5Z;
						ProvisioningStyle = Automatic;
					};
					7519C2051ED162DC00A7E4B5 = {
						CreatedOnToolsVersion = 8.2.1;
						DevelopmentTeam = VHRLMCFE5Z;
						ProvisioningStyle = Automatic;
						TestTargetID = 7519C1EC1ED162DC00A7E4B5;
					};
					7519C2101ED162DC00A7E4B5 = {
						CreatedOnToolsVersion = 8.2.1;
						DevelopmentTeam = VHRLMCFE5Z;
						ProvisioningStyle = Automatic;
						TestTargetID = 7519C1EC1ED162DC00A7E4B5;
					};
				};
			};
			buildConfigurationList = 7519C1E81ED162DB00A7E4B5 /* Build configuration list for PBXProject "MyCode" */;
			compatibilityVersion = "Xcode 3.2";
			developmentRegion = English;
			hasScannedForEncodings = 0;
			knownRegions = (
				en,
				Base,
			);
			mainGroup = 7519C1E41ED162DB00A7E4B5;
			productRefGroup = 7519C1EE1ED162DC00A7E4B5 /* Products */;
			projectDirPath = "";
			projectRoot = "";
			targets = (
				7519C1EC1ED162DC00A7E4B5 /* MyCode */,
				7519C2051ED162DC00A7E4B5 /* MyCodeTests */,
				7519C2101ED162DC00A7E4B5 /* MyCodeUITests */,
			);
		};
/* End PBXProject section */

/* Begin PBXResourcesBuildPhase section */
		7519C1EB1ED162DC00A7E4B5 /* Resources */ = {
			isa = PBXResourcesBuildPhase;
			buildActionMask = 2147483647;
			files = (
				7519C2001ED162DC00A7E4B5 /* LaunchScreen.storyboard in Resources */,
				7519C1FD1ED162DC00A7E4B5 /* Assets.xcassets in Resources */,
				7519C1FB1ED162DC00A7E4B5 /* Main.storyboard in Resources */,
				75B88FD41ED1685200690623 /* CardNameController.xib in Resources */,
				75B88FD61ED16D9100690623 /* bank.plist in Resources */,
				F84175861ED27F9A00C65435 /* HttpRequestController.xib in Resources */,
			);
			runOnlyForDeploymentPostprocessing = 0;
		};
		7519C2041ED162DC00A7E4B5 /* Resources */ = {
			isa = PBXResourcesBuildPhase;
			buildActionMask = 2147483647;
			files = (
			);
			runOnlyForDeploymentPostprocessing = 0;
		};
		7519C20F1ED162DC00A7E4B5 /* Resources */ = {
			isa = PBXResourcesBuildPhase;
			buildActionMask = 2147483647;
			files = (
			);
			runOnlyForDeploymentPostprocessing = 0;
		};
/* End PBXResourcesBuildPhase section */

/* Begin PBXShellScriptBuildPhase section */
		4780D3F8F3E03FB8E459678E /* [CP] Copy Pods Resources */ = {
			isa = PBXShellScriptBuildPhase;
			buildActionMask = 2147483647;
			files = (
			);
			inputPaths = (
			);
			name = "[CP] Copy Pods Resources";
			outputPaths = (
			);
			runOnlyForDeploymentPostprocessing = 0;
			shellPath = /bin/sh;
			shellScript = "\"${SRCROOT}/Pods/Target Support Files/Pods-MyCode/Pods-MyCode-resources.sh\"\n";
			showEnvVarsInLog = 0;
		};
		B445CB5BFB396AF7E79A8DCF /* [CP] Embed Pods Frameworks */ = {
			isa = PBXShellScriptBuildPhase;
			buildActionMask = 2147483647;
			files = (
			);
			inputPaths = (
			);
			name = "[CP] Embed Pods Frameworks";
			outputPaths = (
			);
			runOnlyForDeploymentPostprocessing = 0;
			shellPath = /bin/sh;
			shellScript = "\"${SRCROOT}/Pods/Target Support Files/Pods-MyCode/Pods-MyCode-frameworks.sh\"\n";
			showEnvVarsInLog = 0;
		};
		CB7579FFF81D2AE8137BA645 /* [CP] Check Pods Manifest.lock */ = {
			isa = PBXShellScriptBuildPhase;
			buildActionMask = 2147483647;
			files = (
			);
			inputPaths = (
			);
			name = "[CP] Check Pods Manifest.lock";
			outputPaths = (
			);
			runOnlyForDeploymentPostprocessing = 0;
			shellPath = /bin/sh;
			shellScript = "diff \"${PODS_PODFILE_DIR_PATH}/Podfile.lock\" \"${PODS_ROOT}/Manifest.lock\" > /dev/null\nif [ $? != 0 ] ; then\n    # print error to STDERR\n    echo \"error: The sandbox is not in sync with the Podfile.lock. Run 'pod install' or update your CocoaPods installation.\" >&2\n    exit 1\nfi\n";
			showEnvVarsInLog = 0;
		};
/* End PBXShellScriptBuildPhase section */

/* Begin PBXSourcesBuildPhase section */
		7519C1E91ED162DC00A7E4B5 /* Sources */ = {
			isa = PBXSourcesBuildPhase;
			buildActionMask = 2147483647;
			files = (
				7519C1F81ED162DC00A7E4B5 /* ViewController.m in Sources */,
				F84175851ED27F9A00C65435 /* HttpRequestController.m in Sources */,
				7519C1F51ED162DC00A7E4B5 /* AppDelegate.m in Sources */,
				75B88FD31ED1685200690623 /* CardNameController.m in Sources */,
				7519C1F21ED162DC00A7E4B5 /* main.m in Sources */,
				F84175811ED2746D00C65435 /* HttpTool.m in Sources */,
			);
			runOnlyForDeploymentPostprocessing = 0;
		};
		7519C2021ED162DC00A7E4B5 /* Sources */ = {
			isa = PBXSourcesBuildPhase;
			buildActionMask = 2147483647;
			files = (
				7519C20B1ED162DC00A7E4B5 /* MyCodeTests.m in Sources */,
			);
			runOnlyForDeploymentPostprocessing = 0;
		};
		7519C20D1ED162DC00A7E4B5 /* Sources */ = {
			isa = PBXSourcesBuildPhase;
			buildActionMask = 2147483647;
			files = (
				7519C2161ED162DC00A7E4B5 /* MyCodeUITests.m in Sources */,
			);
			runOnlyForDeploymentPostprocessing = 0;
		};
/* End PBXSourcesBuildPhase section */

/* Begin PBXTargetDependency section */
		7519C2081ED162DC00A7E4B5 /* PBXTargetDependency */ = {
			isa = PBXTargetDependency;
			target = 7519C1EC1ED162DC00A7E4B5 /* MyCode */;
			targetProxy = 7519C2071ED162DC00A7E4B5 /* PBXContainerItemProxy */;
		};
		7519C2131ED162DC00A7E4B5 /* PBXTargetDependency */ = {
			isa = PBXTargetDependency;
			target = 7519C1EC1ED162DC00A7E4B5 /* MyCode */;
			targetProxy = 7519C2121ED162DC00A7E4B5 /* PBXContainerItemProxy */;
		};
/* End PBXTargetDependency section */

/* Begin PBXVariantGroup section */
		7519C1F91ED162DC00A7E4B5 /* Main.storyboard */ = {
			isa = PBXVariantGroup;
			children = (
				7519C1FA1ED162DC00A7E4B5 /* Base */,
			);
			name = Main.storyboard;
			sourceTree = "<group>";
		};
		7519C1FE1ED162DC00A7E4B5 /* LaunchScreen.storyboard */ = {
			isa = PBXVariantGroup;
			children = (
				7519C1FF1ED162DC00A7E4B5 /* Base */,
			);
			name = LaunchScreen.storyboard;
			sourceTree = "<group>";
		};
/* End PBXVariantGroup section */

/* Begin XCBuildConfiguration section */
		7519C2181ED162DC00A7E4B5 /* Debug */ = {
			isa = XCBuildConfiguration;
			buildSettings = {
				ALWAYS_SEARCH_USER_PATHS = NO;
				CLANG_ANALYZER_NONNULL = YES;
				CLANG_CXX_LANGUAGE_STANDARD = "gnu++0x";
				CLANG_CXX_LIBRARY = "libc++";
				CLANG_ENABLE_MODULES = YES;
				CLANG_ENABLE_OBJC_ARC = YES;
				CLANG_WARN_BOOL_CONVERSION = YES;
				CLANG_WARN_CONSTANT_CONVERSION = YES;
				CLANG_WARN_DIRECT_OBJC_ISA_USAGE = YES_ERROR;
				CLANG_WARN_DOCUMENTATION_COMMENTS = YES;
				CLANG_WARN_EMPTY_BODY = YES;
				CLANG_WARN_ENUM_CONVERSION = YES;
				CLANG_WARN_INFINITE_RECURSION = YES;
				CLANG_WARN_INT_CONVERSION = YES;
				CLANG_WARN_OBJC_ROOT_CLASS = YES_ERROR;
				CLANG_WARN_SUSPICIOUS_MOVE = YES;
				CLANG_WARN_UNREACHABLE_CODE = YES;
				CLANG_WARN__DUPLICATE_METHOD_MATCH = YES;
				"CODE_SIGN_IDENTITY[sdk=iphoneos*]" = "iPhone Developer";
				COPY_PHASE_STRIP = NO;
				DEBUG_INFORMATION_FORMAT = dwarf;
				ENABLE_STRICT_OBJC_MSGSEND = YES;
				ENABLE_TESTABILITY = YES;
				GCC_C_LANGUAGE_STANDARD = gnu99;
				GCC_DYNAMIC_NO_PIC = NO;
				GCC_NO_COMMON_BLOCKS = YES;
				GCC_OPTIMIZATION_LEVEL = 0;
				GCC_PREPROCESSOR_DEFINITIONS = (
					"DEBUG=1",
					"$(inherited)",
				);
				GCC_WARN_64_TO_32_BIT_CONVERSION = YES;
				GCC_WARN_ABOUT_RETURN_TYPE = YES_ERROR;
				GCC_WARN_UNDECLARED_SELECTOR = YES;
				GCC_WARN_UNINITIALIZED_AUTOS = YES_AGGRESSIVE;
				GCC_WARN_UNUSED_FUNCTION = YES;
				GCC_WARN_UNUSED_VARIABLE = YES;
				IPHONEOS_DEPLOYMENT_TARGET = 10.2;
				MTL_ENABLE_DEBUG_INFO = YES;
				ONLY_ACTIVE_ARCH = YES;
				SDKROOT = iphoneos;
				TARGETED_DEVICE_FAMILY = "1,2";
			};
			name = Debug;
		};
		7519C2191ED162DC00A7E4B5 /* Release */ = {
			isa = XCBuildConfiguration;
			buildSettings = {
				ALWAYS_SEARCH_USER_PATHS = NO;
				CLANG_ANALYZER_NONNULL = YES;
				CLANG_CXX_LANGUAGE_STANDARD = "gnu++0x";
				CLANG_CXX_LIBRARY = "libc++";
				CLANG_ENABLE_MODULES = YES;
				CLANG_ENABLE_OBJC_ARC = YES;
				CLANG_WARN_BOOL_CONVERSION = YES;
				CLANG_WARN_CONSTANT_CONVERSION = YES;
				CLANG_WARN_DIRECT_OBJC_ISA_USAGE = YES_ERROR;
				CLANG_WARN_DOCUMENTATION_COMMENTS = YES;
				CLANG_WARN_EMPTY_BODY = YES;
				CLANG_WARN_ENUM_CONVERSION = YES;
				CLANG_WARN_INFINITE_RECURSION = YES;
				CLANG_WARN_INT_CONVERSION = YES;
				CLANG_WARN_OBJC_ROOT_CLASS = YES_ERROR;
				CLANG_WARN_SUSPICIOUS_MOVE = YES;
				CLANG_WARN_UNREACHABLE_CODE = YES;
				CLANG_WARN__DUPLICATE_METHOD_MATCH = YES;
				"CODE_SIGN_IDENTITY[sdk=iphoneos*]" = "iPhone Developer";
				COPY_PHASE_STRIP = NO;
				DEBUG_INFORMATION_FORMAT = "dwarf-with-dsym";
				ENABLE_NS_ASSERTIONS = NO;
				ENABLE_STRICT_OBJC_MSGSEND = YES;
				GCC_C_LANGUAGE_STANDARD = gnu99;
				GCC_NO_COMMON_BLOCKS = YES;
				GCC_WARN_64_TO_32_BIT_CONVERSION = YES;
				GCC_WARN_ABOUT_RETURN_TYPE = YES_ERROR;
				GCC_WARN_UNDECLARED_SELECTOR = YES;
				GCC_WARN_UNINITIALIZED_AUTOS = YES_AGGRESSIVE;
				GCC_WARN_UNUSED_FUNCTION = YES;
				GCC_WARN_UNUSED_VARIABLE = YES;
				IPHONEOS_DEPLOYMENT_TARGET = 10.2;
				MTL_ENABLE_DEBUG_INFO = NO;
				SDKROOT = iphoneos;
				TARGETED_DEVICE_FAMILY = "1,2";
				VALIDATE_PRODUCT = YES;
			};
			name = Release;
		};
		7519C21B1ED162DC00A7E4B5 /* Debug */ = {
			isa = XCBuildConfiguration;
			baseConfigurationReference = 62C3116015725C348E86E58E /* Pods-MyCode.debug.xcconfig */;
			buildSettings = {
				ASSETCATALOG_COMPILER_APPICON_NAME = AppIcon;
				DEVELOPMENT_TEAM = VHRLMCFE5Z;
				INFOPLIST_FILE = MyCode/Info.plist;
				LD_RUNPATH_SEARCH_PATHS = "$(inherited) @executable_path/Frameworks";
				PRODUCT_BUNDLE_IDENTIFIER = com.zzf.MyCode;
				PRODUCT_NAME = "$(TARGET_NAME)";
			};
			name = Debug;
		};
		7519C21C1ED162DC00A7E4B5 /* Release */ = {
			isa = XCBuildConfiguration;
			baseConfigurationReference = D2F757463940D678AA4B2CA3 /* Pods-MyCode.release.xcconfig */;
			buildSettings = {
				ASSETCATALOG_COMPILER_APPICON_NAME = AppIcon;
				DEVELOPMENT_TEAM = VHRLMCFE5Z;
				INFOPLIST_FILE = MyCode/Info.plist;
				LD_RUNPATH_SEARCH_PATHS = "$(inherited) @executable_path/Frameworks";
				PRODUCT_BUNDLE_IDENTIFIER = com.zzf.MyCode;
				PRODUCT_NAME = "$(TARGET_NAME)";
			};
			name = Release;
		};
		7519C21E1ED162DC00A7E4B5 /* Debug */ = {
			isa = XCBuildConfiguration;
			buildSettings = {
				BUNDLE_LOADER = "$(TEST_HOST)";
				DEVELOPMENT_TEAM = VHRLMCFE5Z;
				INFOPLIST_FILE = MyCodeTests/Info.plist;
				LD_RUNPATH_SEARCH_PATHS = "$(inherited) @executable_path/Frameworks @loader_path/Frameworks";
				PRODUCT_BUNDLE_IDENTIFIER = com.zzf.MyCodeTests;
				PRODUCT_NAME = "$(TARGET_NAME)";
				TEST_HOST = "$(BUILT_PRODUCTS_DIR)/MyCode.app/MyCode";
			};
			name = Debug;
		};
		7519C21F1ED162DC00A7E4B5 /* Release */ = {
			isa = XCBuildConfiguration;
			buildSettings = {
				BUNDLE_LOADER = "$(TEST_HOST)";
				DEVELOPMENT_TEAM = VHRLMCFE5Z;
				INFOPLIST_FILE = MyCodeTests/Info.plist;
				LD_RUNPATH_SEARCH_PATHS = "$(inherited) @executable_path/Frameworks @loader_path/Frameworks";
				PRODUCT_BUNDLE_IDENTIFIER = com.zzf.MyCodeTests;
				PRODUCT_NAME = "$(TARGET_NAME)";
				TEST_HOST = "$(BUILT_PRODUCTS_DIR)/MyCode.app/MyCode";
			};
			name = Release;
		};
		7519C2211ED162DC00A7E4B5 /* Debug */ = {
			isa = XCBuildConfiguration;
			buildSettings = {
				DEVELOPMENT_TEAM = VHRLMCFE5Z;
				INFOPLIST_FILE = MyCodeUITests/Info.plist;
				LD_RUNPATH_SEARCH_PATHS = "$(inherited) @executable_path/Frameworks @loader_path/Frameworks";
				PRODUCT_BUNDLE_IDENTIFIER = com.zzf.MyCodeUITests;
				PRODUCT_NAME = "$(TARGET_NAME)";
				TEST_TARGET_NAME = MyCode;
			};
			name = Debug;
		};
		7519C2221ED162DC00A7E4B5 /* Release */ = {
			isa = XCBuildConfiguration;
			buildSettings = {
				DEVELOPMENT_TEAM = VHRLMCFE5Z;
				INFOPLIST_FILE = MyCodeUITests/Info.plist;
				LD_RUNPATH_SEARCH_PATHS = "$(inherited) @executable_path/Frameworks @loader_path/Frameworks";
				PRODUCT_BUNDLE_IDENTIFIER = com.zzf.MyCodeUITests;
				PRODUCT_NAME = "$(TARGET_NAME)";
				TEST_TARGET_NAME = MyCode;
			};
			name = Release;
		};
/* End XCBuildConfiguration section */

/* Begin XCConfigurationList section */
		7519C1E81ED162DB00A7E4B5 /* Build configuration list for PBXProject "MyCode" */ = {
			isa = XCConfigurationList;
			buildConfigurations = (
				7519C2181ED162DC00A7E4B5 /* Debug */,
				7519C2191ED162DC00A7E4B5 /* Release */,
			);
			defaultConfigurationIsVisible = 0;
			defaultConfigurationName = Release;
		};
		7519C21A1ED162DC00A7E4B5 /* Build configuration list for PBXNativeTarget "MyCode" */ = {
			isa = XCConfigurationList;
			buildConfigurations = (
				7519C21B1ED162DC00A7E4B5 /* Debug */,
				7519C21C1ED162DC00A7E4B5 /* Release */,
			);
			defaultConfigurationIsVisible = 0;
			defaultConfigurationName = Release;
		};
		7519C21D1ED162DC00A7E4B5 /* Build configuration list for PBXNativeTarget "MyCodeTests" */ = {
			isa = XCConfigurationList;
			buildConfigurations = (
				7519C21E1ED162DC00A7E4B5 /* Debug */,
				7519C21F1ED162DC00A7E4B5 /* Release */,
			);
			defaultConfigurationIsVisible = 0;
			defaultConfigurationName = Release;
		};
		7519C2201ED162DC00A7E4B5 /* Build configuration list for PBXNativeTarget "MyCodeUITests" */ = {
			isa = XCConfigurationList;
			buildConfigurations = (
				7519C2211ED162DC00A7E4B5 /* Debug */,
				7519C2221ED162DC00A7E4B5 /* Release */,
			);
			defaultConfigurationIsVisible = 0;
			defaultConfigurationName = Release;
		};
/* End XCConfigurationList section */
	};
	rootObject = 7519C1E51ED162DB00A7E4B5 /* Project object */;
}
