// !$*UTF8*$!
{
	archiveVersion = 1;
	classes = {
	};
	objectVersion = 46;
	objects = {

/* Begin PBXBuildFile section */
		37F6E0BA69D79BE77CA3197C /* libPods-MyCode.a in Frameworks */ = {isa = PBXBuildFile; fileRef = 77F9558A05E453B5CAEDEA73 /* libPods-MyCode.a */; };
		7519C1F21ED162DC00A7E4B5 /* main.m in Sources */ = {isa = PBXBuildFile; fileRef = 7519C1F11ED162DC00A7E4B5 /* main.m */; };
		7519C1F51ED162DC00A7E4B5 /* AppDelegate.m in Sources */ = {isa = PBXBuildFile; fileRef = 7519C1F41ED162DC00A7E4B5 /* AppDelegate.m */; };
		7519C1F81ED162DC00A7E4B5 /* ViewController.m in Sources */ = {isa = PBXBuildFile; fileRef = 7519C1F71ED162DC00A7E4B5 /* ViewController.m */; };
		7519C1FB1ED162DC00A7E4B5 /* Main.storyboard in Resources */ = {isa = PBXBuildFile; fileRef = 7519C1F91ED162DC00A7E4B5 /* Main.storyboard */; };
		7519C1FD1ED162DC00A7E4B5 /* Assets.xcassets in Resources */ = {isa = PBXBuildFile; fileRef = 7519C1FC1ED162DC00A7E4B5 /* Assets.xcassets */; };
		7519C2001ED162DC00A7E4B5 /* LaunchScreen.storyboard in Resources */ = {isa = PBXBuildFile; fileRef = 7519C1FE1ED162DC00A7E4B5 /* LaunchScreen.storyboard */; };
		7519C20B1ED162DC00A7E4B5 /* MyCodeTests.m in Sources */ = {isa = PBXBuildFile; fileRef = 7519C20A1ED162DC00A7E4B5 /* MyCodeTests.m */; };
		7519C2161ED162DC00A7E4B5 /* MyCodeUITests.m in Sources */ = {isa = PBXBuildFile; fileRef = 7519C2151ED162DC00A7E4B5 /* MyCodeUITests.m */; };
		75B88FD31ED1685200690623 /* CardNameController.m in Sources */ = {isa = PBXBuildFile; fileRef = 75B88FD11ED1685200690623 /* CardNameController.m */; };
		75B88FD41ED1685200690623 /* CardNameController.xib in Resources */ = {isa = PBXBuildFile; fileRef = 75B88FD21ED1685200690623 /* CardNameController.xib */; };
		75B88FD61ED16D9100690623 /* bank.plist in Resources */ = {isa = PBXBuildFile; fileRef = 75B88FD51ED16D9100690623 /* bank.plist */; };
		F82954B51ED41115004457C3 /* NSString+RegexJudge.m in Sources */ = {isa = PBXBuildFile; fileRef = F82954B41ED41115004457C3 /* NSString+RegexJudge.m */; };
		F82954B91ED41466004457C3 /* StringRegexController.m in Sources */ = {isa = PBXBuildFile; fileRef = F82954B71ED41466004457C3 /* StringRegexController.m */; };
		F82954BA1ED41466004457C3 /* StringRegexController.xib in Resources */ = {isa = PBXBuildFile; fileRef = F82954B81ED41466004457C3 /* StringRegexController.xib */; };
		F82D00F41ED822B900724ADA /* UIImage+SGHelper.m in Sources */ = {isa = PBXBuildFile; fileRef = F82D00E31ED822B900724ADA /* UIImage+SGHelper.m */; };
		F82D00F51ED822B900724ADA /* SGQRCodeScanningVC.m in Sources */ = {isa = PBXBuildFile; fileRef = F82D00E61ED822B900724ADA /* SGQRCodeScanningVC.m */; };
		F82D00F61ED822B900724ADA /* SGQRCodeScanningView.m in Sources */ = {isa = PBXBuildFile; fileRef = F82D00E91ED822B900724ADA /* SGQRCodeScanningView.m */; };
		F82D00F71ED822B900724ADA /* SGWebView.m in Sources */ = {isa = PBXBuildFile; fileRef = F82D00EB1ED822B900724ADA /* SGWebView.m */; };
		F82D00F81ED822B900724ADA /* SGQRCodeConst.m in Sources */ = {isa = PBXBuildFile; fileRef = F82D00EE1ED822B900724ADA /* SGQRCodeConst.m */; };
		F82D00F91ED822B900724ADA /* SGQRCode.bundle in Resources */ = {isa = PBXBuildFile; fileRef = F82D00EF1ED822B900724ADA /* SGQRCode.bundle */; };
		F82D00FA1ED822B900724ADA /* SGQRCodeTool.m in Sources */ = {isa = PBXBuildFile; fileRef = F82D00F31ED822B900724ADA /* SGQRCodeTool.m */; };
		F82D00FE1ED822DB00724ADA /* QRcodeController.m in Sources */ = {isa = PBXBuildFile; fileRef = F82D00FC1ED822DB00724ADA /* QRcodeController.m */; };
		F82D00FF1ED822DB00724ADA /* QRcodeController.xib in Resources */ = {isa = PBXBuildFile; fileRef = F82D00FD1ED822DB00724ADA /* QRcodeController.xib */; };
		F82D01031ED8242500724ADA /* GenerateQrcodeController.m in Sources */ = {isa = PBXBuildFile; fileRef = F82D01011ED8242500724ADA /* GenerateQrcodeController.m */; };
		F82D01041ED8242500724ADA /* GenerateQrcodeController.xib in Resources */ = {isa = PBXBuildFile; fileRef = F82D01021ED8242500724ADA /* GenerateQrcodeController.xib */; };
		F82D01081ED8243E00724ADA /* ScanQrcodeController.m in Sources */ = {isa = PBXBuildFile; fileRef = F82D01061ED8243E00724ADA /* ScanQrcodeController.m */; };
		F82D01091ED8243E00724ADA /* ScanQrcodeController.xib in Resources */ = {isa = PBXBuildFile; fileRef = F82D01071ED8243E00724ADA /* ScanQrcodeController.xib */; };
		F82D010D1ED825E800724ADA /* ScanSuccessController.m in Sources */ = {isa = PBXBuildFile; fileRef = F82D010B1ED825E800724ADA /* ScanSuccessController.m */; };
		F82D010E1ED825E800724ADA /* ScanSuccessController.xib in Resources */ = {isa = PBXBuildFile; fileRef = F82D010C1ED825E800724ADA /* ScanSuccessController.xib */; };
		F84175811ED2746D00C65435 /* HttpTool.m in Sources */ = {isa = PBXBuildFile; fileRef = F84175801ED2746D00C65435 /* HttpTool.m */; };
		F84175851ED27F9A00C65435 /* HttpRequestController.m in Sources */ = {isa = PBXBuildFile; fileRef = F84175831ED27F9A00C65435 /* HttpRequestController.m */; };
		F84175861ED27F9A00C65435 /* HttpRequestController.xib in Resources */ = {isa = PBXBuildFile; fileRef = F84175841ED27F9A00C65435 /* HttpRequestController.xib */; };
		F84175DC1ED28AC500C65435 /* libcrypto.a in Frameworks */ = {isa = PBXBuildFile; fileRef = F841758A1ED28AC500C65435 /* libcrypto.a */; };
		F84175DD1ED28AC500C65435 /* libssl.a in Frameworks */ = {isa = PBXBuildFile; fileRef = F841758B1ED28AC500C65435 /* libssl.a */; };
		F84175DE1ED28AC500C65435 /* NSData+Base64.m in Sources */ = {isa = PBXBuildFile; fileRef = F84175D91ED28AC500C65435 /* NSData+Base64.m */; };
		F84175DF1ED28AC500C65435 /* NSString+Base64.m in Sources */ = {isa = PBXBuildFile; fileRef = F84175DB1ED28AC500C65435 /* NSString+Base64.m */; };
		F84175E21ED28AFB00C65435 /* RSAHandler.m in Sources */ = {isa = PBXBuildFile; fileRef = F84175E11ED28AFB00C65435 /* RSAHandler.m */; };
		F84175E61ED28CF700C65435 /* RSAController.m in Sources */ = {isa = PBXBuildFile; fileRef = F84175E41ED28CF700C65435 /* RSAController.m */; };
		F84175E71ED28CF700C65435 /* RSAController.xib in Resources */ = {isa = PBXBuildFile; fileRef = F84175E51ED28CF700C65435 /* RSAController.xib */; };
		F844DDEF1EE17C8400891BD8 /* IQKeyboardManagerController.m in Sources */ = {isa = PBXBuildFile; fileRef = F844DDED1EE17C8400891BD8 /* IQKeyboardManagerController.m */; };
		F844DDF01EE17C8400891BD8 /* IQKeyboardManagerController.xib in Resources */ = {isa = PBXBuildFile; fileRef = F844DDEE1EE17C8400891BD8 /* IQKeyboardManagerController.xib */; };
		F844DDF51EE17F1C00891BD8 /* ScrollImagesController.m in Sources */ = {isa = PBXBuildFile; fileRef = F844DDF31EE17F1C00891BD8 /* ScrollImagesController.m */; };
		F844DDF61EE17F1C00891BD8 /* ScrollImagesController.xib in Resources */ = {isa = PBXBuildFile; fileRef = F844DDF41EE17F1C00891BD8 /* ScrollImagesController.xib */; };
		F84C79451ED90D9800C28045 /* RollerCoasterController.m in Sources */ = {isa = PBXBuildFile; fileRef = F84C79431ED90D9800C28045 /* RollerCoasterController.m */; };
		F84C79461ED90D9800C28045 /* RollerCoasterController.xib in Resources */ = {isa = PBXBuildFile; fileRef = F84C79441ED90D9800C28045 /* RollerCoasterController.xib */; };
		F84C79681ED9643D00C28045 /* 上海农商银行@2x.png in Resources */ = {isa = PBXBuildFile; fileRef = F84C79491ED9643D00C28045 /* 上海农商银行@2x.png */; };
		F84C79691ED9643D00C28045 /* 东亚银行@2x.png in Resources */ = {isa = PBXBuildFile; fileRef = F84C794A1ED9643D00C28045 /* 东亚银行@2x.png */; };
		F84C796A1ED9643D00C28045 /* 中信银行@2x.png in Resources */ = {isa = PBXBuildFile; fileRef = F84C794B1ED9643D00C28045 /* 中信银行@2x.png */; };
		F84C796B1ED9643D00C28045 /* 农业银行@2x.png in Resources */ = {isa = PBXBuildFile; fileRef = F84C794C1ED9643D00C28045 /* 农业银行@2x.png */; };
		F84C796C1ED9643D00C28045 /* 工商银行@2x.png in Resources */ = {isa = PBXBuildFile; fileRef = F84C794D1ED9643D00C28045 /* 工商银行@2x.png */; };
		F84C796D1ED9643D00C28045 /* 建设银行@2x.png in Resources */ = {isa = PBXBuildFile; fileRef = F84C794E1ED9643D00C28045 /* 建设银行@2x.png */; };
		F84C796E1ED9643D00C28045 /* 民生银行@2x.png in Resources */ = {isa = PBXBuildFile; fileRef = F84C794F1ED9643D00C28045 /* 民生银行@2x.png */; };
		F84C796F1ED9643D00C28045 /* 邮政储蓄银行@2x.png in Resources */ = {isa = PBXBuildFile; fileRef = F84C79501ED9643D00C28045 /* 邮政储蓄银行@2x.png */; };
		F84C79701ED9643D00C28045 /* 中国银行@2x.png in Resources */ = {isa = PBXBuildFile; fileRef = F84C79511ED9643D00C28045 /* 中国银行@2x.png */; };
		F84C79711ED9643D00C28045 /* 交通银行@2x.png in Resources */ = {isa = PBXBuildFile; fileRef = F84C79521ED9643D00C28045 /* 交通银行@2x.png */; };
		F84C79721ED9643D00C28045 /* 光大银行@2x.png in Resources */ = {isa = PBXBuildFile; fileRef = F84C79531ED9643D00C28045 /* 光大银行@2x.png */; };
		F84C79731ED9643D00C28045 /* 兴业银行@2x.png in Resources */ = {isa = PBXBuildFile; fileRef = F84C79541ED9643D00C28045 /* 兴业银行@2x.png */; };
		F84C79741ED9643D00C28045 /* 其他银行@2x.png in Resources */ = {isa = PBXBuildFile; fileRef = F84C79551ED9643D00C28045 /* 其他银行@2x.png */; };
		F84C79751ED9643D00C28045 /* 勾选@2x.png in Resources */ = {isa = PBXBuildFile; fileRef = F84C79561ED9643D00C28045 /* 勾选@2x.png */; };
		F84C79761ED9643D00C28045 /* 北京银行@2x.png in Resources */ = {isa = PBXBuildFile; fileRef = F84C79571ED9643D00C28045 /* 北京银行@2x.png */; };
		F84C79771ED9643D00C28045 /* 华夏银行@2x.png in Resources */ = {isa = PBXBuildFile; fileRef = F84C79581ED9643D00C28045 /* 华夏银行@2x.png */; };
		F84C79781ED9643D00C28045 /* 南京银行@2x.png in Resources */ = {isa = PBXBuildFile; fileRef = F84C79591ED9643D00C28045 /* 南京银行@2x.png */; };
		F84C79791ED9643D00C28045 /* 宁波银行@2x.png in Resources */ = {isa = PBXBuildFile; fileRef = F84C795A1ED9643D00C28045 /* 宁波银行@2x.png */; };
		F84C797A1ED9643D00C28045 /* 平安银行@2x.png in Resources */ = {isa = PBXBuildFile; fileRef = F84C795B1ED9643D00C28045 /* 平安银行@2x.png */; };
		F84C797B1ED9643D00C28045 /* 广东省农村信用社@2x.png in Resources */ = {isa = PBXBuildFile; fileRef = F84C795C1ED9643D00C28045 /* 广东省农村信用社@2x.png */; };
		F84C797C1ED9643D00C28045 /* 广发银行@2x.png in Resources */ = {isa = PBXBuildFile; fileRef = F84C795D1ED9643D00C28045 /* 广发银行@2x.png */; };
		F84C797D1ED9643D00C28045 /* 广州银行@2x.png in Resources */ = {isa = PBXBuildFile; fileRef = F84C795E1ED9643D00C28045 /* 广州银行@2x.png */; };
		F84C797E1ED9643D00C28045 /* 成都银行@2x.png in Resources */ = {isa = PBXBuildFile; fileRef = F84C795F1ED9643D00C28045 /* 成都银行@2x.png */; };
		F84C797F1ED9643D00C28045 /* 招商银行@2x.png in Resources */ = {isa = PBXBuildFile; fileRef = F84C79601ED9643D00C28045 /* 招商银行@2x.png */; };
		F84C79801ED9643D00C28045 /* 普中市商业银行@2x.png in Resources */ = {isa = PBXBuildFile; fileRef = F84C79611ED9643D00C28045 /* 普中市商业银行@2x.png */; };
		F84C79811ED9643D00C28045 /* 汉口银行@2x.png in Resources */ = {isa = PBXBuildFile; fileRef = F84C79621ED9643D00C28045 /* 汉口银行@2x.png */; };
		F84C79821ED9643D00C28045 /* 江苏银行@2x.png in Resources */ = {isa = PBXBuildFile; fileRef = F84C79631ED9643D00C28045 /* 江苏银行@2x.png */; };
		F84C79831ED9643D00C28045 /* 浦发银行@2x.png in Resources */ = {isa = PBXBuildFile; fileRef = F84C79641ED9643D00C28045 /* 浦发银行@2x.png */; };
		F84C79841ED9643D00C28045 /* 添加.png in Resources */ = {isa = PBXBuildFile; fileRef = F84C79651ED9643D00C28045 /* 添加.png */; };
		F84C79851ED9643D00C28045 /* 渤海银行@2x.png in Resources */ = {isa = PBXBuildFile; fileRef = F84C79661ED9643D00C28045 /* 渤海银行@2x.png */; };
		F84C79861ED9643D00C28045 /* 温州银行@2x.png in Resources */ = {isa = PBXBuildFile; fileRef = F84C79671ED9643D00C28045 /* 温州银行@2x.png */; };
		F88160891EDFABAB00394D31 /* sharetest.png in Resources */ = {isa = PBXBuildFile; fileRef = F88160751EDFABAB00394D31 /* sharetest.png */; };
		F881608A1EDFABAB00394D31 /* libSocialQQ.a in Frameworks */ = {isa = PBXBuildFile; fileRef = F88160781EDFABAB00394D31 /* libSocialQQ.a */; };
		F881608B1EDFABAB00394D31 /* libSocialUniqueId.a in Frameworks */ = {isa = PBXBuildFile; fileRef = F881607B1EDFABAB00394D31 /* libSocialUniqueId.a */; };
		F881608C1EDFABAB00394D31 /* libSocialWeChat.a in Frameworks */ = {isa = PBXBuildFile; fileRef = F881607E1EDFABAB00394D31 /* libSocialWeChat.a */; };
		F881608D1EDFABAB00394D31 /* UMSocialCore.framework in Frameworks */ = {isa = PBXBuildFile; fileRef = F88160811EDFABAB00394D31 /* UMSocialCore.framework */; };
		F881608E1EDFABAB00394D31 /* UMSocialNetwork.framework in Frameworks */ = {isa = PBXBuildFile; fileRef = F88160821EDFABAB00394D31 /* UMSocialNetwork.framework */; };
		F881608F1EDFABAB00394D31 /* UMSocialSDKPromptResources.bundle in Resources */ = {isa = PBXBuildFile; fileRef = F88160831EDFABAB00394D31 /* UMSocialSDKPromptResources.bundle */; };
		F88160901EDFABAB00394D31 /* libUMSocialLog.a in Frameworks */ = {isa = PBXBuildFile; fileRef = F88160851EDFABAB00394D31 /* libUMSocialLog.a */; };
		F88160911EDFABAB00394D31 /* UMSocialSDKResources.bundle in Resources */ = {isa = PBXBuildFile; fileRef = F88160871EDFABAB00394D31 /* UMSocialSDKResources.bundle */; };
		F88160921EDFABAB00394D31 /* UShareUI.framework in Frameworks */ = {isa = PBXBuildFile; fileRef = F88160881EDFABAB00394D31 /* UShareUI.framework */; };
		F88160941EDFAD4600394D31 /* shareAttention.txt in Resources */ = {isa = PBXBuildFile; fileRef = F88160931EDFAD4600394D31 /* shareAttention.txt */; };
		F88160981EDFAE5600394D31 /* ShareController.m in Sources */ = {isa = PBXBuildFile; fileRef = F88160961EDFAE5600394D31 /* ShareController.m */; };
		F88160991EDFAE5600394D31 /* ShareController.xib in Resources */ = {isa = PBXBuildFile; fileRef = F88160971EDFAE5600394D31 /* ShareController.xib */; };
		F8A4AC5B1EDE590400177CD3 /* libsqlite3.0.tbd in Frameworks */ = {isa = PBXBuildFile; fileRef = F8A4AC5A1EDE590400177CD3 /* libsqlite3.0.tbd */; };
		F8A4AC7F1EDEA61F00177CD3 /* NSObject+Z_Model.m in Sources */ = {isa = PBXBuildFile; fileRef = F8A4AC771EDEA61F00177CD3 /* NSObject+Z_Model.m */; };
		F8A4AC801EDEA61F00177CD3 /* Z_ModelSqliteKit.m in Sources */ = {isa = PBXBuildFile; fileRef = F8A4AC791EDEA61F00177CD3 /* Z_ModelSqliteKit.m */; };
		F8A4AC811EDEA61F00177CD3 /* Person.m in Sources */ = {isa = PBXBuildFile; fileRef = F8A4AC7B1EDEA61F00177CD3 /* Person.m */; };
		F8A4AC821EDEA61F00177CD3 /* SqliteController.m in Sources */ = {isa = PBXBuildFile; fileRef = F8A4AC7D1EDEA61F00177CD3 /* SqliteController.m */; };
		F8A4AC831EDEA61F00177CD3 /* SqliteController.xib in Resources */ = {isa = PBXBuildFile; fileRef = F8A4AC7E1EDEA61F00177CD3 /* SqliteController.xib */; };
/* End PBXBuildFile section */

/* Begin PBXContainerItemProxy section */
		7519C2071ED162DC00A7E4B5 /* PBXContainerItemProxy */ = {
			isa = PBXContainerItemProxy;
			containerPortal = 7519C1E51ED162DB00A7E4B5 /* Project object */;
			proxyType = 1;
			remoteGlobalIDString = 7519C1EC1ED162DC00A7E4B5;
			remoteInfo = MyCode;
		};
		7519C2121ED162DC00A7E4B5 /* PBXContainerItemProxy */ = {
			isa = PBXContainerItemProxy;
			containerPortal = 7519C1E51ED162DB00A7E4B5 /* Project object */;
			proxyType = 1;
			remoteGlobalIDString = 7519C1EC1ED162DC00A7E4B5;
			remoteInfo = MyCode;
		};
/* End PBXContainerItemProxy section */

/* Begin PBXFileReference section */
		62C3116015725C348E86E58E /* Pods-MyCode.debug.xcconfig */ = {isa = PBXFileReference; includeInIndex = 1; lastKnownFileType = text.xcconfig; name = "Pods-MyCode.debug.xcconfig"; path = "Pods/Target Support Files/Pods-MyCode/Pods-MyCode.debug.xcconfig"; sourceTree = "<group>"; };
		7519C1ED1ED162DC00A7E4B5 /* MyCode.app */ = {isa = PBXFileReference; explicitFileType = wrapper.application; includeInIndex = 0; path = MyCode.app; sourceTree = BUILT_PRODUCTS_DIR; };
		7519C1F11ED162DC00A7E4B5 /* main.m */ = {isa = PBXFileReference; lastKnownFileType = sourcecode.c.objc; path = main.m; sourceTree = "<group>"; };
		7519C1F31ED162DC00A7E4B5 /* AppDelegate.h */ = {isa = PBXFileReference; lastKnownFileType = sourcecode.c.h; path = AppDelegate.h; sourceTree = "<group>"; };
		7519C1F41ED162DC00A7E4B5 /* AppDelegate.m */ = {isa = PBXFileReference; lastKnownFileType = sourcecode.c.objc; path = AppDelegate.m; sourceTree = "<group>"; };
		7519C1F61ED162DC00A7E4B5 /* ViewController.h */ = {isa = PBXFileReference; lastKnownFileType = sourcecode.c.h; path = ViewController.h; sourceTree = "<group>"; };
		7519C1F71ED162DC00A7E4B5 /* ViewController.m */ = {isa = PBXFileReference; lastKnownFileType = sourcecode.c.objc; path = ViewController.m; sourceTree = "<group>"; };
		7519C1FA1ED162DC00A7E4B5 /* Base */ = {isa = PBXFileReference; lastKnownFileType = file.storyboard; name = Base; path = Base.lproj/Main.storyboard; sourceTree = "<group>"; };
		7519C1FC1ED162DC00A7E4B5 /* Assets.xcassets */ = {isa = PBXFileReference; lastKnownFileType = folder.assetcatalog; path = Assets.xcassets; sourceTree = "<group>"; };
		7519C1FF1ED162DC00A7E4B5 /* Base */ = {isa = PBXFileReference; lastKnownFileType = file.storyboard; name = Base; path = Base.lproj/LaunchScreen.storyboard; sourceTree = "<group>"; };
		7519C2011ED162DC00A7E4B5 /* Info.plist */ = {isa = PBXFileReference; lastKnownFileType = text.plist.xml; path = Info.plist; sourceTree = "<group>"; };
		7519C2061ED162DC00A7E4B5 /* MyCodeTests.xctest */ = {isa = PBXFileReference; explicitFileType = wrapper.cfbundle; includeInIndex = 0; path = MyCodeTests.xctest; sourceTree = BUILT_PRODUCTS_DIR; };
		7519C20A1ED162DC00A7E4B5 /* MyCodeTests.m */ = {isa = PBXFileReference; lastKnownFileType = sourcecode.c.objc; path = MyCodeTests.m; sourceTree = "<group>"; };
		7519C20C1ED162DC00A7E4B5 /* Info.plist */ = {isa = PBXFileReference; lastKnownFileType = text.plist.xml; path = Info.plist; sourceTree = "<group>"; };
		7519C2111ED162DC00A7E4B5 /* MyCodeUITests.xctest */ = {isa = PBXFileReference; explicitFileType = wrapper.cfbundle; includeInIndex = 0; path = MyCodeUITests.xctest; sourceTree = BUILT_PRODUCTS_DIR; };
		7519C2151ED162DC00A7E4B5 /* MyCodeUITests.m */ = {isa = PBXFileReference; lastKnownFileType = sourcecode.c.objc; path = MyCodeUITests.m; sourceTree = "<group>"; };
		7519C2171ED162DC00A7E4B5 /* Info.plist */ = {isa = PBXFileReference; lastKnownFileType = text.plist.xml; path = Info.plist; sourceTree = "<group>"; };
		75B88FD01ED1685200690623 /* CardNameController.h */ = {isa = PBXFileReference; fileEncoding = 4; lastKnownFileType = sourcecode.c.h; path = CardNameController.h; sourceTree = "<group>"; };
		75B88FD11ED1685200690623 /* CardNameController.m */ = {isa = PBXFileReference; fileEncoding = 4; lastKnownFileType = sourcecode.c.objc; path = CardNameController.m; sourceTree = "<group>"; };
		75B88FD21ED1685200690623 /* CardNameController.xib */ = {isa = PBXFileReference; fileEncoding = 4; lastKnownFileType = file.xib; path = CardNameController.xib; sourceTree = "<group>"; };
		75B88FD51ED16D9100690623 /* bank.plist */ = {isa = PBXFileReference; fileEncoding = 4; lastKnownFileType = text.plist.xml; path = bank.plist; sourceTree = "<group>"; };
		77F9558A05E453B5CAEDEA73 /* libPods-MyCode.a */ = {isa = PBXFileReference; explicitFileType = archive.ar; includeInIndex = 0; path = "libPods-MyCode.a"; sourceTree = BUILT_PRODUCTS_DIR; };
		D2F757463940D678AA4B2CA3 /* Pods-MyCode.release.xcconfig */ = {isa = PBXFileReference; includeInIndex = 1; lastKnownFileType = text.xcconfig; name = "Pods-MyCode.release.xcconfig"; path = "Pods/Target Support Files/Pods-MyCode/Pods-MyCode.release.xcconfig"; sourceTree = "<group>"; };
		F82954B31ED41115004457C3 /* NSString+RegexJudge.h */ = {isa = PBXFileReference; fileEncoding = 4; lastKnownFileType = sourcecode.c.h; path = "NSString+RegexJudge.h"; sourceTree = "<group>"; };
		F82954B41ED41115004457C3 /* NSString+RegexJudge.m */ = {isa = PBXFileReference; fileEncoding = 4; lastKnownFileType = sourcecode.c.objc; path = "NSString+RegexJudge.m"; sourceTree = "<group>"; };
		F82954B61ED41466004457C3 /* StringRegexController.h */ = {isa = PBXFileReference; fileEncoding = 4; lastKnownFileType = sourcecode.c.h; path = StringRegexController.h; sourceTree = "<group>"; };
		F82954B71ED41466004457C3 /* StringRegexController.m */ = {isa = PBXFileReference; fileEncoding = 4; lastKnownFileType = sourcecode.c.objc; path = StringRegexController.m; sourceTree = "<group>"; };
		F82954B81ED41466004457C3 /* StringRegexController.xib */ = {isa = PBXFileReference; fileEncoding = 4; lastKnownFileType = file.xib; path = StringRegexController.xib; sourceTree = "<group>"; };
		F82D00E21ED822B900724ADA /* UIImage+SGHelper.h */ = {isa = PBXFileReference; fileEncoding = 4; lastKnownFileType = sourcecode.c.h; path = "UIImage+SGHelper.h"; sourceTree = "<group>"; };
		F82D00E31ED822B900724ADA /* UIImage+SGHelper.m */ = {isa = PBXFileReference; fileEncoding = 4; lastKnownFileType = sourcecode.c.objc; path = "UIImage+SGHelper.m"; sourceTree = "<group>"; };
		F82D00E51ED822B900724ADA /* SGQRCodeScanningVC.h */ = {isa = PBXFileReference; fileEncoding = 4; lastKnownFileType = sourcecode.c.h; path = SGQRCodeScanningVC.h; sourceTree = "<group>"; };
		F82D00E61ED822B900724ADA /* SGQRCodeScanningVC.m */ = {isa = PBXFileReference; fileEncoding = 4; lastKnownFileType = sourcecode.c.objc; path = SGQRCodeScanningVC.m; sourceTree = "<group>"; };
		F82D00E81ED822B900724ADA /* SGQRCodeScanningView.h */ = {isa = PBXFileReference; fileEncoding = 4; lastKnownFileType = sourcecode.c.h; path = SGQRCodeScanningView.h; sourceTree = "<group>"; };
		F82D00E91ED822B900724ADA /* SGQRCodeScanningView.m */ = {isa = PBXFileReference; fileEncoding = 4; lastKnownFileType = sourcecode.c.objc; path = SGQRCodeScanningView.m; sourceTree = "<group>"; };
		F82D00EA1ED822B900724ADA /* SGWebView.h */ = {isa = PBXFileReference; fileEncoding = 4; lastKnownFileType = sourcecode.c.h; path = SGWebView.h; sourceTree = "<group>"; };
		F82D00EB1ED822B900724ADA /* SGWebView.m */ = {isa = PBXFileReference; fileEncoding = 4; lastKnownFileType = sourcecode.c.objc; path = SGWebView.m; sourceTree = "<group>"; };
		F82D00ED1ED822B900724ADA /* SGQRCodeConst.h */ = {isa = PBXFileReference; fileEncoding = 4; lastKnownFileType = sourcecode.c.h; path = SGQRCodeConst.h; sourceTree = "<group>"; };
		F82D00EE1ED822B900724ADA /* SGQRCodeConst.m */ = {isa = PBXFileReference; fileEncoding = 4; lastKnownFileType = sourcecode.c.objc; path = SGQRCodeConst.m; sourceTree = "<group>"; };
		F82D00EF1ED822B900724ADA /* SGQRCode.bundle */ = {isa = PBXFileReference; lastKnownFileType = "wrapper.plug-in"; path = SGQRCode.bundle; sourceTree = "<group>"; };
		F82D00F01ED822B900724ADA /* SGQRCode.h */ = {isa = PBXFileReference; fileEncoding = 4; lastKnownFileType = sourcecode.c.h; path = SGQRCode.h; sourceTree = "<group>"; };
		F82D00F21ED822B900724ADA /* SGQRCodeTool.h */ = {isa = PBXFileReference; fileEncoding = 4; lastKnownFileType = sourcecode.c.h; path = SGQRCodeTool.h; sourceTree = "<group>"; };
		F82D00F31ED822B900724ADA /* SGQRCodeTool.m */ = {isa = PBXFileReference; fileEncoding = 4; lastKnownFileType = sourcecode.c.objc; path = SGQRCodeTool.m; sourceTree = "<group>"; };
		F82D00FB1ED822DB00724ADA /* QRcodeController.h */ = {isa = PBXFileReference; fileEncoding = 4; lastKnownFileType = sourcecode.c.h; path = QRcodeController.h; sourceTree = "<group>"; };
		F82D00FC1ED822DB00724ADA /* QRcodeController.m */ = {isa = PBXFileReference; fileEncoding = 4; lastKnownFileType = sourcecode.c.objc; path = QRcodeController.m; sourceTree = "<group>"; };
		F82D00FD1ED822DB00724ADA /* QRcodeController.xib */ = {isa = PBXFileReference; fileEncoding = 4; lastKnownFileType = file.xib; path = QRcodeController.xib; sourceTree = "<group>"; };
		F82D01001ED8242500724ADA /* GenerateQrcodeController.h */ = {isa = PBXFileReference; fileEncoding = 4; lastKnownFileType = sourcecode.c.h; path = GenerateQrcodeController.h; sourceTree = "<group>"; };
		F82D01011ED8242500724ADA /* GenerateQrcodeController.m */ = {isa = PBXFileReference; fileEncoding = 4; lastKnownFileType = sourcecode.c.objc; path = GenerateQrcodeController.m; sourceTree = "<group>"; };
		F82D01021ED8242500724ADA /* GenerateQrcodeController.xib */ = {isa = PBXFileReference; fileEncoding = 4; lastKnownFileType = file.xib; path = GenerateQrcodeController.xib; sourceTree = "<group>"; };
		F82D01051ED8243E00724ADA /* ScanQrcodeController.h */ = {isa = PBXFileReference; fileEncoding = 4; lastKnownFileType = sourcecode.c.h; path = ScanQrcodeController.h; sourceTree = "<group>"; };
		F82D01061ED8243E00724ADA /* ScanQrcodeController.m */ = {isa = PBXFileReference; fileEncoding = 4; lastKnownFileType = sourcecode.c.objc; path = ScanQrcodeController.m; sourceTree = "<group>"; };
		F82D01071ED8243E00724ADA /* ScanQrcodeController.xib */ = {isa = PBXFileReference; fileEncoding = 4; lastKnownFileType = file.xib; path = ScanQrcodeController.xib; sourceTree = "<group>"; };
		F82D010A1ED825E800724ADA /* ScanSuccessController.h */ = {isa = PBXFileReference; fileEncoding = 4; lastKnownFileType = sourcecode.c.h; path = ScanSuccessController.h; sourceTree = "<group>"; };
		F82D010B1ED825E800724ADA /* ScanSuccessController.m */ = {isa = PBXFileReference; fileEncoding = 4; lastKnownFileType = sourcecode.c.objc; path = ScanSuccessController.m; sourceTree = "<group>"; };
		F82D010C1ED825E800724ADA /* ScanSuccessController.xib */ = {isa = PBXFileReference; fileEncoding = 4; lastKnownFileType = file.xib; path = ScanSuccessController.xib; sourceTree = "<group>"; };
		F841757F1ED2746D00C65435 /* HttpTool.h */ = {isa = PBXFileReference; fileEncoding = 4; lastKnownFileType = sourcecode.c.h; path = HttpTool.h; sourceTree = "<group>"; };
		F84175801ED2746D00C65435 /* HttpTool.m */ = {isa = PBXFileReference; fileEncoding = 4; lastKnownFileType = sourcecode.c.objc; path = HttpTool.m; sourceTree = "<group>"; };
		F84175821ED27F9A00C65435 /* HttpRequestController.h */ = {isa = PBXFileReference; fileEncoding = 4; lastKnownFileType = sourcecode.c.h; path = HttpRequestController.h; sourceTree = "<group>"; };
		F84175831ED27F9A00C65435 /* HttpRequestController.m */ = {isa = PBXFileReference; fileEncoding = 4; lastKnownFileType = sourcecode.c.objc; path = HttpRequestController.m; sourceTree = "<group>"; };
		F84175841ED27F9A00C65435 /* HttpRequestController.xib */ = {isa = PBXFileReference; fileEncoding = 4; lastKnownFileType = file.xib; path = HttpRequestController.xib; sourceTree = "<group>"; };
		F841758A1ED28AC500C65435 /* libcrypto.a */ = {isa = PBXFileReference; lastKnownFileType = archive.ar; path = libcrypto.a; sourceTree = "<group>"; };
		F841758B1ED28AC500C65435 /* libssl.a */ = {isa = PBXFileReference; lastKnownFileType = archive.ar; path = libssl.a; sourceTree = "<group>"; };
		F841758D1ED28AC500C65435 /* aes.h */ = {isa = PBXFileReference; fileEncoding = 4; lastKnownFileType = sourcecode.c.h; path = aes.h; sourceTree = "<group>"; };
		F841758E1ED28AC500C65435 /* asn1.h */ = {isa = PBXFileReference; fileEncoding = 4; lastKnownFileType = sourcecode.c.h; path = asn1.h; sourceTree = "<group>"; };
		F841758F1ED28AC500C65435 /* asn1_mac.h */ = {isa = PBXFileReference; fileEncoding = 4; lastKnownFileType = sourcecode.c.h; path = asn1_mac.h; sourceTree = "<group>"; };
		F84175901ED28AC500C65435 /* asn1t.h */ = {isa = PBXFileReference; fileEncoding = 4; lastKnownFileType = sourcecode.c.h; path = asn1t.h; sourceTree = "<group>"; };
		F84175911ED28AC500C65435 /* bio.h */ = {isa = PBXFileReference; fileEncoding = 4; lastKnownFileType = sourcecode.c.h; path = bio.h; sourceTree = "<group>"; };
		F84175921ED28AC500C65435 /* blowfish.h */ = {isa = PBXFileReference; fileEncoding = 4; lastKnownFileType = sourcecode.c.h; path = blowfish.h; sourceTree = "<group>"; };
		F84175931ED28AC500C65435 /* bn.h */ = {isa = PBXFileReference; fileEncoding = 4; lastKnownFileType = sourcecode.c.h; path = bn.h; sourceTree = "<group>"; };
		F84175941ED28AC500C65435 /* buffer.h */ = {isa = PBXFileReference; fileEncoding = 4; lastKnownFileType = sourcecode.c.h; path = buffer.h; sourceTree = "<group>"; };
		F84175951ED28AC500C65435 /* camellia.h */ = {isa = PBXFileReference; fileEncoding = 4; lastKnownFileType = sourcecode.c.h; path = camellia.h; sourceTree = "<group>"; };
		F84175961ED28AC500C65435 /* cast.h */ = {isa = PBXFileReference; fileEncoding = 4; lastKnownFileType = sourcecode.c.h; path = cast.h; sourceTree = "<group>"; };
		F84175971ED28AC500C65435 /* cmac.h */ = {isa = PBXFileReference; fileEncoding = 4; lastKnownFileType = sourcecode.c.h; path = cmac.h; sourceTree = "<group>"; };
		F84175981ED28AC500C65435 /* cms.h */ = {isa = PBXFileReference; fileEncoding = 4; lastKnownFileType = sourcecode.c.h; path = cms.h; sourceTree = "<group>"; };
		F84175991ED28AC500C65435 /* comp.h */ = {isa = PBXFileReference; fileEncoding = 4; lastKnownFileType = sourcecode.c.h; path = comp.h; sourceTree = "<group>"; };
		F841759A1ED28AC500C65435 /* conf.h */ = {isa = PBXFileReference; fileEncoding = 4; lastKnownFileType = sourcecode.c.h; path = conf.h; sourceTree = "<group>"; };
		F841759B1ED28AC500C65435 /* conf_api.h */ = {isa = PBXFileReference; fileEncoding = 4; lastKnownFileType = sourcecode.c.h; path = conf_api.h; sourceTree = "<group>"; };
		F841759C1ED28AC500C65435 /* crypto.h */ = {isa = PBXFileReference; fileEncoding = 4; lastKnownFileType = sourcecode.c.h; path = crypto.h; sourceTree = "<group>"; };
		F841759D1ED28AC500C65435 /* des.h */ = {isa = PBXFileReference; fileEncoding = 4; lastKnownFileType = sourcecode.c.h; path = des.h; sourceTree = "<group>"; };
		F841759E1ED28AC500C65435 /* des_old.h */ = {isa = PBXFileReference; fileEncoding = 4; lastKnownFileType = sourcecode.c.h; path = des_old.h; sourceTree = "<group>"; };
		F841759F1ED28AC500C65435 /* dh.h */ = {isa = PBXFileReference; fileEncoding = 4; lastKnownFileType = sourcecode.c.h; path = dh.h; sourceTree = "<group>"; };
		F84175A01ED28AC500C65435 /* dsa.h */ = {isa = PBXFileReference; fileEncoding = 4; lastKnownFileType = sourcecode.c.h; path = dsa.h; sourceTree = "<group>"; };
		F84175A11ED28AC500C65435 /* dso.h */ = {isa = PBXFileReference; fileEncoding = 4; lastKnownFileType = sourcecode.c.h; path = dso.h; sourceTree = "<group>"; };
		F84175A21ED28AC500C65435 /* dtls1.h */ = {isa = PBXFileReference; fileEncoding = 4; lastKnownFileType = sourcecode.c.h; path = dtls1.h; sourceTree = "<group>"; };
		F84175A31ED28AC500C65435 /* e_os2.h */ = {isa = PBXFileReference; fileEncoding = 4; lastKnownFileType = sourcecode.c.h; path = e_os2.h; sourceTree = "<group>"; };
		F84175A41ED28AC500C65435 /* ebcdic.h */ = {isa = PBXFileReference; fileEncoding = 4; lastKnownFileType = sourcecode.c.h; path = ebcdic.h; sourceTree = "<group>"; };
		F84175A51ED28AC500C65435 /* ec.h */ = {isa = PBXFileReference; fileEncoding = 4; lastKnownFileType = sourcecode.c.h; path = ec.h; sourceTree = "<group>"; };
		F84175A61ED28AC500C65435 /* ecdh.h */ = {isa = PBXFileReference; fileEncoding = 4; lastKnownFileType = sourcecode.c.h; path = ecdh.h; sourceTree = "<group>"; };
		F84175A71ED28AC500C65435 /* ecdsa.h */ = {isa = PBXFileReference; fileEncoding = 4; lastKnownFileType = sourcecode.c.h; path = ecdsa.h; sourceTree = "<group>"; };
		F84175A81ED28AC500C65435 /* engine.h */ = {isa = PBXFileReference; fileEncoding = 4; lastKnownFileType = sourcecode.c.h; path = engine.h; sourceTree = "<group>"; };
		F84175A91ED28AC500C65435 /* err.h */ = {isa = PBXFileReference; fileEncoding = 4; lastKnownFileType = sourcecode.c.h; path = err.h; sourceTree = "<group>"; };
		F84175AA1ED28AC500C65435 /* evp.h */ = {isa = PBXFileReference; fileEncoding = 4; lastKnownFileType = sourcecode.c.h; path = evp.h; sourceTree = "<group>"; };
		F84175AB1ED28AC500C65435 /* hmac.h */ = {isa = PBXFileReference; fileEncoding = 4; lastKnownFileType = sourcecode.c.h; path = hmac.h; sourceTree = "<group>"; };
		F84175AC1ED28AC500C65435 /* idea.h */ = {isa = PBXFileReference; fileEncoding = 4; lastKnownFileType = sourcecode.c.h; path = idea.h; sourceTree = "<group>"; };
		F84175AD1ED28AC500C65435 /* krb5_asn.h */ = {isa = PBXFileReference; fileEncoding = 4; lastKnownFileType = sourcecode.c.h; path = krb5_asn.h; sourceTree = "<group>"; };
		F84175AE1ED28AC500C65435 /* kssl.h */ = {isa = PBXFileReference; fileEncoding = 4; lastKnownFileType = sourcecode.c.h; path = kssl.h; sourceTree = "<group>"; };
		F84175AF1ED28AC500C65435 /* lhash.h */ = {isa = PBXFileReference; fileEncoding = 4; lastKnownFileType = sourcecode.c.h; path = lhash.h; sourceTree = "<group>"; };
		F84175B01ED28AC500C65435 /* md4.h */ = {isa = PBXFileReference; fileEncoding = 4; lastKnownFileType = sourcecode.c.h; path = md4.h; sourceTree = "<group>"; };
		F84175B11ED28AC500C65435 /* md5.h */ = {isa = PBXFileReference; fileEncoding = 4; lastKnownFileType = sourcecode.c.h; path = md5.h; sourceTree = "<group>"; };
		F84175B21ED28AC500C65435 /* mdc2.h */ = {isa = PBXFileReference; fileEncoding = 4; lastKnownFileType = sourcecode.c.h; path = mdc2.h; sourceTree = "<group>"; };
		F84175B31ED28AC500C65435 /* modes.h */ = {isa = PBXFileReference; fileEncoding = 4; lastKnownFileType = sourcecode.c.h; path = modes.h; sourceTree = "<group>"; };
		F84175B41ED28AC500C65435 /* obj_mac.h */ = {isa = PBXFileReference; fileEncoding = 4; lastKnownFileType = sourcecode.c.h; path = obj_mac.h; sourceTree = "<group>"; };
		F84175B51ED28AC500C65435 /* objects.h */ = {isa = PBXFileReference; fileEncoding = 4; lastKnownFileType = sourcecode.c.h; path = objects.h; sourceTree = "<group>"; };
		F84175B61ED28AC500C65435 /* ocsp.h */ = {isa = PBXFileReference; fileEncoding = 4; lastKnownFileType = sourcecode.c.h; path = ocsp.h; sourceTree = "<group>"; };
		F84175B71ED28AC500C65435 /* opensslconf.h */ = {isa = PBXFileReference; fileEncoding = 4; lastKnownFileType = sourcecode.c.h; path = opensslconf.h; sourceTree = "<group>"; };
		F84175B81ED28AC500C65435 /* opensslv.h */ = {isa = PBXFileReference; fileEncoding = 4; lastKnownFileType = sourcecode.c.h; path = opensslv.h; sourceTree = "<group>"; };
		F84175B91ED28AC500C65435 /* ossl_typ.h */ = {isa = PBXFileReference; fileEncoding = 4; lastKnownFileType = sourcecode.c.h; path = ossl_typ.h; sourceTree = "<group>"; };
		F84175BA1ED28AC500C65435 /* pem.h */ = {isa = PBXFileReference; fileEncoding = 4; lastKnownFileType = sourcecode.c.h; path = pem.h; sourceTree = "<group>"; };
		F84175BB1ED28AC500C65435 /* pem2.h */ = {isa = PBXFileReference; fileEncoding = 4; lastKnownFileType = sourcecode.c.h; path = pem2.h; sourceTree = "<group>"; };
		F84175BC1ED28AC500C65435 /* pkcs12.h */ = {isa = PBXFileReference; fileEncoding = 4; lastKnownFileType = sourcecode.c.h; path = pkcs12.h; sourceTree = "<group>"; };
		F84175BD1ED28AC500C65435 /* pkcs7.h */ = {isa = PBXFileReference; fileEncoding = 4; lastKnownFileType = sourcecode.c.h; path = pkcs7.h; sourceTree = "<group>"; };
		F84175BE1ED28AC500C65435 /* pqueue.h */ = {isa = PBXFileReference; fileEncoding = 4; lastKnownFileType = sourcecode.c.h; path = pqueue.h; sourceTree = "<group>"; };
		F84175BF1ED28AC500C65435 /* rand.h */ = {isa = PBXFileReference; fileEncoding = 4; lastKnownFileType = sourcecode.c.h; path = rand.h; sourceTree = "<group>"; };
		F84175C01ED28AC500C65435 /* rc2.h */ = {isa = PBXFileReference; fileEncoding = 4; lastKnownFileType = sourcecode.c.h; path = rc2.h; sourceTree = "<group>"; };
		F84175C11ED28AC500C65435 /* rc4.h */ = {isa = PBXFileReference; fileEncoding = 4; lastKnownFileType = sourcecode.c.h; path = rc4.h; sourceTree = "<group>"; };
		F84175C21ED28AC500C65435 /* ripemd.h */ = {isa = PBXFileReference; fileEncoding = 4; lastKnownFileType = sourcecode.c.h; path = ripemd.h; sourceTree = "<group>"; };
		F84175C31ED28AC500C65435 /* rsa.h */ = {isa = PBXFileReference; fileEncoding = 4; lastKnownFileType = sourcecode.c.h; path = rsa.h; sourceTree = "<group>"; };
		F84175C41ED28AC500C65435 /* safestack.h */ = {isa = PBXFileReference; fileEncoding = 4; lastKnownFileType = sourcecode.c.h; path = safestack.h; sourceTree = "<group>"; };
		F84175C51ED28AC500C65435 /* seed.h */ = {isa = PBXFileReference; fileEncoding = 4; lastKnownFileType = sourcecode.c.h; path = seed.h; sourceTree = "<group>"; };
		F84175C61ED28AC500C65435 /* sha.h */ = {isa = PBXFileReference; fileEncoding = 4; lastKnownFileType = sourcecode.c.h; path = sha.h; sourceTree = "<group>"; };
		F84175C71ED28AC500C65435 /* srp.h */ = {isa = PBXFileReference; fileEncoding = 4; lastKnownFileType = sourcecode.c.h; path = srp.h; sourceTree = "<group>"; };
		F84175C81ED28AC500C65435 /* srtp.h */ = {isa = PBXFileReference; fileEncoding = 4; lastKnownFileType = sourcecode.c.h; path = srtp.h; sourceTree = "<group>"; };
		F84175C91ED28AC500C65435 /* ssl.h */ = {isa = PBXFileReference; fileEncoding = 4; lastKnownFileType = sourcecode.c.h; path = ssl.h; sourceTree = "<group>"; };
		F84175CA1ED28AC500C65435 /* ssl2.h */ = {isa = PBXFileReference; fileEncoding = 4; lastKnownFileType = sourcecode.c.h; path = ssl2.h; sourceTree = "<group>"; };
		F84175CB1ED28AC500C65435 /* ssl23.h */ = {isa = PBXFileReference; fileEncoding = 4; lastKnownFileType = sourcecode.c.h; path = ssl23.h; sourceTree = "<group>"; };
		F84175CC1ED28AC500C65435 /* ssl3.h */ = {isa = PBXFileReference; fileEncoding = 4; lastKnownFileType = sourcecode.c.h; path = ssl3.h; sourceTree = "<group>"; };
		F84175CD1ED28AC500C65435 /* stack.h */ = {isa = PBXFileReference; fileEncoding = 4; lastKnownFileType = sourcecode.c.h; path = stack.h; sourceTree = "<group>"; };
		F84175CE1ED28AC500C65435 /* symhacks.h */ = {isa = PBXFileReference; fileEncoding = 4; lastKnownFileType = sourcecode.c.h; path = symhacks.h; sourceTree = "<group>"; };
		F84175CF1ED28AC500C65435 /* tls1.h */ = {isa = PBXFileReference; fileEncoding = 4; lastKnownFileType = sourcecode.c.h; path = tls1.h; sourceTree = "<group>"; };
		F84175D01ED28AC500C65435 /* ts.h */ = {isa = PBXFileReference; fileEncoding = 4; lastKnownFileType = sourcecode.c.h; path = ts.h; sourceTree = "<group>"; };
		F84175D11ED28AC500C65435 /* txt_db.h */ = {isa = PBXFileReference; fileEncoding = 4; lastKnownFileType = sourcecode.c.h; path = txt_db.h; sourceTree = "<group>"; };
		F84175D21ED28AC500C65435 /* ui.h */ = {isa = PBXFileReference; fileEncoding = 4; lastKnownFileType = sourcecode.c.h; path = ui.h; sourceTree = "<group>"; };
		F84175D31ED28AC500C65435 /* ui_compat.h */ = {isa = PBXFileReference; fileEncoding = 4; lastKnownFileType = sourcecode.c.h; path = ui_compat.h; sourceTree = "<group>"; };
		F84175D41ED28AC500C65435 /* whrlpool.h */ = {isa = PBXFileReference; fileEncoding = 4; lastKnownFileType = sourcecode.c.h; path = whrlpool.h; sourceTree = "<group>"; };
		F84175D51ED28AC500C65435 /* x509.h */ = {isa = PBXFileReference; fileEncoding = 4; lastKnownFileType = sourcecode.c.h; path = x509.h; sourceTree = "<group>"; };
		F84175D61ED28AC500C65435 /* x509_vfy.h */ = {isa = PBXFileReference; fileEncoding = 4; lastKnownFileType = sourcecode.c.h; path = x509_vfy.h; sourceTree = "<group>"; };
		F84175D71ED28AC500C65435 /* x509v3.h */ = {isa = PBXFileReference; fileEncoding = 4; lastKnownFileType = sourcecode.c.h; path = x509v3.h; sourceTree = "<group>"; };
		F84175D81ED28AC500C65435 /* NSData+Base64.h */ = {isa = PBXFileReference; fileEncoding = 4; lastKnownFileType = sourcecode.c.h; path = "NSData+Base64.h"; sourceTree = "<group>"; };
		F84175D91ED28AC500C65435 /* NSData+Base64.m */ = {isa = PBXFileReference; fileEncoding = 4; lastKnownFileType = sourcecode.c.objc; path = "NSData+Base64.m"; sourceTree = "<group>"; };
		F84175DA1ED28AC500C65435 /* NSString+Base64.h */ = {isa = PBXFileReference; fileEncoding = 4; lastKnownFileType = sourcecode.c.h; path = "NSString+Base64.h"; sourceTree = "<group>"; };
		F84175DB1ED28AC500C65435 /* NSString+Base64.m */ = {isa = PBXFileReference; fileEncoding = 4; lastKnownFileType = sourcecode.c.objc; path = "NSString+Base64.m"; sourceTree = "<group>"; };
		F84175E01ED28AFB00C65435 /* RSAHandler.h */ = {isa = PBXFileReference; fileEncoding = 4; lastKnownFileType = sourcecode.c.h; path = RSAHandler.h; sourceTree = "<group>"; };
		F84175E11ED28AFB00C65435 /* RSAHandler.m */ = {isa = PBXFileReference; fileEncoding = 4; lastKnownFileType = sourcecode.c.objc; path = RSAHandler.m; sourceTree = "<group>"; };
		F84175E31ED28CF700C65435 /* RSAController.h */ = {isa = PBXFileReference; fileEncoding = 4; lastKnownFileType = sourcecode.c.h; path = RSAController.h; sourceTree = "<group>"; };
		F84175E41ED28CF700C65435 /* RSAController.m */ = {isa = PBXFileReference; fileEncoding = 4; lastKnownFileType = sourcecode.c.objc; path = RSAController.m; sourceTree = "<group>"; };
		F84175E51ED28CF700C65435 /* RSAController.xib */ = {isa = PBXFileReference; fileEncoding = 4; lastKnownFileType = file.xib; path = RSAController.xib; sourceTree = "<group>"; };
		F844DDEC1EE17C8400891BD8 /* IQKeyboardManagerController.h */ = {isa = PBXFileReference; fileEncoding = 4; lastKnownFileType = sourcecode.c.h; path = IQKeyboardManagerController.h; sourceTree = "<group>"; };
		F844DDED1EE17C8400891BD8 /* IQKeyboardManagerController.m */ = {isa = PBXFileReference; fileEncoding = 4; lastKnownFileType = sourcecode.c.objc; path = IQKeyboardManagerController.m; sourceTree = "<group>"; };
		F844DDEE1EE17C8400891BD8 /* IQKeyboardManagerController.xib */ = {isa = PBXFileReference; fileEncoding = 4; lastKnownFileType = file.xib; path = IQKeyboardManagerController.xib; sourceTree = "<group>"; };
		F844DDF21EE17F1C00891BD8 /* ScrollImagesController.h */ = {isa = PBXFileReference; fileEncoding = 4; lastKnownFileType = sourcecode.c.h; path = ScrollImagesController.h; sourceTree = "<group>"; };
		F844DDF31EE17F1C00891BD8 /* ScrollImagesController.m */ = {isa = PBXFileReference; fileEncoding = 4; lastKnownFileType = sourcecode.c.objc; path = ScrollImagesController.m; sourceTree = "<group>"; };
		F844DDF41EE17F1C00891BD8 /* ScrollImagesController.xib */ = {isa = PBXFileReference; fileEncoding = 4; lastKnownFileType = file.xib; path = ScrollImagesController.xib; sourceTree = "<group>"; };
		F84C79421ED90D9800C28045 /* RollerCoasterController.h */ = {isa = PBXFileReference; fileEncoding = 4; lastKnownFileType = sourcecode.c.h; path = RollerCoasterController.h; sourceTree = "<group>"; };
		F84C79431ED90D9800C28045 /* RollerCoasterController.m */ = {isa = PBXFileReference; fileEncoding = 4; lastKnownFileType = sourcecode.c.objc; path = RollerCoasterController.m; sourceTree = "<group>"; };
		F84C79441ED90D9800C28045 /* RollerCoasterController.xib */ = {isa = PBXFileReference; fileEncoding = 4; lastKnownFileType = file.xib; path = RollerCoasterController.xib; sourceTree = "<group>"; };
		F84C79491ED9643D00C28045 /* 上海农商银行@2x.png */ = {isa = PBXFileReference; lastKnownFileType = image.png; path = "上海农商银行@2x.png"; sourceTree = "<group>"; };
		F84C794A1ED9643D00C28045 /* 东亚银行@2x.png */ = {isa = PBXFileReference; lastKnownFileType = image.png; path = "东亚银行@2x.png"; sourceTree = "<group>"; };
		F84C794B1ED9643D00C28045 /* 中信银行@2x.png */ = {isa = PBXFileReference; lastKnownFileType = image.png; path = "中信银行@2x.png"; sourceTree = "<group>"; };
		F84C794C1ED9643D00C28045 /* 农业银行@2x.png */ = {isa = PBXFileReference; lastKnownFileType = image.png; path = "农业银行@2x.png"; sourceTree = "<group>"; };
		F84C794D1ED9643D00C28045 /* 工商银行@2x.png */ = {isa = PBXFileReference; lastKnownFileType = image.png; path = "工商银行@2x.png"; sourceTree = "<group>"; };
		F84C794E1ED9643D00C28045 /* 建设银行@2x.png */ = {isa = PBXFileReference; lastKnownFileType = image.png; path = "建设银行@2x.png"; sourceTree = "<group>"; };
		F84C794F1ED9643D00C28045 /* 民生银行@2x.png */ = {isa = PBXFileReference; lastKnownFileType = image.png; path = "民生银行@2x.png"; sourceTree = "<group>"; };
		F84C79501ED9643D00C28045 /* 邮政储蓄银行@2x.png */ = {isa = PBXFileReference; lastKnownFileType = image.png; path = "邮政储蓄银行@2x.png"; sourceTree = "<group>"; };
		F84C79511ED9643D00C28045 /* 中国银行@2x.png */ = {isa = PBXFileReference; lastKnownFileType = image.png; path = "中国银行@2x.png"; sourceTree = "<group>"; };
		F84C79521ED9643D00C28045 /* 交通银行@2x.png */ = {isa = PBXFileReference; lastKnownFileType = image.png; path = "交通银行@2x.png"; sourceTree = "<group>"; };
		F84C79531ED9643D00C28045 /* 光大银行@2x.png */ = {isa = PBXFileReference; lastKnownFileType = image.png; path = "光大银行@2x.png"; sourceTree = "<group>"; };
		F84C79541ED9643D00C28045 /* 兴业银行@2x.png */ = {isa = PBXFileReference; lastKnownFileType = image.png; path = "兴业银行@2x.png"; sourceTree = "<group>"; };
		F84C79551ED9643D00C28045 /* 其他银行@2x.png */ = {isa = PBXFileReference; lastKnownFileType = image.png; path = "其他银行@2x.png"; sourceTree = "<group>"; };
		F84C79561ED9643D00C28045 /* 勾选@2x.png */ = {isa = PBXFileReference; lastKnownFileType = image.png; path = "勾选@2x.png"; sourceTree = "<group>"; };
		F84C79571ED9643D00C28045 /* 北京银行@2x.png */ = {isa = PBXFileReference; lastKnownFileType = image.png; path = "北京银行@2x.png"; sourceTree = "<group>"; };
		F84C79581ED9643D00C28045 /* 华夏银行@2x.png */ = {isa = PBXFileReference; lastKnownFileType = image.png; path = "华夏银行@2x.png"; sourceTree = "<group>"; };
		F84C79591ED9643D00C28045 /* 南京银行@2x.png */ = {isa = PBXFileReference; lastKnownFileType = image.png; path = "南京银行@2x.png"; sourceTree = "<group>"; };
		F84C795A1ED9643D00C28045 /* 宁波银行@2x.png */ = {isa = PBXFileReference; lastKnownFileType = image.png; path = "宁波银行@2x.png"; sourceTree = "<group>"; };
		F84C795B1ED9643D00C28045 /* 平安银行@2x.png */ = {isa = PBXFileReference; lastKnownFileType = image.png; path = "平安银行@2x.png"; sourceTree = "<group>"; };
		F84C795C1ED9643D00C28045 /* 广东省农村信用社@2x.png */ = {isa = PBXFileReference; lastKnownFileType = image.png; path = "广东省农村信用社@2x.png"; sourceTree = "<group>"; };
		F84C795D1ED9643D00C28045 /* 广发银行@2x.png */ = {isa = PBXFileReference; lastKnownFileType = image.png; path = "广发银行@2x.png"; sourceTree = "<group>"; };
		F84C795E1ED9643D00C28045 /* 广州银行@2x.png */ = {isa = PBXFileReference; lastKnownFileType = image.png; path = "广州银行@2x.png"; sourceTree = "<group>"; };
		F84C795F1ED9643D00C28045 /* 成都银行@2x.png */ = {isa = PBXFileReference; lastKnownFileType = image.png; path = "成都银行@2x.png"; sourceTree = "<group>"; };
		F84C79601ED9643D00C28045 /* 招商银行@2x.png */ = {isa = PBXFileReference; lastKnownFileType = image.png; path = "招商银行@2x.png"; sourceTree = "<group>"; };
		F84C79611ED9643D00C28045 /* 普中市商业银行@2x.png */ = {isa = PBXFileReference; lastKnownFileType = image.png; path = "普中市商业银行@2x.png"; sourceTree = "<group>"; };
		F84C79621ED9643D00C28045 /* 汉口银行@2x.png */ = {isa = PBXFileReference; lastKnownFileType = image.png; path = "汉口银行@2x.png"; sourceTree = "<group>"; };
		F84C79631ED9643D00C28045 /* 江苏银行@2x.png */ = {isa = PBXFileReference; lastKnownFileType = image.png; path = "江苏银行@2x.png"; sourceTree = "<group>"; };
		F84C79641ED9643D00C28045 /* 浦发银行@2x.png */ = {isa = PBXFileReference; lastKnownFileType = image.png; path = "浦发银行@2x.png"; sourceTree = "<group>"; };
		F84C79651ED9643D00C28045 /* 添加.png */ = {isa = PBXFileReference; lastKnownFileType = image.png; path = "添加.png"; sourceTree = "<group>"; };
		F84C79661ED9643D00C28045 /* 渤海银行@2x.png */ = {isa = PBXFileReference; lastKnownFileType = image.png; path = "渤海银行@2x.png"; sourceTree = "<group>"; };
		F84C79671ED9643D00C28045 /* 温州银行@2x.png */ = {isa = PBXFileReference; lastKnownFileType = image.png; path = "温州银行@2x.png"; sourceTree = "<group>"; };
		F88160751EDFABAB00394D31 /* sharetest.png */ = {isa = PBXFileReference; lastKnownFileType = image.png; path = sharetest.png; sourceTree = "<group>"; };
		F88160781EDFABAB00394D31 /* libSocialQQ.a */ = {isa = PBXFileReference; lastKnownFileType = archive.ar; path = libSocialQQ.a; sourceTree = "<group>"; };
		F88160791EDFABAB00394D31 /* UMSocialQQHandler.h */ = {isa = PBXFileReference; fileEncoding = 4; lastKnownFileType = sourcecode.c.h; path = UMSocialQQHandler.h; sourceTree = "<group>"; };
		F881607B1EDFABAB00394D31 /* libSocialUniqueId.a */ = {isa = PBXFileReference; lastKnownFileType = archive.ar; path = libSocialUniqueId.a; sourceTree = "<group>"; };
		F881607C1EDFABAB00394D31 /* UMSocialUniqueIdHandler.h */ = {isa = PBXFileReference; fileEncoding = 4; lastKnownFileType = sourcecode.c.h; path = UMSocialUniqueIdHandler.h; sourceTree = "<group>"; };
		F881607E1EDFABAB00394D31 /* libSocialWeChat.a */ = {isa = PBXFileReference; lastKnownFileType = archive.ar; path = libSocialWeChat.a; sourceTree = "<group>"; };
		F881607F1EDFABAB00394D31 /* UMSocialWechatHandler.h */ = {isa = PBXFileReference; fileEncoding = 4; lastKnownFileType = sourcecode.c.h; path = UMSocialWechatHandler.h; sourceTree = "<group>"; };
		F88160811EDFABAB00394D31 /* UMSocialCore.framework */ = {isa = PBXFileReference; lastKnownFileType = wrapper.framework; path = UMSocialCore.framework; sourceTree = "<group>"; };
		F88160821EDFABAB00394D31 /* UMSocialNetwork.framework */ = {isa = PBXFileReference; lastKnownFileType = wrapper.framework; path = UMSocialNetwork.framework; sourceTree = "<group>"; };
		F88160831EDFABAB00394D31 /* UMSocialSDKPromptResources.bundle */ = {isa = PBXFileReference; lastKnownFileType = "wrapper.plug-in"; path = UMSocialSDKPromptResources.bundle; sourceTree = "<group>"; };
		F88160851EDFABAB00394D31 /* libUMSocialLog.a */ = {isa = PBXFileReference; lastKnownFileType = archive.ar; path = libUMSocialLog.a; sourceTree = "<group>"; };
		F88160871EDFABAB00394D31 /* UMSocialSDKResources.bundle */ = {isa = PBXFileReference; lastKnownFileType = "wrapper.plug-in"; path = UMSocialSDKResources.bundle; sourceTree = "<group>"; };
		F88160881EDFABAB00394D31 /* UShareUI.framework */ = {isa = PBXFileReference; lastKnownFileType = wrapper.framework; path = UShareUI.framework; sourceTree = "<group>"; };
		F88160931EDFAD4600394D31 /* shareAttention.txt */ = {isa = PBXFileReference; fileEncoding = 4; lastKnownFileType = text; path = shareAttention.txt; sourceTree = "<group>"; };
		F88160951EDFAE5600394D31 /* ShareController.h */ = {isa = PBXFileReference; fileEncoding = 4; lastKnownFileType = sourcecode.c.h; path = ShareController.h; sourceTree = "<group>"; };
		F88160961EDFAE5600394D31 /* ShareController.m */ = {isa = PBXFileReference; fileEncoding = 4; lastKnownFileType = sourcecode.c.objc; path = ShareController.m; sourceTree = "<group>"; };
		F88160971EDFAE5600394D31 /* ShareController.xib */ = {isa = PBXFileReference; fileEncoding = 4; lastKnownFileType = file.xib; path = ShareController.xib; sourceTree = "<group>"; };
		F8A4AC5A1EDE590400177CD3 /* libsqlite3.0.tbd */ = {isa = PBXFileReference; lastKnownFileType = "sourcecode.text-based-dylib-definition"; name = libsqlite3.0.tbd; path = usr/lib/libsqlite3.0.tbd; sourceTree = SDKROOT; };
		F8A4AC761EDEA61F00177CD3 /* NSObject+Z_Model.h */ = {isa = PBXFileReference; fileEncoding = 4; lastKnownFileType = sourcecode.c.h; path = "NSObject+Z_Model.h"; sourceTree = "<group>"; };
		F8A4AC771EDEA61F00177CD3 /* NSObject+Z_Model.m */ = {isa = PBXFileReference; fileEncoding = 4; lastKnownFileType = sourcecode.c.objc; path = "NSObject+Z_Model.m"; sourceTree = "<group>"; };
		F8A4AC781EDEA61F00177CD3 /* Z_ModelSqliteKit.h */ = {isa = PBXFileReference; fileEncoding = 4; lastKnownFileType = sourcecode.c.h; path = Z_ModelSqliteKit.h; sourceTree = "<group>"; };
		F8A4AC791EDEA61F00177CD3 /* Z_ModelSqliteKit.m */ = {isa = PBXFileReference; fileEncoding = 4; lastKnownFileType = sourcecode.c.objc; path = Z_ModelSqliteKit.m; sourceTree = "<group>"; };
		F8A4AC7A1EDEA61F00177CD3 /* Person.h */ = {isa = PBXFileReference; fileEncoding = 4; lastKnownFileType = sourcecode.c.h; path = Person.h; sourceTree = "<group>"; };
		F8A4AC7B1EDEA61F00177CD3 /* Person.m */ = {isa = PBXFileReference; fileEncoding = 4; lastKnownFileType = sourcecode.c.objc; path = Person.m; sourceTree = "<group>"; };
		F8A4AC7C1EDEA61F00177CD3 /* SqliteController.h */ = {isa = PBXFileReference; fileEncoding = 4; lastKnownFileType = sourcecode.c.h; path = SqliteController.h; sourceTree = "<group>"; };
		F8A4AC7D1EDEA61F00177CD3 /* SqliteController.m */ = {isa = PBXFileReference; fileEncoding = 4; lastKnownFileType = sourcecode.c.objc; path = SqliteController.m; sourceTree = "<group>"; };
		F8A4AC7E1EDEA61F00177CD3 /* SqliteController.xib */ = {isa = PBXFileReference; fileEncoding = 4; lastKnownFileType = file.xib; path = SqliteController.xib; sourceTree = "<group>"; };
/* End PBXFileReference section */

/* Begin PBXFrameworksBuildPhase section */
		7519C1EA1ED162DC00A7E4B5 /* Frameworks */ = {
			isa = PBXFrameworksBuildPhase;
			buildActionMask = 2147483647;
			files = (
				F881608D1EDFABAB00394D31 /* UMSocialCore.framework in Frameworks */,
				F881608A1EDFABAB00394D31 /* libSocialQQ.a in Frameworks */,
				F8A4AC5B1EDE590400177CD3 /* libsqlite3.0.tbd in Frameworks */,
				F88160921EDFABAB00394D31 /* UShareUI.framework in Frameworks */,
				F84175DC1ED28AC500C65435 /* libcrypto.a in Frameworks */,
				F881608C1EDFABAB00394D31 /* libSocialWeChat.a in Frameworks */,
				F881608E1EDFABAB00394D31 /* UMSocialNetwork.framework in Frameworks */,
				37F6E0BA69D79BE77CA3197C /* libPods-MyCode.a in Frameworks */,
				F881608B1EDFABAB00394D31 /* libSocialUniqueId.a in Frameworks */,
				F84175DD1ED28AC500C65435 /* libssl.a in Frameworks */,
				F88160901EDFABAB00394D31 /* libUMSocialLog.a in Frameworks */,
			);
			runOnlyForDeploymentPostprocessing = 0;
		};
		7519C2031ED162DC00A7E4B5 /* Frameworks */ = {
			isa = PBXFrameworksBuildPhase;
			buildActionMask = 2147483647;
			files = (
			);
			runOnlyForDeploymentPostprocessing = 0;
		};
		7519C20E1ED162DC00A7E4B5 /* Frameworks */ = {
			isa = PBXFrameworksBuildPhase;
			buildActionMask = 2147483647;
			files = (
			);
			runOnlyForDeploymentPostprocessing = 0;
		};
/* End PBXFrameworksBuildPhase section */

/* Begin PBXGroup section */
		1D8EB654EF5E02A6DA3EAAEA /* Frameworks */ = {
			isa = PBXGroup;
			children = (
				F8A4AC5A1EDE590400177CD3 /* libsqlite3.0.tbd */,
				77F9558A05E453B5CAEDEA73 /* libPods-MyCode.a */,
			);
			name = Frameworks;
			sourceTree = "<group>";
		};
		7519C1E41ED162DB00A7E4B5 = {
			isa = PBXGroup;
			children = (
				7519C1EF1ED162DC00A7E4B5 /* MyCode */,
				7519C2091ED162DC00A7E4B5 /* MyCodeTests */,
				7519C2141ED162DC00A7E4B5 /* MyCodeUITests */,
				7519C1EE1ED162DC00A7E4B5 /* Products */,
				E39120FA5BA3686BBED2A61F /* Pods */,
				1D8EB654EF5E02A6DA3EAAEA /* Frameworks */,
			);
			sourceTree = "<group>";
		};
		7519C1EE1ED162DC00A7E4B5 /* Products */ = {
			isa = PBXGroup;
			children = (
				7519C1ED1ED162DC00A7E4B5 /* MyCode.app */,
				7519C2061ED162DC00A7E4B5 /* MyCodeTests.xctest */,
				7519C2111ED162DC00A7E4B5 /* MyCodeUITests.xctest */,
			);
			name = Products;
			sourceTree = "<group>";
		};
		7519C1EF1ED162DC00A7E4B5 /* MyCode */ = {
			isa = PBXGroup;
			children = (
				F844DDF11EE17EC900891BD8 /* 轮播图 */,
				F844DDEB1EE17C6600891BD8 /* IQKeyboardManager */,
				F88160731EDFABAB00394D31 /* 友盟分享 */,
				F8A4AC741EDEA61F00177CD3 /* 数据存储 */,
				F84C79411ED90D6800C28045 /* 过山车动画 */,
				F82D00DF1ED822B900724ADA /* 二维码 */,
				F82954B21ED410D0004457C3 /* 字符串正则判断 */,
				F84175871ED28AC500C65435 /* RSA签名加密解密 */,
				F841757E1ED2732100C65435 /* 网络请求 */,
				75B88FCD1ED1681600690623 /* 银行卡名称 */,
				7519C1F31ED162DC00A7E4B5 /* AppDelegate.h */,
				7519C1F41ED162DC00A7E4B5 /* AppDelegate.m */,
				7519C1F61ED162DC00A7E4B5 /* ViewController.h */,
				7519C1F71ED162DC00A7E4B5 /* ViewController.m */,
				7519C1F91ED162DC00A7E4B5 /* Main.storyboard */,
				7519C1FC1ED162DC00A7E4B5 /* Assets.xcassets */,
				7519C1FE1ED162DC00A7E4B5 /* LaunchScreen.storyboard */,
				7519C2011ED162DC00A7E4B5 /* Info.plist */,
				7519C1F01ED162DC00A7E4B5 /* Supporting Files */,
			);
			path = MyCode;
			sourceTree = "<group>";
		};
		7519C1F01ED162DC00A7E4B5 /* Supporting Files */ = {
			isa = PBXGroup;
			children = (
				7519C1F11ED162DC00A7E4B5 /* main.m */,
			);
			name = "Supporting Files";
			sourceTree = "<group>";
		};
		7519C2091ED162DC00A7E4B5 /* MyCodeTests */ = {
			isa = PBXGroup;
			children = (
				7519C20A1ED162DC00A7E4B5 /* MyCodeTests.m */,
				7519C20C1ED162DC00A7E4B5 /* Info.plist */,
			);
			path = MyCodeTests;
			sourceTree = "<group>";
		};
		7519C2141ED162DC00A7E4B5 /* MyCodeUITests */ = {
			isa = PBXGroup;
			children = (
				7519C2151ED162DC00A7E4B5 /* MyCodeUITests.m */,
				7519C2171ED162DC00A7E4B5 /* Info.plist */,
			);
			path = MyCodeUITests;
			sourceTree = "<group>";
		};
		75B88FCD1ED1681600690623 /* 银行卡名称 */ = {
			isa = PBXGroup;
			children = (
				F84C79481ED9643D00C28045 /* BankImages */,
				75B88FD51ED16D9100690623 /* bank.plist */,
				75B88FD01ED1685200690623 /* CardNameController.h */,
				75B88FD11ED1685200690623 /* CardNameController.m */,
				75B88FD21ED1685200690623 /* CardNameController.xib */,
			);
			path = "银行卡名称";
			sourceTree = "<group>";
		};
		E39120FA5BA3686BBED2A61F /* Pods */ = {
			isa = PBXGroup;
			children = (
				62C3116015725C348E86E58E /* Pods-MyCode.debug.xcconfig */,
				D2F757463940D678AA4B2CA3 /* Pods-MyCode.release.xcconfig */,
			);
			name = Pods;
			sourceTree = "<group>";
		};
		F82954B21ED410D0004457C3 /* 字符串正则判断 */ = {
			isa = PBXGroup;
			children = (
				F82954B31ED41115004457C3 /* NSString+RegexJudge.h */,
				F82954B41ED41115004457C3 /* NSString+RegexJudge.m */,
				F82954B61ED41466004457C3 /* StringRegexController.h */,
				F82954B71ED41466004457C3 /* StringRegexController.m */,
				F82954B81ED41466004457C3 /* StringRegexController.xib */,
			);
			path = "字符串正则判断";
			sourceTree = "<group>";
		};
		F82D00DF1ED822B900724ADA /* 二维码 */ = {
			isa = PBXGroup;
			children = (
				F82D00E01ED822B900724ADA /* SGQRCode */,
				F82D00FB1ED822DB00724ADA /* QRcodeController.h */,
				F82D00FC1ED822DB00724ADA /* QRcodeController.m */,
				F82D00FD1ED822DB00724ADA /* QRcodeController.xib */,
				F82D01001ED8242500724ADA /* GenerateQrcodeController.h */,
				F82D01011ED8242500724ADA /* GenerateQrcodeController.m */,
				F82D01021ED8242500724ADA /* GenerateQrcodeController.xib */,
				F82D01051ED8243E00724ADA /* ScanQrcodeController.h */,
				F82D01061ED8243E00724ADA /* ScanQrcodeController.m */,
				F82D01071ED8243E00724ADA /* ScanQrcodeController.xib */,
				F82D010A1ED825E800724ADA /* ScanSuccessController.h */,
				F82D010B1ED825E800724ADA /* ScanSuccessController.m */,
				F82D010C1ED825E800724ADA /* ScanSuccessController.xib */,
			);
			path = "二维码";
			sourceTree = "<group>";
		};
		F82D00E01ED822B900724ADA /* SGQRCode */ = {
			isa = PBXGroup;
			children = (
				F82D00E11ED822B900724ADA /* Category */,
				F82D00E41ED822B900724ADA /* Controller */,
				F82D00E71ED822B900724ADA /* CustomControls */,
				F82D00EC1ED822B900724ADA /* Helper */,
				F82D00EF1ED822B900724ADA /* SGQRCode.bundle */,
				F82D00F01ED822B900724ADA /* SGQRCode.h */,
				F82D00F11ED822B900724ADA /* Tools */,
			);
			path = SGQRCode;
			sourceTree = "<group>";
		};
		F82D00E11ED822B900724ADA /* Category */ = {
			isa = PBXGroup;
			children = (
				F82D00E21ED822B900724ADA /* UIImage+SGHelper.h */,
				F82D00E31ED822B900724ADA /* UIImage+SGHelper.m */,
			);
			path = Category;
			sourceTree = "<group>";
		};
		F82D00E41ED822B900724ADA /* Controller */ = {
			isa = PBXGroup;
			children = (
				F82D00E51ED822B900724ADA /* SGQRCodeScanningVC.h */,
				F82D00E61ED822B900724ADA /* SGQRCodeScanningVC.m */,
			);
			path = Controller;
			sourceTree = "<group>";
		};
		F82D00E71ED822B900724ADA /* CustomControls */ = {
			isa = PBXGroup;
			children = (
				F82D00E81ED822B900724ADA /* SGQRCodeScanningView.h */,
				F82D00E91ED822B900724ADA /* SGQRCodeScanningView.m */,
				F82D00EA1ED822B900724ADA /* SGWebView.h */,
				F82D00EB1ED822B900724ADA /* SGWebView.m */,
			);
			path = CustomControls;
			sourceTree = "<group>";
		};
		F82D00EC1ED822B900724ADA /* Helper */ = {
			isa = PBXGroup;
			children = (
				F82D00ED1ED822B900724ADA /* SGQRCodeConst.h */,
				F82D00EE1ED822B900724ADA /* SGQRCodeConst.m */,
			);
			path = Helper;
			sourceTree = "<group>";
		};
		F82D00F11ED822B900724ADA /* Tools */ = {
			isa = PBXGroup;
			children = (
				F82D00F21ED822B900724ADA /* SGQRCodeTool.h */,
				F82D00F31ED822B900724ADA /* SGQRCodeTool.m */,
			);
			path = Tools;
			sourceTree = "<group>";
		};
		F841757E1ED2732100C65435 /* 网络请求 */ = {
			isa = PBXGroup;
			children = (
				F841757F1ED2746D00C65435 /* HttpTool.h */,
				F84175801ED2746D00C65435 /* HttpTool.m */,
				F84175821ED27F9A00C65435 /* HttpRequestController.h */,
				F84175831ED27F9A00C65435 /* HttpRequestController.m */,
				F84175841ED27F9A00C65435 /* HttpRequestController.xib */,
			);
			path = "网络请求";
			sourceTree = "<group>";
		};
		F84175871ED28AC500C65435 /* RSA签名加密解密 */ = {
			isa = PBXGroup;
			children = (
				F84175881ED28AC500C65435 /* openssl */,
				F84175E01ED28AFB00C65435 /* RSAHandler.h */,
				F84175E11ED28AFB00C65435 /* RSAHandler.m */,
				F84175E31ED28CF700C65435 /* RSAController.h */,
				F84175E41ED28CF700C65435 /* RSAController.m */,
				F84175E51ED28CF700C65435 /* RSAController.xib */,
			);
			path = "RSA签名加密解密";
			sourceTree = "<group>";
		};
		F84175881ED28AC500C65435 /* openssl */ = {
			isa = PBXGroup;
			children = (
				F84175891ED28AC500C65435 /* include */,
				F84175D81ED28AC500C65435 /* NSData+Base64.h */,
				F84175D91ED28AC500C65435 /* NSData+Base64.m */,
				F84175DA1ED28AC500C65435 /* NSString+Base64.h */,
				F84175DB1ED28AC500C65435 /* NSString+Base64.m */,
			);
			path = openssl;
			sourceTree = "<group>";
		};
		F84175891ED28AC500C65435 /* include */ = {
			isa = PBXGroup;
			children = (
				F841758A1ED28AC500C65435 /* libcrypto.a */,
				F841758B1ED28AC500C65435 /* libssl.a */,
				F841758C1ED28AC500C65435 /* openssl */,
			);
			path = include;
			sourceTree = "<group>";
		};
		F841758C1ED28AC500C65435 /* openssl */ = {
			isa = PBXGroup;
			children = (
				F841758D1ED28AC500C65435 /* aes.h */,
				F841758E1ED28AC500C65435 /* asn1.h */,
				F841758F1ED28AC500C65435 /* asn1_mac.h */,
				F84175901ED28AC500C65435 /* asn1t.h */,
				F84175911ED28AC500C65435 /* bio.h */,
				F84175921ED28AC500C65435 /* blowfish.h */,
				F84175931ED28AC500C65435 /* bn.h */,
				F84175941ED28AC500C65435 /* buffer.h */,
				F84175951ED28AC500C65435 /* camellia.h */,
				F84175961ED28AC500C65435 /* cast.h */,
				F84175971ED28AC500C65435 /* cmac.h */,
				F84175981ED28AC500C65435 /* cms.h */,
				F84175991ED28AC500C65435 /* comp.h */,
				F841759A1ED28AC500C65435 /* conf.h */,
				F841759B1ED28AC500C65435 /* conf_api.h */,
				F841759C1ED28AC500C65435 /* crypto.h */,
				F841759D1ED28AC500C65435 /* des.h */,
				F841759E1ED28AC500C65435 /* des_old.h */,
				F841759F1ED28AC500C65435 /* dh.h */,
				F84175A01ED28AC500C65435 /* dsa.h */,
				F84175A11ED28AC500C65435 /* dso.h */,
				F84175A21ED28AC500C65435 /* dtls1.h */,
				F84175A31ED28AC500C65435 /* e_os2.h */,
				F84175A41ED28AC500C65435 /* ebcdic.h */,
				F84175A51ED28AC500C65435 /* ec.h */,
				F84175A61ED28AC500C65435 /* ecdh.h */,
				F84175A71ED28AC500C65435 /* ecdsa.h */,
				F84175A81ED28AC500C65435 /* engine.h */,
				F84175A91ED28AC500C65435 /* err.h */,
				F84175AA1ED28AC500C65435 /* evp.h */,
				F84175AB1ED28AC500C65435 /* hmac.h */,
				F84175AC1ED28AC500C65435 /* idea.h */,
				F84175AD1ED28AC500C65435 /* krb5_asn.h */,
				F84175AE1ED28AC500C65435 /* kssl.h */,
				F84175AF1ED28AC500C65435 /* lhash.h */,
				F84175B01ED28AC500C65435 /* md4.h */,
				F84175B11ED28AC500C65435 /* md5.h */,
				F84175B21ED28AC500C65435 /* mdc2.h */,
				F84175B31ED28AC500C65435 /* modes.h */,
				F84175B41ED28AC500C65435 /* obj_mac.h */,
				F84175B51ED28AC500C65435 /* objects.h */,
				F84175B61ED28AC500C65435 /* ocsp.h */,
				F84175B71ED28AC500C65435 /* opensslconf.h */,
				F84175B81ED28AC500C65435 /* opensslv.h */,
				F84175B91ED28AC500C65435 /* ossl_typ.h */,
				F84175BA1ED28AC500C65435 /* pem.h */,
				F84175BB1ED28AC500C65435 /* pem2.h */,
				F84175BC1ED28AC500C65435 /* pkcs12.h */,
				F84175BD1ED28AC500C65435 /* pkcs7.h */,
				F84175BE1ED28AC500C65435 /* pqueue.h */,
				F84175BF1ED28AC500C65435 /* rand.h */,
				F84175C01ED28AC500C65435 /* rc2.h */,
				F84175C11ED28AC500C65435 /* rc4.h */,
				F84175C21ED28AC500C65435 /* ripemd.h */,
				F84175C31ED28AC500C65435 /* rsa.h */,
				F84175C41ED28AC500C65435 /* safestack.h */,
				F84175C51ED28AC500C65435 /* seed.h */,
				F84175C61ED28AC500C65435 /* sha.h */,
				F84175C71ED28AC500C65435 /* srp.h */,
				F84175C81ED28AC500C65435 /* srtp.h */,
				F84175C91ED28AC500C65435 /* ssl.h */,
				F84175CA1ED28AC500C65435 /* ssl2.h */,
				F84175CB1ED28AC500C65435 /* ssl23.h */,
				F84175CC1ED28AC500C65435 /* ssl3.h */,
				F84175CD1ED28AC500C65435 /* stack.h */,
				F84175CE1ED28AC500C65435 /* symhacks.h */,
				F84175CF1ED28AC500C65435 /* tls1.h */,
				F84175D01ED28AC500C65435 /* ts.h */,
				F84175D11ED28AC500C65435 /* txt_db.h */,
				F84175D21ED28AC500C65435 /* ui.h */,
				F84175D31ED28AC500C65435 /* ui_compat.h */,
				F84175D41ED28AC500C65435 /* whrlpool.h */,
				F84175D51ED28AC500C65435 /* x509.h */,
				F84175D61ED28AC500C65435 /* x509_vfy.h */,
				F84175D71ED28AC500C65435 /* x509v3.h */,
			);
			path = openssl;
			sourceTree = "<group>";
		};
		F844DDEB1EE17C6600891BD8 /* IQKeyboardManager */ = {
			isa = PBXGroup;
			children = (
				F844DDEC1EE17C8400891BD8 /* IQKeyboardManagerController.h */,
				F844DDED1EE17C8400891BD8 /* IQKeyboardManagerController.m */,
				F844DDEE1EE17C8400891BD8 /* IQKeyboardManagerController.xib */,
			);
			path = IQKeyboardManager;
			sourceTree = "<group>";
		};
		F844DDF11EE17EC900891BD8 /* 轮播图 */ = {
			isa = PBXGroup;
			children = (
				F844DDF21EE17F1C00891BD8 /* ScrollImagesController.h */,
				F844DDF31EE17F1C00891BD8 /* ScrollImagesController.m */,
				F844DDF41EE17F1C00891BD8 /* ScrollImagesController.xib */,
			);
			path = "轮播图";
			sourceTree = "<group>";
		};
		F84C79411ED90D6800C28045 /* 过山车动画 */ = {
			isa = PBXGroup;
			children = (
				F84C79421ED90D9800C28045 /* RollerCoasterController.h */,
				F84C79431ED90D9800C28045 /* RollerCoasterController.m */,
				F84C79441ED90D9800C28045 /* RollerCoasterController.xib */,
			);
			path = "过山车动画";
			sourceTree = "<group>";
		};
		F84C79481ED9643D00C28045 /* BankImages */ = {
			isa = PBXGroup;
			children = (
				F84C79491ED9643D00C28045 /* 上海农商银行@2x.png */,
				F84C794A1ED9643D00C28045 /* 东亚银行@2x.png */,
				F84C794B1ED9643D00C28045 /* 中信银行@2x.png */,
				F84C794C1ED9643D00C28045 /* 农业银行@2x.png */,
				F84C794D1ED9643D00C28045 /* 工商银行@2x.png */,
				F84C794E1ED9643D00C28045 /* 建设银行@2x.png */,
				F84C794F1ED9643D00C28045 /* 民生银行@2x.png */,
				F84C79501ED9643D00C28045 /* 邮政储蓄银行@2x.png */,
				F84C79511ED9643D00C28045 /* 中国银行@2x.png */,
				F84C79521ED9643D00C28045 /* 交通银行@2x.png */,
				F84C79531ED9643D00C28045 /* 光大银行@2x.png */,
				F84C79541ED9643D00C28045 /* 兴业银行@2x.png */,
				F84C79551ED9643D00C28045 /* 其他银行@2x.png */,
				F84C79561ED9643D00C28045 /* 勾选@2x.png */,
				F84C79571ED9643D00C28045 /* 北京银行@2x.png */,
				F84C79581ED9643D00C28045 /* 华夏银行@2x.png */,
				F84C79591ED9643D00C28045 /* 南京银行@2x.png */,
				F84C795A1ED9643D00C28045 /* 宁波银行@2x.png */,
				F84C795B1ED9643D00C28045 /* 平安银行@2x.png */,
				F84C795C1ED9643D00C28045 /* 广东省农村信用社@2x.png */,
				F84C795D1ED9643D00C28045 /* 广发银行@2x.png */,
				F84C795E1ED9643D00C28045 /* 广州银行@2x.png */,
				F84C795F1ED9643D00C28045 /* 成都银行@2x.png */,
				F84C79601ED9643D00C28045 /* 招商银行@2x.png */,
				F84C79611ED9643D00C28045 /* 普中市商业银行@2x.png */,
				F84C79621ED9643D00C28045 /* 汉口银行@2x.png */,
				F84C79631ED9643D00C28045 /* 江苏银行@2x.png */,
				F84C79641ED9643D00C28045 /* 浦发银行@2x.png */,
				F84C79651ED9643D00C28045 /* 添加.png */,
				F84C79661ED9643D00C28045 /* 渤海银行@2x.png */,
				F84C79671ED9643D00C28045 /* 温州银行@2x.png */,
			);
			path = BankImages;
			sourceTree = "<group>";
		};
		F88160731EDFABAB00394D31 /* 友盟分享 */ = {
			isa = PBXGroup;
			children = (
				F88160741EDFABAB00394D31 /* UMSocial */,
				F88160931EDFAD4600394D31 /* shareAttention.txt */,
				F88160951EDFAE5600394D31 /* ShareController.h */,
				F88160961EDFAE5600394D31 /* ShareController.m */,
				F88160971EDFAE5600394D31 /* ShareController.xib */,
			);
			path = "友盟分享";
			sourceTree = "<group>";
		};
		F88160741EDFABAB00394D31 /* UMSocial */ = {
			isa = PBXGroup;
			children = (
				F88160751EDFABAB00394D31 /* sharetest.png */,
				F88160761EDFABAB00394D31 /* SocialLibraries */,
				F88160801EDFABAB00394D31 /* UMSocialSDK */,
				F88160841EDFABAB00394D31 /* UMSocialSDKPlugin */,
				F88160861EDFABAB00394D31 /* UMSocialUI */,
			);
			path = UMSocial;
			sourceTree = "<group>";
		};
		F88160761EDFABAB00394D31 /* SocialLibraries */ = {
			isa = PBXGroup;
			children = (
				F88160771EDFABAB00394D31 /* QQ */,
				F881607A1EDFABAB00394D31 /* UniqueId */,
				F881607D1EDFABAB00394D31 /* WeChat */,
			);
			path = SocialLibraries;
			sourceTree = "<group>";
		};
		F88160771EDFABAB00394D31 /* QQ */ = {
			isa = PBXGroup;
			children = (
				F88160781EDFABAB00394D31 /* libSocialQQ.a */,
				F88160791EDFABAB00394D31 /* UMSocialQQHandler.h */,
			);
			path = QQ;
			sourceTree = "<group>";
		};
		F881607A1EDFABAB00394D31 /* UniqueId */ = {
			isa = PBXGroup;
			children = (
				F881607B1EDFABAB00394D31 /* libSocialUniqueId.a */,
				F881607C1EDFABAB00394D31 /* UMSocialUniqueIdHandler.h */,
			);
			path = UniqueId;
			sourceTree = "<group>";
		};
		F881607D1EDFABAB00394D31 /* WeChat */ = {
			isa = PBXGroup;
			children = (
				F881607E1EDFABAB00394D31 /* libSocialWeChat.a */,
				F881607F1EDFABAB00394D31 /* UMSocialWechatHandler.h */,
			);
			path = WeChat;
			sourceTree = "<group>";
		};
		F88160801EDFABAB00394D31 /* UMSocialSDK */ = {
			isa = PBXGroup;
			children = (
				F88160811EDFABAB00394D31 /* UMSocialCore.framework */,
				F88160821EDFABAB00394D31 /* UMSocialNetwork.framework */,
				F88160831EDFABAB00394D31 /* UMSocialSDKPromptResources.bundle */,
			);
			path = UMSocialSDK;
			sourceTree = "<group>";
		};
		F88160841EDFABAB00394D31 /* UMSocialSDKPlugin */ = {
			isa = PBXGroup;
			children = (
				F88160851EDFABAB00394D31 /* libUMSocialLog.a */,
			);
			path = UMSocialSDKPlugin;
			sourceTree = "<group>";
		};
		F88160861EDFABAB00394D31 /* UMSocialUI */ = {
			isa = PBXGroup;
			children = (
				F88160871EDFABAB00394D31 /* UMSocialSDKResources.bundle */,
				F88160881EDFABAB00394D31 /* UShareUI.framework */,
			);
			path = UMSocialUI;
			sourceTree = "<group>";
		};
		F8A4AC741EDEA61F00177CD3 /* 数据存储 */ = {
			isa = PBXGroup;
			children = (
				F8A4AC751EDEA61F00177CD3 /* ModelSqliteKit */,
				F8A4AC7A1EDEA61F00177CD3 /* Person.h */,
				F8A4AC7B1EDEA61F00177CD3 /* Person.m */,
				F8A4AC7C1EDEA61F00177CD3 /* SqliteController.h */,
				F8A4AC7D1EDEA61F00177CD3 /* SqliteController.m */,
				F8A4AC7E1EDEA61F00177CD3 /* SqliteController.xib */,
			);
			path = "数据存储";
			sourceTree = "<group>";
		};
		F8A4AC751EDEA61F00177CD3 /* ModelSqliteKit */ = {
			isa = PBXGroup;
			children = (
				F8A4AC761EDEA61F00177CD3 /* NSObject+Z_Model.h */,
				F8A4AC771EDEA61F00177CD3 /* NSObject+Z_Model.m */,
				F8A4AC781EDEA61F00177CD3 /* Z_ModelSqliteKit.h */,
				F8A4AC791EDEA61F00177CD3 /* Z_ModelSqliteKit.m */,
			);
			path = ModelSqliteKit;
			sourceTree = "<group>";
		};
/* End PBXGroup section */

/* Begin PBXNativeTarget section */
		7519C1EC1ED162DC00A7E4B5 /* MyCode */ = {
			isa = PBXNativeTarget;
			buildConfigurationList = 7519C21A1ED162DC00A7E4B5 /* Build configuration list for PBXNativeTarget "MyCode" */;
			buildPhases = (
				CB7579FFF81D2AE8137BA645 /* [CP] Check Pods Manifest.lock */,
				7519C1E91ED162DC00A7E4B5 /* Sources */,
				7519C1EA1ED162DC00A7E4B5 /* Frameworks */,
				7519C1EB1ED162DC00A7E4B5 /* Resources */,
				B445CB5BFB396AF7E79A8DCF /* [CP] Embed Pods Frameworks */,
				4780D3F8F3E03FB8E459678E /* [CP] Copy Pods Resources */,
			);
			buildRules = (
			);
			dependencies = (
			);
			name = MyCode;
			productName = MyCode;
			productReference = 7519C1ED1ED162DC00A7E4B5 /* MyCode.app */;
			productType = "com.apple.product-type.application";
		};
		7519C2051ED162DC00A7E4B5 /* MyCodeTests */ = {
			isa = PBXNativeTarget;
			buildConfigurationList = 7519C21D1ED162DC00A7E4B5 /* Build configuration list for PBXNativeTarget "MyCodeTests" */;
			buildPhases = (
				7519C2021ED162DC00A7E4B5 /* Sources */,
				7519C2031ED162DC00A7E4B5 /* Frameworks */,
				7519C2041ED162DC00A7E4B5 /* Resources */,
			);
			buildRules = (
			);
			dependencies = (
				7519C2081ED162DC00A7E4B5 /* PBXTargetDependency */,
			);
			name = MyCodeTests;
			productName = MyCodeTests;
			productReference = 7519C2061ED162DC00A7E4B5 /* MyCodeTests.xctest */;
			productType = "com.apple.product-type.bundle.unit-test";
		};
		7519C2101ED162DC00A7E4B5 /* MyCodeUITests */ = {
			isa = PBXNativeTarget;
			buildConfigurationList = 7519C2201ED162DC00A7E4B5 /* Build configuration list for PBXNativeTarget "MyCodeUITests" */;
			buildPhases = (
				7519C20D1ED162DC00A7E4B5 /* Sources */,
				7519C20E1ED162DC00A7E4B5 /* Frameworks */,
				7519C20F1ED162DC00A7E4B5 /* Resources */,
			);
			buildRules = (
			);
			dependencies = (
				7519C2131ED162DC00A7E4B5 /* PBXTargetDependency */,
			);
			name = MyCodeUITests;
			productName = MyCodeUITests;
			productReference = 7519C2111ED162DC00A7E4B5 /* MyCodeUITests.xctest */;
			productType = "com.apple.product-type.bundle.ui-testing";
		};
/* End PBXNativeTarget section */

/* Begin PBXProject section */
		7519C1E51ED162DB00A7E4B5 /* Project object */ = {
			isa = PBXProject;
			attributes = {
				LastUpgradeCheck = 0820;
				ORGANIZATIONNAME = zzf;
				TargetAttributes = {
					7519C1EC1ED162DC00A7E4B5 = {
						CreatedOnToolsVersion = 8.2.1;
						DevelopmentTeam = VHRLMCFE5Z;
						ProvisioningStyle = Automatic;
					};
					7519C2051ED162DC00A7E4B5 = {
						CreatedOnToolsVersion = 8.2.1;
						DevelopmentTeam = VHRLMCFE5Z;
						ProvisioningStyle = Automatic;
						TestTargetID = 7519C1EC1ED162DC00A7E4B5;
					};
					7519C2101ED162DC00A7E4B5 = {
						CreatedOnToolsVersion = 8.2.1;
						DevelopmentTeam = VHRLMCFE5Z;
						ProvisioningStyle = Automatic;
						TestTargetID = 7519C1EC1ED162DC00A7E4B5;
					};
				};
			};
			buildConfigurationList = 7519C1E81ED162DB00A7E4B5 /* Build configuration list for PBXProject "MyCode" */;
			compatibilityVersion = "Xcode 3.2";
			developmentRegion = English;
			hasScannedForEncodings = 0;
			knownRegions = (
				en,
				Base,
			);
			mainGroup = 7519C1E41ED162DB00A7E4B5;
			productRefGroup = 7519C1EE1ED162DC00A7E4B5 /* Products */;
			projectDirPath = "";
			projectRoot = "";
			targets = (
				7519C1EC1ED162DC00A7E4B5 /* MyCode */,
				7519C2051ED162DC00A7E4B5 /* MyCodeTests */,
				7519C2101ED162DC00A7E4B5 /* MyCodeUITests */,
			);
		};
/* End PBXProject section */

/* Begin PBXResourcesBuildPhase section */
		7519C1EB1ED162DC00A7E4B5 /* Resources */ = {
			isa = PBXResourcesBuildPhase;
			buildActionMask = 2147483647;
			files = (
				F84C79741ED9643D00C28045 /* 其他银行@2x.png in Resources */,
				F84C79751ED9643D00C28045 /* 勾选@2x.png in Resources */,
				F84C797C1ED9643D00C28045 /* 广发银行@2x.png in Resources */,
				F84C79711ED9643D00C28045 /* 交通银行@2x.png in Resources */,
				F84C79771ED9643D00C28045 /* 华夏银行@2x.png in Resources */,
				F8A4AC831EDEA61F00177CD3 /* SqliteController.xib in Resources */,
				F84C79801ED9643D00C28045 /* 普中市商业银行@2x.png in Resources */,
				F88160941EDFAD4600394D31 /* shareAttention.txt in Resources */,
				F84C79811ED9643D00C28045 /* 汉口银行@2x.png in Resources */,
				F84C79691ED9643D00C28045 /* 东亚银行@2x.png in Resources */,
				F844DDF01EE17C8400891BD8 /* IQKeyboardManagerController.xib in Resources */,
				F84C79681ED9643D00C28045 /* 上海农商银行@2x.png in Resources */,
				F84C79851ED9643D00C28045 /* 渤海银行@2x.png in Resources */,
				F84C797E1ED9643D00C28045 /* 成都银行@2x.png in Resources */,
				F88160911EDFABAB00394D31 /* UMSocialSDKResources.bundle in Resources */,
				F88160991EDFAE5600394D31 /* ShareController.xib in Resources */,
				F82D00F91ED822B900724ADA /* SGQRCode.bundle in Resources */,
				F88160891EDFABAB00394D31 /* sharetest.png in Resources */,
				F84C796C1ED9643D00C28045 /* 工商银行@2x.png in Resources */,
				F82954BA1ED41466004457C3 /* StringRegexController.xib in Resources */,
				F82D010E1ED825E800724ADA /* ScanSuccessController.xib in Resources */,
				F84C796D1ED9643D00C28045 /* 建设银行@2x.png in Resources */,
				F84C797F1ED9643D00C28045 /* 招商银行@2x.png in Resources */,
				F84C79781ED9643D00C28045 /* 南京银行@2x.png in Resources */,
				F84C79731ED9643D00C28045 /* 兴业银行@2x.png in Resources */,
				F84C79861ED9643D00C28045 /* 温州银行@2x.png in Resources */,
				F84C79791ED9643D00C28045 /* 宁波银行@2x.png in Resources */,
				F84C796F1ED9643D00C28045 /* 邮政储蓄银行@2x.png in Resources */,
				F84175E71ED28CF700C65435 /* RSAController.xib in Resources */,
				F84C79721ED9643D00C28045 /* 光大银行@2x.png in Resources */,
				7519C2001ED162DC00A7E4B5 /* LaunchScreen.storyboard in Resources */,
				F84C79761ED9643D00C28045 /* 北京银行@2x.png in Resources */,
				F84C79841ED9643D00C28045 /* 添加.png in Resources */,
				F82D01091ED8243E00724ADA /* ScanQrcodeController.xib in Resources */,
				7519C1FD1ED162DC00A7E4B5 /* Assets.xcassets in Resources */,
				F844DDF61EE17F1C00891BD8 /* ScrollImagesController.xib in Resources */,
				F881608F1EDFABAB00394D31 /* UMSocialSDKPromptResources.bundle in Resources */,
				7519C1FB1ED162DC00A7E4B5 /* Main.storyboard in Resources */,
				F84C797B1ED9643D00C28045 /* 广东省农村信用社@2x.png in Resources */,
				F84C796B1ED9643D00C28045 /* 农业银行@2x.png in Resources */,
				F82D01041ED8242500724ADA /* GenerateQrcodeController.xib in Resources */,
				F84C79701ED9643D00C28045 /* 中国银行@2x.png in Resources */,
				F84C797A1ED9643D00C28045 /* 平安银行@2x.png in Resources */,
				F84C79461ED90D9800C28045 /* RollerCoasterController.xib in Resources */,
				F84C79821ED9643D00C28045 /* 江苏银行@2x.png in Resources */,
				75B88FD41ED1685200690623 /* CardNameController.xib in Resources */,
				75B88FD61ED16D9100690623 /* bank.plist in Resources */,
				F84C796E1ED9643D00C28045 /* 民生银行@2x.png in Resources */,
				F84175861ED27F9A00C65435 /* HttpRequestController.xib in Resources */,
				F84C796A1ED9643D00C28045 /* 中信银行@2x.png in Resources */,
				F84C79831ED9643D00C28045 /* 浦发银行@2x.png in Resources */,
				F82D00FF1ED822DB00724ADA /* QRcodeController.xib in Resources */,
				F84C797D1ED9643D00C28045 /* 广州银行@2x.png in Resources */,
			);
			runOnlyForDeploymentPostprocessing = 0;
		};
		7519C2041ED162DC00A7E4B5 /* Resources */ = {
			isa = PBXResourcesBuildPhase;
			buildActionMask = 2147483647;
			files = (
			);
			runOnlyForDeploymentPostprocessing = 0;
		};
		7519C20F1ED162DC00A7E4B5 /* Resources */ = {
			isa = PBXResourcesBuildPhase;
			buildActionMask = 2147483647;
			files = (
			);
			runOnlyForDeploymentPostprocessing = 0;
		};
/* End PBXResourcesBuildPhase section */

/* Begin PBXShellScriptBuildPhase section */
		4780D3F8F3E03FB8E459678E /* [CP] Copy Pods Resources */ = {
			isa = PBXShellScriptBuildPhase;
			buildActionMask = 2147483647;
			files = (
			);
			inputPaths = (
			);
			name = "[CP] Copy Pods Resources";
			outputPaths = (
			);
			runOnlyForDeploymentPostprocessing = 0;
			shellPath = /bin/sh;
			shellScript = "\"${SRCROOT}/Pods/Target Support Files/Pods-MyCode/Pods-MyCode-resources.sh\"\n";
			showEnvVarsInLog = 0;
		};
		B445CB5BFB396AF7E79A8DCF /* [CP] Embed Pods Frameworks */ = {
			isa = PBXShellScriptBuildPhase;
			buildActionMask = 2147483647;
			files = (
			);
			inputPaths = (
			);
			name = "[CP] Embed Pods Frameworks";
			outputPaths = (
			);
			runOnlyForDeploymentPostprocessing = 0;
			shellPath = /bin/sh;
			shellScript = "\"${SRCROOT}/Pods/Target Support Files/Pods-MyCode/Pods-MyCode-frameworks.sh\"\n";
			showEnvVarsInLog = 0;
		};
		CB7579FFF81D2AE8137BA645 /* [CP] Check Pods Manifest.lock */ = {
			isa = PBXShellScriptBuildPhase;
			buildActionMask = 2147483647;
			files = (
			);
			inputPaths = (
			);
			name = "[CP] Check Pods Manifest.lock";
			outputPaths = (
			);
			runOnlyForDeploymentPostprocessing = 0;
			shellPath = /bin/sh;
			shellScript = "diff \"${PODS_PODFILE_DIR_PATH}/Podfile.lock\" \"${PODS_ROOT}/Manifest.lock\" > /dev/null\nif [ $? != 0 ] ; then\n    # print error to STDERR\n    echo \"error: The sandbox is not in sync with the Podfile.lock. Run 'pod install' or update your CocoaPods installation.\" >&2\n    exit 1\nfi\n";
			showEnvVarsInLog = 0;
		};
/* End PBXShellScriptBuildPhase section */

/* Begin PBXSourcesBuildPhase section */
		7519C1E91ED162DC00A7E4B5 /* Sources */ = {
			isa = PBXSourcesBuildPhase;
			buildActionMask = 2147483647;
			files = (
				7519C1F81ED162DC00A7E4B5 /* ViewController.m in Sources */,
				F84175E21ED28AFB00C65435 /* RSAHandler.m in Sources */,
				F82954B51ED41115004457C3 /* NSString+RegexJudge.m in Sources */,
				F84175851ED27F9A00C65435 /* HttpRequestController.m in Sources */,
				F84C79451ED90D9800C28045 /* RollerCoasterController.m in Sources */,
				F82D00FE1ED822DB00724ADA /* QRcodeController.m in Sources */,
				F8A4AC7F1EDEA61F00177CD3 /* NSObject+Z_Model.m in Sources */,
				F82954B91ED41466004457C3 /* StringRegexController.m in Sources */,
				7519C1F51ED162DC00A7E4B5 /* AppDelegate.m in Sources */,
				F8A4AC821EDEA61F00177CD3 /* SqliteController.m in Sources */,
				F84175DE1ED28AC500C65435 /* NSData+Base64.m in Sources */,
				F8A4AC811EDEA61F00177CD3 /* Person.m in Sources */,
				F844DDF51EE17F1C00891BD8 /* ScrollImagesController.m in Sources */,
				F84175DF1ED28AC500C65435 /* NSString+Base64.m in Sources */,
				F84175E61ED28CF700C65435 /* RSAController.m in Sources */,
				F82D00FA1ED822B900724ADA /* SGQRCodeTool.m in Sources */,
				F82D00F71ED822B900724ADA /* SGWebView.m in Sources */,
				F82D010D1ED825E800724ADA /* ScanSuccessController.m in Sources */,
				F8A4AC801EDEA61F00177CD3 /* Z_ModelSqliteKit.m in Sources */,
				75B88FD31ED1685200690623 /* CardNameController.m in Sources */,
				F88160981EDFAE5600394D31 /* ShareController.m in Sources */,
				F82D00F61ED822B900724ADA /* SGQRCodeScanningView.m in Sources */,
				F82D01031ED8242500724ADA /* GenerateQrcodeController.m in Sources */,
				7519C1F21ED162DC00A7E4B5 /* main.m in Sources */,
				F84175811ED2746D00C65435 /* HttpTool.m in Sources */,
				F82D00F41ED822B900724ADA /* UIImage+SGHelper.m in Sources */,
				F82D01081ED8243E00724ADA /* ScanQrcodeController.m in Sources */,
				F82D00F51ED822B900724ADA /* SGQRCodeScanningVC.m in Sources */,
				F844DDEF1EE17C8400891BD8 /* IQKeyboardManagerController.m in Sources */,
				F82D00F81ED822B900724ADA /* SGQRCodeConst.m in Sources */,
			);
			runOnlyForDeploymentPostprocessing = 0;
		};
		7519C2021ED162DC00A7E4B5 /* Sources */ = {
			isa = PBXSourcesBuildPhase;
			buildActionMask = 2147483647;
			files = (
				7519C20B1ED162DC00A7E4B5 /* MyCodeTests.m in Sources */,
			);
			runOnlyForDeploymentPostprocessing = 0;
		};
		7519C20D1ED162DC00A7E4B5 /* Sources */ = {
			isa = PBXSourcesBuildPhase;
			buildActionMask = 2147483647;
			files = (
				7519C2161ED162DC00A7E4B5 /* MyCodeUITests.m in Sources */,
			);
			runOnlyForDeploymentPostprocessing = 0;
		};
/* End PBXSourcesBuildPhase section */

/* Begin PBXTargetDependency section */
		7519C2081ED162DC00A7E4B5 /* PBXTargetDependency */ = {
			isa = PBXTargetDependency;
			target = 7519C1EC1ED162DC00A7E4B5 /* MyCode */;
			targetProxy = 7519C2071ED162DC00A7E4B5 /* PBXContainerItemProxy */;
		};
		7519C2131ED162DC00A7E4B5 /* PBXTargetDependency */ = {
			isa = PBXTargetDependency;
			target = 7519C1EC1ED162DC00A7E4B5 /* MyCode */;
			targetProxy = 7519C2121ED162DC00A7E4B5 /* PBXContainerItemProxy */;
		};
/* End PBXTargetDependency section */

/* Begin PBXVariantGroup section */
		7519C1F91ED162DC00A7E4B5 /* Main.storyboard */ = {
			isa = PBXVariantGroup;
			children = (
				7519C1FA1ED162DC00A7E4B5 /* Base */,
			);
			name = Main.storyboard;
			sourceTree = "<group>";
		};
		7519C1FE1ED162DC00A7E4B5 /* LaunchScreen.storyboard */ = {
			isa = PBXVariantGroup;
			children = (
				7519C1FF1ED162DC00A7E4B5 /* Base */,
			);
			name = LaunchScreen.storyboard;
			sourceTree = "<group>";
		};
/* End PBXVariantGroup section */

/* Begin XCBuildConfiguration section */
		7519C2181ED162DC00A7E4B5 /* Debug */ = {
			isa = XCBuildConfiguration;
			buildSettings = {
				ALWAYS_SEARCH_USER_PATHS = NO;
				CLANG_ANALYZER_NONNULL = YES;
				CLANG_CXX_LANGUAGE_STANDARD = "gnu++0x";
				CLANG_CXX_LIBRARY = "libc++";
				CLANG_ENABLE_MODULES = YES;
				CLANG_ENABLE_OBJC_ARC = YES;
				CLANG_WARN_BOOL_CONVERSION = YES;
				CLANG_WARN_CONSTANT_CONVERSION = YES;
				CLANG_WARN_DIRECT_OBJC_ISA_USAGE = YES_ERROR;
				CLANG_WARN_DOCUMENTATION_COMMENTS = YES;
				CLANG_WARN_EMPTY_BODY = YES;
				CLANG_WARN_ENUM_CONVERSION = YES;
				CLANG_WARN_INFINITE_RECURSION = YES;
				CLANG_WARN_INT_CONVERSION = YES;
				CLANG_WARN_OBJC_ROOT_CLASS = YES_ERROR;
				CLANG_WARN_SUSPICIOUS_MOVE = YES;
				CLANG_WARN_UNREACHABLE_CODE = YES;
				CLANG_WARN__DUPLICATE_METHOD_MATCH = YES;
				"CODE_SIGN_IDENTITY[sdk=iphoneos*]" = "iPhone Developer";
				COPY_PHASE_STRIP = NO;
				DEBUG_INFORMATION_FORMAT = dwarf;
				ENABLE_STRICT_OBJC_MSGSEND = YES;
				ENABLE_TESTABILITY = YES;
				GCC_C_LANGUAGE_STANDARD = gnu99;
				GCC_DYNAMIC_NO_PIC = NO;
				GCC_NO_COMMON_BLOCKS = YES;
				GCC_OPTIMIZATION_LEVEL = 0;
				GCC_PREPROCESSOR_DEFINITIONS = (
					"DEBUG=1",
					"$(inherited)",
				);
				GCC_WARN_64_TO_32_BIT_CONVERSION = YES;
				GCC_WARN_ABOUT_RETURN_TYPE = YES_ERROR;
				GCC_WARN_UNDECLARED_SELECTOR = YES;
				GCC_WARN_UNINITIALIZED_AUTOS = YES_AGGRESSIVE;
				GCC_WARN_UNUSED_FUNCTION = YES;
				GCC_WARN_UNUSED_VARIABLE = YES;
				IPHONEOS_DEPLOYMENT_TARGET = 10.2;
				MTL_ENABLE_DEBUG_INFO = YES;
				ONLY_ACTIVE_ARCH = YES;
				SDKROOT = iphoneos;
				TARGETED_DEVICE_FAMILY = "1,2";
			};
			name = Debug;
		};
		7519C2191ED162DC00A7E4B5 /* Release */ = {
			isa = XCBuildConfiguration;
			buildSettings = {
				ALWAYS_SEARCH_USER_PATHS = NO;
				CLANG_ANALYZER_NONNULL = YES;
				CLANG_CXX_LANGUAGE_STANDARD = "gnu++0x";
				CLANG_CXX_LIBRARY = "libc++";
				CLANG_ENABLE_MODULES = YES;
				CLANG_ENABLE_OBJC_ARC = YES;
				CLANG_WARN_BOOL_CONVERSION = YES;
				CLANG_WARN_CONSTANT_CONVERSION = YES;
				CLANG_WARN_DIRECT_OBJC_ISA_USAGE = YES_ERROR;
				CLANG_WARN_DOCUMENTATION_COMMENTS = YES;
				CLANG_WARN_EMPTY_BODY = YES;
				CLANG_WARN_ENUM_CONVERSION = YES;
				CLANG_WARN_INFINITE_RECURSION = YES;
				CLANG_WARN_INT_CONVERSION = YES;
				CLANG_WARN_OBJC_ROOT_CLASS = YES_ERROR;
				CLANG_WARN_SUSPICIOUS_MOVE = YES;
				CLANG_WARN_UNREACHABLE_CODE = YES;
				CLANG_WARN__DUPLICATE_METHOD_MATCH = YES;
				"CODE_SIGN_IDENTITY[sdk=iphoneos*]" = "iPhone Developer";
				COPY_PHASE_STRIP = NO;
				DEBUG_INFORMATION_FORMAT = "dwarf-with-dsym";
				ENABLE_NS_ASSERTIONS = NO;
				ENABLE_STRICT_OBJC_MSGSEND = YES;
				GCC_C_LANGUAGE_STANDARD = gnu99;
				GCC_NO_COMMON_BLOCKS = YES;
				GCC_WARN_64_TO_32_BIT_CONVERSION = YES;
				GCC_WARN_ABOUT_RETURN_TYPE = YES_ERROR;
				GCC_WARN_UNDECLARED_SELECTOR = YES;
				GCC_WARN_UNINITIALIZED_AUTOS = YES_AGGRESSIVE;
				GCC_WARN_UNUSED_FUNCTION = YES;
				GCC_WARN_UNUSED_VARIABLE = YES;
				IPHONEOS_DEPLOYMENT_TARGET = 10.2;
				MTL_ENABLE_DEBUG_INFO = NO;
				SDKROOT = iphoneos;
				TARGETED_DEVICE_FAMILY = "1,2";
				VALIDATE_PRODUCT = YES;
			};
			name = Release;
		};
		7519C21B1ED162DC00A7E4B5 /* Debug */ = {
			isa = XCBuildConfiguration;
			baseConfigurationReference = 62C3116015725C348E86E58E /* Pods-MyCode.debug.xcconfig */;
			buildSettings = {
				ASSETCATALOG_COMPILER_APPICON_NAME = AppIcon;
				DEVELOPMENT_TEAM = VHRLMCFE5Z;
				ENABLE_BITCODE = NO;
				FRAMEWORK_SEARCH_PATHS = (
					"$(inherited)",
					"$(PROJECT_DIR)/MyCode/友盟分享/UMSocial/UMSocialSDK",
					"$(PROJECT_DIR)/MyCode/友盟分享/UMSocial/UMSocialUI",
				);
				GCC_INPUT_FILETYPE = automatic;
				HEADER_SEARCH_PATHS = (
					"$(inherited)",
					"\"${PODS_ROOT}/Headers/Public\"",
					"\"${PODS_ROOT}/Headers/Public/AFNetworking\"",
					"\"${PODS_ROOT}/Headers/Public/MBProgressHUD\"",
					"\"${PODS_ROOT}/Headers/Public/Reachability\"",
					"\"$(PROJECT_DIR)/MyCode/RSA签名加密解密/openssl/include\"",
				);
				INFOPLIST_FILE = MyCode/Info.plist;
				IPHONEOS_DEPLOYMENT_TARGET = 8.0;
				LD_RUNPATH_SEARCH_PATHS = "$(inherited) @executable_path/Frameworks";
				LIBRARY_SEARCH_PATHS = (
					"$(inherited)",
					"$(PROJECT_DIR)/MyCode/RSA签名加密解密/openssl/include",
					"$(PROJECT_DIR)/MyCode/友盟分享/UMSocial/SocialLibraries/QQ",
					"$(PROJECT_DIR)/MyCode/友盟分享/UMSocial/SocialLibraries/UniqueId",
					"$(PROJECT_DIR)/MyCode/友盟分享/UMSocial/SocialLibraries/WeChat",
					"$(PROJECT_DIR)/MyCode/友盟分享/UMSocial/UMSocialSDKPlugin",
				);
				PRODUCT_BUNDLE_IDENTIFIER = com.zzf.MyCode;
				PRODUCT_NAME = "$(TARGET_NAME)";
				TARGETED_DEVICE_FAMILY = 1;
			};
			name = Debug;
		};
		7519C21C1ED162DC00A7E4B5 /* Release */ = {
			isa = XCBuildConfiguration;
			baseConfigurationReference = D2F757463940D678AA4B2CA3 /* Pods-MyCode.release.xcconfig */;
			buildSettings = {
				ASSETCATALOG_COMPILER_APPICON_NAME = AppIcon;
				DEVELOPMENT_TEAM = VHRLMCFE5Z;
				ENABLE_BITCODE = NO;
				FRAMEWORK_SEARCH_PATHS = (
					"$(inherited)",
					"$(PROJECT_DIR)/MyCode/友盟分享/UMSocial/UMSocialSDK",
					"$(PROJECT_DIR)/MyCode/友盟分享/UMSocial/UMSocialUI",
				);
				GCC_INPUT_FILETYPE = automatic;
				HEADER_SEARCH_PATHS = (
					"$(inherited)",
					"\"${PODS_ROOT}/Headers/Public\"",
					"\"${PODS_ROOT}/Headers/Public/AFNetworking\"",
					"\"${PODS_ROOT}/Headers/Public/MBProgressHUD\"",
					"\"${PODS_ROOT}/Headers/Public/Reachability\"",
					"\"$(PROJECT_DIR)/MyCode/RSA签名加密解密/openssl/include\"",
				);
				INFOPLIST_FILE = MyCode/Info.plist;
				IPHONEOS_DEPLOYMENT_TARGET = 8.0;
				LD_RUNPATH_SEARCH_PATHS = "$(inherited) @executable_path/Frameworks";
				LIBRARY_SEARCH_PATHS = (
					"$(inherited)",
					"$(PROJECT_DIR)/MyCode/RSA签名加密解密/openssl/include",
					"$(PROJECT_DIR)/MyCode/友盟分享/UMSocial/SocialLibraries/QQ",
					"$(PROJECT_DIR)/MyCode/友盟分享/UMSocial/SocialLibraries/UniqueId",
					"$(PROJECT_DIR)/MyCode/友盟分享/UMSocial/SocialLibraries/WeChat",
					"$(PROJECT_DIR)/MyCode/友盟分享/UMSocial/UMSocialSDKPlugin",
				);
				PRODUCT_BUNDLE_IDENTIFIER = com.zzf.MyCode;
				PRODUCT_NAME = "$(TARGET_NAME)";
				TARGETED_DEVICE_FAMILY = 1;
			};
			name = Release;
		};
		7519C21E1ED162DC00A7E4B5 /* Debug */ = {
			isa = XCBuildConfiguration;
			buildSettings = {
				BUNDLE_LOADER = "$(TEST_HOST)";
				DEVELOPMENT_TEAM = VHRLMCFE5Z;
				INFOPLIST_FILE = MyCodeTests/Info.plist;
				LD_RUNPATH_SEARCH_PATHS = "$(inherited) @executable_path/Frameworks @loader_path/Frameworks";
				PRODUCT_BUNDLE_IDENTIFIER = com.zzf.MyCodeTests;
				PRODUCT_NAME = "$(TARGET_NAME)";
				TEST_HOST = "$(BUILT_PRODUCTS_DIR)/MyCode.app/MyCode";
			};
			name = Debug;
		};
		7519C21F1ED162DC00A7E4B5 /* Release */ = {
			isa = XCBuildConfiguration;
			buildSettings = {
				BUNDLE_LOADER = "$(TEST_HOST)";
				DEVELOPMENT_TEAM = VHRLMCFE5Z;
				INFOPLIST_FILE = MyCodeTests/Info.plist;
				LD_RUNPATH_SEARCH_PATHS = "$(inherited) @executable_path/Frameworks @loader_path/Frameworks";
				PRODUCT_BUNDLE_IDENTIFIER = com.zzf.MyCodeTests;
				PRODUCT_NAME = "$(TARGET_NAME)";
				TEST_HOST = "$(BUILT_PRODUCTS_DIR)/MyCode.app/MyCode";
			};
			name = Release;
		};
		7519C2211ED162DC00A7E4B5 /* Debug */ = {
			isa = XCBuildConfiguration;
			buildSettings = {
				DEVELOPMENT_TEAM = VHRLMCFE5Z;
				INFOPLIST_FILE = MyCodeUITests/Info.plist;
				LD_RUNPATH_SEARCH_PATHS = "$(inherited) @executable_path/Frameworks @loader_path/Frameworks";
				PRODUCT_BUNDLE_IDENTIFIER = com.zzf.MyCodeUITests;
				PRODUCT_NAME = "$(TARGET_NAME)";
				TEST_TARGET_NAME = MyCode;
			};
			name = Debug;
		};
		7519C2221ED162DC00A7E4B5 /* Release */ = {
			isa = XCBuildConfiguration;
			buildSettings = {
				DEVELOPMENT_TEAM = VHRLMCFE5Z;
				INFOPLIST_FILE = MyCodeUITests/Info.plist;
				LD_RUNPATH_SEARCH_PATHS = "$(inherited) @executable_path/Frameworks @loader_path/Frameworks";
				PRODUCT_BUNDLE_IDENTIFIER = com.zzf.MyCodeUITests;
				PRODUCT_NAME = "$(TARGET_NAME)";
				TEST_TARGET_NAME = MyCode;
			};
			name = Release;
		};
/* End XCBuildConfiguration section */

/* Begin XCConfigurationList section */
		7519C1E81ED162DB00A7E4B5 /* Build configuration list for PBXProject "MyCode" */ = {
			isa = XCConfigurationList;
			buildConfigurations = (
				7519C2181ED162DC00A7E4B5 /* Debug */,
				7519C2191ED162DC00A7E4B5 /* Release */,
			);
			defaultConfigurationIsVisible = 0;
			defaultConfigurationName = Release;
		};
		7519C21A1ED162DC00A7E4B5 /* Build configuration list for PBXNativeTarget "MyCode" */ = {
			isa = XCConfigurationList;
			buildConfigurations = (
				7519C21B1ED162DC00A7E4B5 /* Debug */,
				7519C21C1ED162DC00A7E4B5 /* Release */,
			);
			defaultConfigurationIsVisible = 0;
			defaultConfigurationName = Release;
		};
		7519C21D1ED162DC00A7E4B5 /* Build configuration list for PBXNativeTarget "MyCodeTests" */ = {
			isa = XCConfigurationList;
			buildConfigurations = (
				7519C21E1ED162DC00A7E4B5 /* Debug */,
				7519C21F1ED162DC00A7E4B5 /* Release */,
			);
			defaultConfigurationIsVisible = 0;
			defaultConfigurationName = Release;
		};
		7519C2201ED162DC00A7E4B5 /* Build configuration list for PBXNativeTarget "MyCodeUITests" */ = {
			isa = XCConfigurationList;
			buildConfigurations = (
				7519C2211ED162DC00A7E4B5 /* Debug */,
				7519C2221ED162DC00A7E4B5 /* Release */,
			);
			defaultConfigurationIsVisible = 0;
			defaultConfigurationName = Release;
		};
/* End XCConfigurationList section */
	};
	rootObject = 7519C1E51ED162DB00A7E4B5 /* Project object */;
}
