// !$*UTF8*$!
{
	archiveVersion = 1;
	classes = {
	};
	objectVersion = 46;
	objects = {

/* Begin PBXBuildFile section */
		37F6E0BA69D79BE77CA3197C /* libPods-MyCode.a in Frameworks */ = {isa = PBXBuildFile; fileRef = 77F9558A05E453B5CAEDEA73 /* libPods-MyCode.a */; };
		7519C1F21ED162DC00A7E4B5 /* main.m in Sources */ = {isa = PBXBuildFile; fileRef = 7519C1F11ED162DC00A7E4B5 /* main.m */; };
		7519C1F51ED162DC00A7E4B5 /* AppDelegate.m in Sources */ = {isa = PBXBuildFile; fileRef = 7519C1F41ED162DC00A7E4B5 /* AppDelegate.m */; };
		7519C1F81ED162DC00A7E4B5 /* ViewController.m in Sources */ = {isa = PBXBuildFile; fileRef = 7519C1F71ED162DC00A7E4B5 /* ViewController.m */; };
		7519C1FB1ED162DC00A7E4B5 /* Main.storyboard in Resources */ = {isa = PBXBuildFile; fileRef = 7519C1F91ED162DC00A7E4B5 /* Main.storyboard */; };
		7519C1FD1ED162DC00A7E4B5 /* Assets.xcassets in Resources */ = {isa = PBXBuildFile; fileRef = 7519C1FC1ED162DC00A7E4B5 /* Assets.xcassets */; };
		7519C2001ED162DC00A7E4B5 /* LaunchScreen.storyboard in Resources */ = {isa = PBXBuildFile; fileRef = 7519C1FE1ED162DC00A7E4B5 /* LaunchScreen.storyboard */; };
		7519C20B1ED162DC00A7E4B5 /* MyCodeTests.m in Sources */ = {isa = PBXBuildFile; fileRef = 7519C20A1ED162DC00A7E4B5 /* MyCodeTests.m */; };
		7519C2161ED162DC00A7E4B5 /* MyCodeUITests.m in Sources */ = {isa = PBXBuildFile; fileRef = 7519C2151ED162DC00A7E4B5 /* MyCodeUITests.m */; };
		75B88FD31ED1685200690623 /* CardNameController.m in Sources */ = {isa = PBXBuildFile; fileRef = 75B88FD11ED1685200690623 /* CardNameController.m */; };
		75B88FD41ED1685200690623 /* CardNameController.xib in Resources */ = {isa = PBXBuildFile; fileRef = 75B88FD21ED1685200690623 /* CardNameController.xib */; };
		75B88FD61ED16D9100690623 /* bank.plist in Resources */ = {isa = PBXBuildFile; fileRef = 75B88FD51ED16D9100690623 /* bank.plist */; };
		F84175811ED2746D00C65435 /* HttpTool.m in Sources */ = {isa = PBXBuildFile; fileRef = F84175801ED2746D00C65435 /* HttpTool.m */; };
		F84175851ED27F9A00C65435 /* HttpRequestController.m in Sources */ = {isa = PBXBuildFile; fileRef = F84175831ED27F9A00C65435 /* HttpRequestController.m */; };
		F84175861ED27F9A00C65435 /* HttpRequestController.xib in Resources */ = {isa = PBXBuildFile; fileRef = F84175841ED27F9A00C65435 /* HttpRequestController.xib */; };
		F84175DC1ED28AC500C65435 /* libcrypto.a in Frameworks */ = {isa = PBXBuildFile; fileRef = F841758A1ED28AC500C65435 /* libcrypto.a */; };
		F84175DD1ED28AC500C65435 /* libssl.a in Frameworks */ = {isa = PBXBuildFile; fileRef = F841758B1ED28AC500C65435 /* libssl.a */; };
		F84175DE1ED28AC500C65435 /* NSData+Base64.m in Sources */ = {isa = PBXBuildFile; fileRef = F84175D91ED28AC500C65435 /* NSData+Base64.m */; };
		F84175DF1ED28AC500C65435 /* NSString+Base64.m in Sources */ = {isa = PBXBuildFile; fileRef = F84175DB1ED28AC500C65435 /* NSString+Base64.m */; };
		F84175E21ED28AFB00C65435 /* RSAHandler.m in Sources */ = {isa = PBXBuildFile; fileRef = F84175E11ED28AFB00C65435 /* RSAHandler.m */; };
		F84175E61ED28CF700C65435 /* RSAController.m in Sources */ = {isa = PBXBuildFile; fileRef = F84175E41ED28CF700C65435 /* RSAController.m */; };
		F84175E71ED28CF700C65435 /* RSAController.xib in Resources */ = {isa = PBXBuildFile; fileRef = F84175E51ED28CF700C65435 /* RSAController.xib */; };
/* End PBXBuildFile section */

/* Begin PBXContainerItemProxy section */
		7519C2071ED162DC00A7E4B5 /* PBXContainerItemProxy */ = {
			isa = PBXContainerItemProxy;
			containerPortal = 7519C1E51ED162DB00A7E4B5 /* Project object */;
			proxyType = 1;
			remoteGlobalIDString = 7519C1EC1ED162DC00A7E4B5;
			remoteInfo = MyCode;
		};
		7519C2121ED162DC00A7E4B5 /* PBXContainerItemProxy */ = {
			isa = PBXContainerItemProxy;
			containerPortal = 7519C1E51ED162DB00A7E4B5 /* Project object */;
			proxyType = 1;
			remoteGlobalIDString = 7519C1EC1ED162DC00A7E4B5;
			remoteInfo = MyCode;
		};
/* End PBXContainerItemProxy section */

/* Begin PBXFileReference section */
		62C3116015725C348E86E58E /* Pods-MyCode.debug.xcconfig */ = {isa = PBXFileReference; includeInIndex = 1; lastKnownFileType = text.xcconfig; name = "Pods-MyCode.debug.xcconfig"; path = "Pods/Target Support Files/Pods-MyCode/Pods-MyCode.debug.xcconfig"; sourceTree = "<group>"; };
		7519C1ED1ED162DC00A7E4B5 /* MyCode.app */ = {isa = PBXFileReference; explicitFileType = wrapper.application; includeInIndex = 0; path = MyCode.app; sourceTree = BUILT_PRODUCTS_DIR; };
		7519C1F11ED162DC00A7E4B5 /* main.m */ = {isa = PBXFileReference; lastKnownFileType = sourcecode.c.objc; path = main.m; sourceTree = "<group>"; };
		7519C1F31ED162DC00A7E4B5 /* AppDelegate.h */ = {isa = PBXFileReference; lastKnownFileType = sourcecode.c.h; path = AppDelegate.h; sourceTree = "<group>"; };
		7519C1F41ED162DC00A7E4B5 /* AppDelegate.m */ = {isa = PBXFileReference; lastKnownFileType = sourcecode.c.objc; path = AppDelegate.m; sourceTree = "<group>"; };
		7519C1F61ED162DC00A7E4B5 /* ViewController.h */ = {isa = PBXFileReference; lastKnownFileType = sourcecode.c.h; path = ViewController.h; sourceTree = "<group>"; };
		7519C1F71ED162DC00A7E4B5 /* ViewController.m */ = {isa = PBXFileReference; lastKnownFileType = sourcecode.c.objc; path = ViewController.m; sourceTree = "<group>"; };
		7519C1FA1ED162DC00A7E4B5 /* Base */ = {isa = PBXFileReference; lastKnownFileType = file.storyboard; name = Base; path = Base.lproj/Main.storyboard; sourceTree = "<group>"; };
		7519C1FC1ED162DC00A7E4B5 /* Assets.xcassets */ = {isa = PBXFileReference; lastKnownFileType = folder.assetcatalog; path = Assets.xcassets; sourceTree = "<group>"; };
		7519C1FF1ED162DC00A7E4B5 /* Base */ = {isa = PBXFileReference; lastKnownFileType = file.storyboard; name = Base; path = Base.lproj/LaunchScreen.storyboard; sourceTree = "<group>"; };
		7519C2011ED162DC00A7E4B5 /* Info.plist */ = {isa = PBXFileReference; lastKnownFileType = text.plist.xml; path = Info.plist; sourceTree = "<group>"; };
		7519C2061ED162DC00A7E4B5 /* MyCodeTests.xctest */ = {isa = PBXFileReference; explicitFileType = wrapper.cfbundle; includeInIndex = 0; path = MyCodeTests.xctest; sourceTree = BUILT_PRODUCTS_DIR; };
		7519C20A1ED162DC00A7E4B5 /* MyCodeTests.m */ = {isa = PBXFileReference; lastKnownFileType = sourcecode.c.objc; path = MyCodeTests.m; sourceTree = "<group>"; };
		7519C20C1ED162DC00A7E4B5 /* Info.plist */ = {isa = PBXFileReference; lastKnownFileType = text.plist.xml; path = Info.plist; sourceTree = "<group>"; };
		7519C2111ED162DC00A7E4B5 /* MyCodeUITests.xctest */ = {isa = PBXFileReference; explicitFileType = wrapper.cfbundle; includeInIndex = 0; path = MyCodeUITests.xctest; sourceTree = BUILT_PRODUCTS_DIR; };
		7519C2151ED162DC00A7E4B5 /* MyCodeUITests.m */ = {isa = PBXFileReference; lastKnownFileType = sourcecode.c.objc; path = MyCodeUITests.m; sourceTree = "<group>"; };
		7519C2171ED162DC00A7E4B5 /* Info.plist */ = {isa = PBXFileReference; lastKnownFileType = text.plist.xml; path = Info.plist; sourceTree = "<group>"; };
		75B88FD01ED1685200690623 /* CardNameController.h */ = {isa = PBXFileReference; fileEncoding = 4; lastKnownFileType = sourcecode.c.h; path = CardNameController.h; sourceTree = "<group>"; };
		75B88FD11ED1685200690623 /* CardNameController.m */ = {isa = PBXFileReference; fileEncoding = 4; lastKnownFileType = sourcecode.c.objc; path = CardNameController.m; sourceTree = "<group>"; };
		75B88FD21ED1685200690623 /* CardNameController.xib */ = {isa = PBXFileReference; fileEncoding = 4; lastKnownFileType = file.xib; path = CardNameController.xib; sourceTree = "<group>"; };
		75B88FD51ED16D9100690623 /* bank.plist */ = {isa = PBXFileReference; fileEncoding = 4; lastKnownFileType = text.plist.xml; path = bank.plist; sourceTree = "<group>"; };
		77F9558A05E453B5CAEDEA73 /* libPods-MyCode.a */ = {isa = PBXFileReference; explicitFileType = archive.ar; includeInIndex = 0; path = "libPods-MyCode.a"; sourceTree = BUILT_PRODUCTS_DIR; };
		D2F757463940D678AA4B2CA3 /* Pods-MyCode.release.xcconfig */ = {isa = PBXFileReference; includeInIndex = 1; lastKnownFileType = text.xcconfig; name = "Pods-MyCode.release.xcconfig"; path = "Pods/Target Support Files/Pods-MyCode/Pods-MyCode.release.xcconfig"; sourceTree = "<group>"; };
		F841757F1ED2746D00C65435 /* HttpTool.h */ = {isa = PBXFileReference; fileEncoding = 4; lastKnownFileType = sourcecode.c.h; path = HttpTool.h; sourceTree = "<group>"; };
		F84175801ED2746D00C65435 /* HttpTool.m */ = {isa = PBXFileReference; fileEncoding = 4; lastKnownFileType = sourcecode.c.objc; path = HttpTool.m; sourceTree = "<group>"; };
		F84175821ED27F9A00C65435 /* HttpRequestController.h */ = {isa = PBXFileReference; fileEncoding = 4; lastKnownFileType = sourcecode.c.h; path = HttpRequestController.h; sourceTree = "<group>"; };
		F84175831ED27F9A00C65435 /* HttpRequestController.m */ = {isa = PBXFileReference; fileEncoding = 4; lastKnownFileType = sourcecode.c.objc; path = HttpRequestController.m; sourceTree = "<group>"; };
		F84175841ED27F9A00C65435 /* HttpRequestController.xib */ = {isa = PBXFileReference; fileEncoding = 4; lastKnownFileType = file.xib; path = HttpRequestController.xib; sourceTree = "<group>"; };
		F841758A1ED28AC500C65435 /* libcrypto.a */ = {isa = PBXFileReference; lastKnownFileType = archive.ar; path = libcrypto.a; sourceTree = "<group>"; };
		F841758B1ED28AC500C65435 /* libssl.a */ = {isa = PBXFileReference; lastKnownFileType = archive.ar; path = libssl.a; sourceTree = "<group>"; };
		F841758D1ED28AC500C65435 /* aes.h */ = {isa = PBXFileReference; fileEncoding = 4; lastKnownFileType = sourcecode.c.h; path = aes.h; sourceTree = "<group>"; };
		F841758E1ED28AC500C65435 /* asn1.h */ = {isa = PBXFileReference; fileEncoding = 4; lastKnownFileType = sourcecode.c.h; path = asn1.h; sourceTree = "<group>"; };
		F841758F1ED28AC500C65435 /* asn1_mac.h */ = {isa = PBXFileReference; fileEncoding = 4; lastKnownFileType = sourcecode.c.h; path = asn1_mac.h; sourceTree = "<group>"; };
		F84175901ED28AC500C65435 /* asn1t.h */ = {isa = PBXFileReference; fileEncoding = 4; lastKnownFileType = sourcecode.c.h; path = asn1t.h; sourceTree = "<group>"; };
		F84175911ED28AC500C65435 /* bio.h */ = {isa = PBXFileReference; fileEncoding = 4; lastKnownFileType = sourcecode.c.h; path = bio.h; sourceTree = "<group>"; };
		F84175921ED28AC500C65435 /* blowfish.h */ = {isa = PBXFileReference; fileEncoding = 4; lastKnownFileType = sourcecode.c.h; path = blowfish.h; sourceTree = "<group>"; };
		F84175931ED28AC500C65435 /* bn.h */ = {isa = PBXFileReference; fileEncoding = 4; lastKnownFileType = sourcecode.c.h; path = bn.h; sourceTree = "<group>"; };
		F84175941ED28AC500C65435 /* buffer.h */ = {isa = PBXFileReference; fileEncoding = 4; lastKnownFileType = sourcecode.c.h; path = buffer.h; sourceTree = "<group>"; };
		F84175951ED28AC500C65435 /* camellia.h */ = {isa = PBXFileReference; fileEncoding = 4; lastKnownFileType = sourcecode.c.h; path = camellia.h; sourceTree = "<group>"; };
		F84175961ED28AC500C65435 /* cast.h */ = {isa = PBXFileReference; fileEncoding = 4; lastKnownFileType = sourcecode.c.h; path = cast.h; sourceTree = "<group>"; };
		F84175971ED28AC500C65435 /* cmac.h */ = {isa = PBXFileReference; fileEncoding = 4; lastKnownFileType = sourcecode.c.h; path = cmac.h; sourceTree = "<group>"; };
		F84175981ED28AC500C65435 /* cms.h */ = {isa = PBXFileReference; fileEncoding = 4; lastKnownFileType = sourcecode.c.h; path = cms.h; sourceTree = "<group>"; };
		F84175991ED28AC500C65435 /* comp.h */ = {isa = PBXFileReference; fileEncoding = 4; lastKnownFileType = sourcecode.c.h; path = comp.h; sourceTree = "<group>"; };
		F841759A1ED28AC500C65435 /* conf.h */ = {isa = PBXFileReference; fileEncoding = 4; lastKnownFileType = sourcecode.c.h; path = conf.h; sourceTree = "<group>"; };
		F841759B1ED28AC500C65435 /* conf_api.h */ = {isa = PBXFileReference; fileEncoding = 4; lastKnownFileType = sourcecode.c.h; path = conf_api.h; sourceTree = "<group>"; };
		F841759C1ED28AC500C65435 /* crypto.h */ = {isa = PBXFileReference; fileEncoding = 4; lastKnownFileType = sourcecode.c.h; path = crypto.h; sourceTree = "<group>"; };
		F841759D1ED28AC500C65435 /* des.h */ = {isa = PBXFileReference; fileEncoding = 4; lastKnownFileType = sourcecode.c.h; path = des.h; sourceTree = "<group>"; };
		F841759E1ED28AC500C65435 /* des_old.h */ = {isa = PBXFileReference; fileEncoding = 4; lastKnownFileType = sourcecode.c.h; path = des_old.h; sourceTree = "<group>"; };
		F841759F1ED28AC500C65435 /* dh.h */ = {isa = PBXFileReference; fileEncoding = 4; lastKnownFileType = sourcecode.c.h; path = dh.h; sourceTree = "<group>"; };
		F84175A01ED28AC500C65435 /* dsa.h */ = {isa = PBXFileReference; fileEncoding = 4; lastKnownFileType = sourcecode.c.h; path = dsa.h; sourceTree = "<group>"; };
		F84175A11ED28AC500C65435 /* dso.h */ = {isa = PBXFileReference; fileEncoding = 4; lastKnownFileType = sourcecode.c.h; path = dso.h; sourceTree = "<group>"; };
		F84175A21ED28AC500C65435 /* dtls1.h */ = {isa = PBXFileReference; fileEncoding = 4; lastKnownFileType = sourcecode.c.h; path = dtls1.h; sourceTree = "<group>"; };
		F84175A31ED28AC500C65435 /* e_os2.h */ = {isa = PBXFileReference; fileEncoding = 4; lastKnownFileType = sourcecode.c.h; path = e_os2.h; sourceTree = "<group>"; };
		F84175A41ED28AC500C65435 /* ebcdic.h */ = {isa = PBXFileReference; fileEncoding = 4; lastKnownFileType = sourcecode.c.h; path = ebcdic.h; sourceTree = "<group>"; };
		F84175A51ED28AC500C65435 /* ec.h */ = {isa = PBXFileReference; fileEncoding = 4; lastKnownFileType = sourcecode.c.h; path = ec.h; sourceTree = "<group>"; };
		F84175A61ED28AC500C65435 /* ecdh.h */ = {isa = PBXFileReference; fileEncoding = 4; lastKnownFileType = sourcecode.c.h; path = ecdh.h; sourceTree = "<group>"; };
		F84175A71ED28AC500C65435 /* ecdsa.h */ = {isa = PBXFileReference; fileEncoding = 4; lastKnownFileType = sourcecode.c.h; path = ecdsa.h; sourceTree = "<group>"; };
		F84175A81ED28AC500C65435 /* engine.h */ = {isa = PBXFileReference; fileEncoding = 4; lastKnownFileType = sourcecode.c.h; path = engine.h; sourceTree = "<group>"; };
		F84175A91ED28AC500C65435 /* err.h */ = {isa = PBXFileReference; fileEncoding = 4; lastKnownFileType = sourcecode.c.h; path = err.h; sourceTree = "<group>"; };
		F84175AA1ED28AC500C65435 /* evp.h */ = {isa = PBXFileReference; fileEncoding = 4; lastKnownFileType = sourcecode.c.h; path = evp.h; sourceTree = "<group>"; };
		F84175AB1ED28AC500C65435 /* hmac.h */ = {isa = PBXFileReference; fileEncoding = 4; lastKnownFileType = sourcecode.c.h; path = hmac.h; sourceTree = "<group>"; };
		F84175AC1ED28AC500C65435 /* idea.h */ = {isa = PBXFileReference; fileEncoding = 4; lastKnownFileType = sourcecode.c.h; path = idea.h; sourceTree = "<group>"; };
		F84175AD1ED28AC500C65435 /* krb5_asn.h */ = {isa = PBXFileReference; fileEncoding = 4; lastKnownFileType = sourcecode.c.h; path = krb5_asn.h; sourceTree = "<group>"; };
		F84175AE1ED28AC500C65435 /* kssl.h */ = {isa = PBXFileReference; fileEncoding = 4; lastKnownFileType = sourcecode.c.h; path = kssl.h; sourceTree = "<group>"; };
		F84175AF1ED28AC500C65435 /* lhash.h */ = {isa = PBXFileReference; fileEncoding = 4; lastKnownFileType = sourcecode.c.h; path = lhash.h; sourceTree = "<group>"; };
		F84175B01ED28AC500C65435 /* md4.h */ = {isa = PBXFileReference; fileEncoding = 4; lastKnownFileType = sourcecode.c.h; path = md4.h; sourceTree = "<group>"; };
		F84175B11ED28AC500C65435 /* md5.h */ = {isa = PBXFileReference; fileEncoding = 4; lastKnownFileType = sourcecode.c.h; path = md5.h; sourceTree = "<group>"; };
		F84175B21ED28AC500C65435 /* mdc2.h */ = {isa = PBXFileReference; fileEncoding = 4; lastKnownFileType = sourcecode.c.h; path = mdc2.h; sourceTree = "<group>"; };
		F84175B31ED28AC500C65435 /* modes.h */ = {isa = PBXFileReference; fileEncoding = 4; lastKnownFileType = sourcecode.c.h; path = modes.h; sourceTree = "<group>"; };
		F84175B41ED28AC500C65435 /* obj_mac.h */ = {isa = PBXFileReference; fileEncoding = 4; lastKnownFileType = sourcecode.c.h; path = obj_mac.h; sourceTree = "<group>"; };
		F84175B51ED28AC500C65435 /* objects.h */ = {isa = PBXFileReference; fileEncoding = 4; lastKnownFileType = sourcecode.c.h; path = objects.h; sourceTree = "<group>"; };
		F84175B61ED28AC500C65435 /* ocsp.h */ = {isa = PBXFileReference; fileEncoding = 4; lastKnownFileType = sourcecode.c.h; path = ocsp.h; sourceTree = "<group>"; };
		F84175B71ED28AC500C65435 /* opensslconf.h */ = {isa = PBXFileReference; fileEncoding = 4; lastKnownFileType = sourcecode.c.h; path = opensslconf.h; sourceTree = "<group>"; };
		F84175B81ED28AC500C65435 /* opensslv.h */ = {isa = PBXFileReference; fileEncoding = 4; lastKnownFileType = sourcecode.c.h; path = opensslv.h; sourceTree = "<group>"; };
		F84175B91ED28AC500C65435 /* ossl_typ.h */ = {isa = PBXFileReference; fileEncoding = 4; lastKnownFileType = sourcecode.c.h; path = ossl_typ.h; sourceTree = "<group>"; };
		F84175BA1ED28AC500C65435 /* pem.h */ = {isa = PBXFileReference; fileEncoding = 4; lastKnownFileType = sourcecode.c.h; path = pem.h; sourceTree = "<group>"; };
		F84175BB1ED28AC500C65435 /* pem2.h */ = {isa = PBXFileReference; fileEncoding = 4; lastKnownFileType = sourcecode.c.h; path = pem2.h; sourceTree = "<group>"; };
		F84175BC1ED28AC500C65435 /* pkcs12.h */ = {isa = PBXFileReference; fileEncoding = 4; lastKnownFileType = sourcecode.c.h; path = pkcs12.h; sourceTree = "<group>"; };
		F84175BD1ED28AC500C65435 /* pkcs7.h */ = {isa = PBXFileReference; fileEncoding = 4; lastKnownFileType = sourcecode.c.h; path = pkcs7.h; sourceTree = "<group>"; };
		F84175BE1ED28AC500C65435 /* pqueue.h */ = {isa = PBXFileReference; fileEncoding = 4; lastKnownFileType = sourcecode.c.h; path = pqueue.h; sourceTree = "<group>"; };
		F84175BF1ED28AC500C65435 /* rand.h */ = {isa = PBXFileReference; fileEncoding = 4; lastKnownFileType = sourcecode.c.h; path = rand.h; sourceTree = "<group>"; };
		F84175C01ED28AC500C65435 /* rc2.h */ = {isa = PBXFileReference; fileEncoding = 4; lastKnownFileType = sourcecode.c.h; path = rc2.h; sourceTree = "<group>"; };
		F84175C11ED28AC500C65435 /* rc4.h */ = {isa = PBXFileReference; fileEncoding = 4; lastKnownFileType = sourcecode.c.h; path = rc4.h; sourceTree = "<group>"; };
		F84175C21ED28AC500C65435 /* ripemd.h */ = {isa = PBXFileReference; fileEncoding = 4; lastKnownFileType = sourcecode.c.h; path = ripemd.h; sourceTree = "<group>"; };
		F84175C31ED28AC500C65435 /* rsa.h */ = {isa = PBXFileReference; fileEncoding = 4; lastKnownFileType = sourcecode.c.h; path = rsa.h; sourceTree = "<group>"; };
		F84175C41ED28AC500C65435 /* safestack.h */ = {isa = PBXFileReference; fileEncoding = 4; lastKnownFileType = sourcecode.c.h; path = safestack.h; sourceTree = "<group>"; };
		F84175C51ED28AC500C65435 /* seed.h */ = {isa = PBXFileReference; fileEncoding = 4; lastKnownFileType = sourcecode.c.h; path = seed.h; sourceTree = "<group>"; };
		F84175C61ED28AC500C65435 /* sha.h */ = {isa = PBXFileReference; fileEncoding = 4; lastKnownFileType = sourcecode.c.h; path = sha.h; sourceTree = "<group>"; };
		F84175C71ED28AC500C65435 /* srp.h */ = {isa = PBXFileReference; fileEncoding = 4; lastKnownFileType = sourcecode.c.h; path = srp.h; sourceTree = "<group>"; };
		F84175C81ED28AC500C65435 /* srtp.h */ = {isa = PBXFileReference; fileEncoding = 4; lastKnownFileType = sourcecode.c.h; path = srtp.h; sourceTree = "<group>"; };
		F84175C91ED28AC500C65435 /* ssl.h */ = {isa = PBXFileReference; fileEncoding = 4; lastKnownFileType = sourcecode.c.h; path = ssl.h; sourceTree = "<group>"; };
		F84175CA1ED28AC500C65435 /* ssl2.h */ = {isa = PBXFileReference; fileEncoding = 4; lastKnownFileType = sourcecode.c.h; path = ssl2.h; sourceTree = "<group>"; };
		F84175CB1ED28AC500C65435 /* ssl23.h */ = {isa = PBXFileReference; fileEncoding = 4; lastKnownFileType = sourcecode.c.h; path = ssl23.h; sourceTree = "<group>"; };
		F84175CC1ED28AC500C65435 /* ssl3.h */ = {isa = PBXFileReference; fileEncoding = 4; lastKnownFileType = sourcecode.c.h; path = ssl3.h; sourceTree = "<group>"; };
		F84175CD1ED28AC500C65435 /* stack.h */ = {isa = PBXFileReference; fileEncoding = 4; lastKnownFileType = sourcecode.c.h; path = stack.h; sourceTree = "<group>"; };
		F84175CE1ED28AC500C65435 /* symhacks.h */ = {isa = PBXFileReference; fileEncoding = 4; lastKnownFileType = sourcecode.c.h; path = symhacks.h; sourceTree = "<group>"; };
		F84175CF1ED28AC500C65435 /* tls1.h */ = {isa = PBXFileReference; fileEncoding = 4; lastKnownFileType = sourcecode.c.h; path = tls1.h; sourceTree = "<group>"; };
		F84175D01ED28AC500C65435 /* ts.h */ = {isa = PBXFileReference; fileEncoding = 4; lastKnownFileType = sourcecode.c.h; path = ts.h; sourceTree = "<group>"; };
		F84175D11ED28AC500C65435 /* txt_db.h */ = {isa = PBXFileReference; fileEncoding = 4; lastKnownFileType = sourcecode.c.h; path = txt_db.h; sourceTree = "<group>"; };
		F84175D21ED28AC500C65435 /* ui.h */ = {isa = PBXFileReference; fileEncoding = 4; lastKnownFileType = sourcecode.c.h; path = ui.h; sourceTree = "<group>"; };
		F84175D31ED28AC500C65435 /* ui_compat.h */ = {isa = PBXFileReference; fileEncoding = 4; lastKnownFileType = sourcecode.c.h; path = ui_compat.h; sourceTree = "<group>"; };
		F84175D41ED28AC500C65435 /* whrlpool.h */ = {isa = PBXFileReference; fileEncoding = 4; lastKnownFileType = sourcecode.c.h; path = whrlpool.h; sourceTree = "<group>"; };
		F84175D51ED28AC500C65435 /* x509.h */ = {isa = PBXFileReference; fileEncoding = 4; lastKnownFileType = sourcecode.c.h; path = x509.h; sourceTree = "<group>"; };
		F84175D61ED28AC500C65435 /* x509_vfy.h */ = {isa = PBXFileReference; fileEncoding = 4; lastKnownFileType = sourcecode.c.h; path = x509_vfy.h; sourceTree = "<group>"; };
		F84175D71ED28AC500C65435 /* x509v3.h */ = {isa = PBXFileReference; fileEncoding = 4; lastKnownFileType = sourcecode.c.h; path = x509v3.h; sourceTree = "<group>"; };
		F84175D81ED28AC500C65435 /* NSData+Base64.h */ = {isa = PBXFileReference; fileEncoding = 4; lastKnownFileType = sourcecode.c.h; path = "NSData+Base64.h"; sourceTree = "<group>"; };
		F84175D91ED28AC500C65435 /* NSData+Base64.m */ = {isa = PBXFileReference; fileEncoding = 4; lastKnownFileType = sourcecode.c.objc; path = "NSData+Base64.m"; sourceTree = "<group>"; };
		F84175DA1ED28AC500C65435 /* NSString+Base64.h */ = {isa = PBXFileReference; fileEncoding = 4; lastKnownFileType = sourcecode.c.h; path = "NSString+Base64.h"; sourceTree = "<group>"; };
		F84175DB1ED28AC500C65435 /* NSString+Base64.m */ = {isa = PBXFileReference; fileEncoding = 4; lastKnownFileType = sourcecode.c.objc; path = "NSString+Base64.m"; sourceTree = "<group>"; };
		F84175E01ED28AFB00C65435 /* RSAHandler.h */ = {isa = PBXFileReference; fileEncoding = 4; lastKnownFileType = sourcecode.c.h; path = RSAHandler.h; sourceTree = "<group>"; };
		F84175E11ED28AFB00C65435 /* RSAHandler.m */ = {isa = PBXFileReference; fileEncoding = 4; lastKnownFileType = sourcecode.c.objc; path = RSAHandler.m; sourceTree = "<group>"; };
		F84175E31ED28CF700C65435 /* RSAController.h */ = {isa = PBXFileReference; fileEncoding = 4; lastKnownFileType = sourcecode.c.h; path = RSAController.h; sourceTree = "<group>"; };
		F84175E41ED28CF700C65435 /* RSAController.m */ = {isa = PBXFileReference; fileEncoding = 4; lastKnownFileType = sourcecode.c.objc; path = RSAController.m; sourceTree = "<group>"; };
		F84175E51ED28CF700C65435 /* RSAController.xib */ = {isa = PBXFileReference; fileEncoding = 4; lastKnownFileType = file.xib; path = RSAController.xib; sourceTree = "<group>"; };
/* End PBXFileReference section */

/* Begin PBXFrameworksBuildPhase section */
		7519C1EA1ED162DC00A7E4B5 /* Frameworks */ = {
			isa = PBXFrameworksBuildPhase;
			buildActionMask = 2147483647;
			files = (
				F84175DC1ED28AC500C65435 /* libcrypto.a in Frameworks */,
				37F6E0BA69D79BE77CA3197C /* libPods-MyCode.a in Frameworks */,
				F84175DD1ED28AC500C65435 /* libssl.a in Frameworks */,
			);
			runOnlyForDeploymentPostprocessing = 0;
		};
		7519C2031ED162DC00A7E4B5 /* Frameworks */ = {
			isa = PBXFrameworksBuildPhase;
			buildActionMask = 2147483647;
			files = (
			);
			runOnlyForDeploymentPostprocessing = 0;
		};
		7519C20E1ED162DC00A7E4B5 /* Frameworks */ = {
			isa = PBXFrameworksBuildPhase;
			buildActionMask = 2147483647;
			files = (
			);
			runOnlyForDeploymentPostprocessing = 0;
		};
/* End PBXFrameworksBuildPhase section */

/* Begin PBXGroup section */
		1D8EB654EF5E02A6DA3EAAEA /* Frameworks */ = {
			isa = PBXGroup;
			children = (
				77F9558A05E453B5CAEDEA73 /* libPods-MyCode.a */,
			);
			name = Frameworks;
			sourceTree = "<group>";
		};
		7519C1E41ED162DB00A7E4B5 = {
			isa = PBXGroup;
			children = (
				7519C1EF1ED162DC00A7E4B5 /* MyCode */,
				7519C2091ED162DC00A7E4B5 /* MyCodeTests */,
				7519C2141ED162DC00A7E4B5 /* MyCodeUITests */,
				7519C1EE1ED162DC00A7E4B5 /* Products */,
				E39120FA5BA3686BBED2A61F /* Pods */,
				1D8EB654EF5E02A6DA3EAAEA /* Frameworks */,
			);
			sourceTree = "<group>";
		};
		7519C1EE1ED162DC00A7E4B5 /* Products */ = {
			isa = PBXGroup;
			children = (
				7519C1ED1ED162DC00A7E4B5 /* MyCode.app */,
				7519C2061ED162DC00A7E4B5 /* MyCodeTests.xctest */,
				7519C2111ED162DC00A7E4B5 /* MyCodeUITests.xctest */,
			);
			name = Products;
			sourceTree = "<group>";
		};
		7519C1EF1ED162DC00A7E4B5 /* MyCode */ = {
			isa = PBXGroup;
			children = (
				F84175871ED28AC500C65435 /* RSA签名加密解密 */,
				F841757E1ED2732100C65435 /* 网络请求 */,
				75B88FCD1ED1681600690623 /* 银行卡名称 */,
				7519C1F31ED162DC00A7E4B5 /* AppDelegate.h */,
				7519C1F41ED162DC00A7E4B5 /* AppDelegate.m */,
				7519C1F61ED162DC00A7E4B5 /* ViewController.h */,
				7519C1F71ED162DC00A7E4B5 /* ViewController.m */,
				7519C1F91ED162DC00A7E4B5 /* Main.storyboard */,
				7519C1FC1ED162DC00A7E4B5 /* Assets.xcassets */,
				7519C1FE1ED162DC00A7E4B5 /* LaunchScreen.storyboard */,
				7519C2011ED162DC00A7E4B5 /* Info.plist */,
				7519C1F01ED162DC00A7E4B5 /* Supporting Files */,
			);
			path = MyCode;
			sourceTree = "<group>";
		};
		7519C1F01ED162DC00A7E4B5 /* Supporting Files */ = {
			isa = PBXGroup;
			children = (
				7519C1F11ED162DC00A7E4B5 /* main.m */,
			);
			name = "Supporting Files";
			sourceTree = "<group>";
		};
		7519C2091ED162DC00A7E4B5 /* MyCodeTests */ = {
			isa = PBXGroup;
			children = (
				7519C20A1ED162DC00A7E4B5 /* MyCodeTests.m */,
				7519C20C1ED162DC00A7E4B5 /* Info.plist */,
			);
			path = MyCodeTests;
			sourceTree = "<group>";
		};
		7519C2141ED162DC00A7E4B5 /* MyCodeUITests */ = {
			isa = PBXGroup;
			children = (
				7519C2151ED162DC00A7E4B5 /* MyCodeUITests.m */,
				7519C2171ED162DC00A7E4B5 /* Info.plist */,
			);
			path = MyCodeUITests;
			sourceTree = "<group>";
		};
		75B88FCD1ED1681600690623 /* 银行卡名称 */ = {
			isa = PBXGroup;
			children = (
				75B88FD51ED16D9100690623 /* bank.plist */,
				75B88FD01ED1685200690623 /* CardNameController.h */,
				75B88FD11ED1685200690623 /* CardNameController.m */,
				75B88FD21ED1685200690623 /* CardNameController.xib */,
			);
			path = "银行卡名称";
			sourceTree = "<group>";
		};
		E39120FA5BA3686BBED2A61F /* Pods */ = {
			isa = PBXGroup;
			children = (
				62C3116015725C348E86E58E /* Pods-MyCode.debug.xcconfig */,
				D2F757463940D678AA4B2CA3 /* Pods-MyCode.release.xcconfig */,
			);
			name = Pods;
			sourceTree = "<group>";
		};
		F841757E1ED2732100C65435 /* 网络请求 */ = {
			isa = PBXGroup;
			children = (
				F841757F1ED2746D00C65435 /* HttpTool.h */,
				F84175801ED2746D00C65435 /* HttpTool.m */,
				F84175821ED27F9A00C65435 /* HttpRequestController.h */,
				F84175831ED27F9A00C65435 /* HttpRequestController.m */,
				F84175841ED27F9A00C65435 /* HttpRequestController.xib */,
			);
			path = "网络请求";
			sourceTree = "<group>";
		};
		F84175871ED28AC500C65435 /* RSA签名加密解密 */ = {
			isa = PBXGroup;
			children = (
				F84175881ED28AC500C65435 /* openssl */,
				F84175E01ED28AFB00C65435 /* RSAHandler.h */,
				F84175E11ED28AFB00C65435 /* RSAHandler.m */,
				F84175E31ED28CF700C65435 /* RSAController.h */,
				F84175E41ED28CF700C65435 /* RSAController.m */,
				F84175E51ED28CF700C65435 /* RSAController.xib */,
			);
			path = "RSA签名加密解密";
			sourceTree = "<group>";
		};
		F84175881ED28AC500C65435 /* openssl */ = {
			isa = PBXGroup;
			children = (
				F84175891ED28AC500C65435 /* include */,
				F84175D81ED28AC500C65435 /* NSData+Base64.h */,
				F84175D91ED28AC500C65435 /* NSData+Base64.m */,
				F84175DA1ED28AC500C65435 /* NSString+Base64.h */,
				F84175DB1ED28AC500C65435 /* NSString+Base64.m */,
			);
			path = openssl;
			sourceTree = "<group>";
		};
		F84175891ED28AC500C65435 /* include */ = {
			isa = PBXGroup;
			children = (
				F841758A1ED28AC500C65435 /* libcrypto.a */,
				F841758B1ED28AC500C65435 /* libssl.a */,
				F841758C1ED28AC500C65435 /* openssl */,
			);
			path = include;
			sourceTree = "<group>";
		};
		F841758C1ED28AC500C65435 /* openssl */ = {
			isa = PBXGroup;
			children = (
				F841758D1ED28AC500C65435 /* aes.h */,
				F841758E1ED28AC500C65435 /* asn1.h */,
				F841758F1ED28AC500C65435 /* asn1_mac.h */,
				F84175901ED28AC500C65435 /* asn1t.h */,
				F84175911ED28AC500C65435 /* bio.h */,
				F84175921ED28AC500C65435 /* blowfish.h */,
				F84175931ED28AC500C65435 /* bn.h */,
				F84175941ED28AC500C65435 /* buffer.h */,
				F84175951ED28AC500C65435 /* camellia.h */,
				F84175961ED28AC500C65435 /* cast.h */,
				F84175971ED28AC500C65435 /* cmac.h */,
				F84175981ED28AC500C65435 /* cms.h */,
				F84175991ED28AC500C65435 /* comp.h */,
				F841759A1ED28AC500C65435 /* conf.h */,
				F841759B1ED28AC500C65435 /* conf_api.h */,
				F841759C1ED28AC500C65435 /* crypto.h */,
				F841759D1ED28AC500C65435 /* des.h */,
				F841759E1ED28AC500C65435 /* des_old.h */,
				F841759F1ED28AC500C65435 /* dh.h */,
				F84175A01ED28AC500C65435 /* dsa.h */,
				F84175A11ED28AC500C65435 /* dso.h */,
				F84175A21ED28AC500C65435 /* dtls1.h */,
				F84175A31ED28AC500C65435 /* e_os2.h */,
				F84175A41ED28AC500C65435 /* ebcdic.h */,
				F84175A51ED28AC500C65435 /* ec.h */,
				F84175A61ED28AC500C65435 /* ecdh.h */,
				F84175A71ED28AC500C65435 /* ecdsa.h */,
				F84175A81ED28AC500C65435 /* engine.h */,
				F84175A91ED28AC500C65435 /* err.h */,
				F84175AA1ED28AC500C65435 /* evp.h */,
				F84175AB1ED28AC500C65435 /* hmac.h */,
				F84175AC1ED28AC500C65435 /* idea.h */,
				F84175AD1ED28AC500C65435 /* krb5_asn.h */,
				F84175AE1ED28AC500C65435 /* kssl.h */,
				F84175AF1ED28AC500C65435 /* lhash.h */,
				F84175B01ED28AC500C65435 /* md4.h */,
				F84175B11ED28AC500C65435 /* md5.h */,
				F84175B21ED28AC500C65435 /* mdc2.h */,
				F84175B31ED28AC500C65435 /* modes.h */,
				F84175B41ED28AC500C65435 /* obj_mac.h */,
				F84175B51ED28AC500C65435 /* objects.h */,
				F84175B61ED28AC500C65435 /* ocsp.h */,
				F84175B71ED28AC500C65435 /* opensslconf.h */,
				F84175B81ED28AC500C65435 /* opensslv.h */,
				F84175B91ED28AC500C65435 /* ossl_typ.h */,
				F84175BA1ED28AC500C65435 /* pem.h */,
				F84175BB1ED28AC500C65435 /* pem2.h */,
				F84175BC1ED28AC500C65435 /* pkcs12.h */,
				F84175BD1ED28AC500C65435 /* pkcs7.h */,
				F84175BE1ED28AC500C65435 /* pqueue.h */,
				F84175BF1ED28AC500C65435 /* rand.h */,
				F84175C01ED28AC500C65435 /* rc2.h */,
				F84175C11ED28AC500C65435 /* rc4.h */,
				F84175C21ED28AC500C65435 /* ripemd.h */,
				F84175C31ED28AC500C65435 /* rsa.h */,
				F84175C41ED28AC500C65435 /* safestack.h */,
				F84175C51ED28AC500C65435 /* seed.h */,
				F84175C61ED28AC500C65435 /* sha.h */,
				F84175C71ED28AC500C65435 /* srp.h */,
				F84175C81ED28AC500C65435 /* srtp.h */,
				F84175C91ED28AC500C65435 /* ssl.h */,
				F84175CA1ED28AC500C65435 /* ssl2.h */,
				F84175CB1ED28AC500C65435 /* ssl23.h */,
				F84175CC1ED28AC500C65435 /* ssl3.h */,
				F84175CD1ED28AC500C65435 /* stack.h */,
				F84175CE1ED28AC500C65435 /* symhacks.h */,
				F84175CF1ED28AC500C65435 /* tls1.h */,
				F84175D01ED28AC500C65435 /* ts.h */,
				F84175D11ED28AC500C65435 /* txt_db.h */,
				F84175D21ED28AC500C65435 /* ui.h */,
				F84175D31ED28AC500C65435 /* ui_compat.h */,
				F84175D41ED28AC500C65435 /* whrlpool.h */,
				F84175D51ED28AC500C65435 /* x509.h */,
				F84175D61ED28AC500C65435 /* x509_vfy.h */,
				F84175D71ED28AC500C65435 /* x509v3.h */,
			);
			path = openssl;
			sourceTree = "<group>";
		};
/* End PBXGroup section */

/* Begin PBXNativeTarget section */
		7519C1EC1ED162DC00A7E4B5 /* MyCode */ = {
			isa = PBXNativeTarget;
			buildConfigurationList = 7519C21A1ED162DC00A7E4B5 /* Build configuration list for PBXNativeTarget "MyCode" */;
			buildPhases = (
				CB7579FFF81D2AE8137BA645 /* [CP] Check Pods Manifest.lock */,
				7519C1E91ED162DC00A7E4B5 /* Sources */,
				7519C1EA1ED162DC00A7E4B5 /* Frameworks */,
				7519C1EB1ED162DC00A7E4B5 /* Resources */,
				B445CB5BFB396AF7E79A8DCF /* [CP] Embed Pods Frameworks */,
				4780D3F8F3E03FB8E459678E /* [CP] Copy Pods Resources */,
			);
			buildRules = (
			);
			dependencies = (
			);
			name = MyCode;
			productName = MyCode;
			productReference = 7519C1ED1ED162DC00A7E4B5 /* MyCode.app */;
			productType = "com.apple.product-type.application";
		};
		7519C2051ED162DC00A7E4B5 /* MyCodeTests */ = {
			isa = PBXNativeTarget;
			buildConfigurationList = 7519C21D1ED162DC00A7E4B5 /* Build configuration list for PBXNativeTarget "MyCodeTests" */;
			buildPhases = (
				7519C2021ED162DC00A7E4B5 /* Sources */,
				7519C2031ED162DC00A7E4B5 /* Frameworks */,
				7519C2041ED162DC00A7E4B5 /* Resources */,
			);
			buildRules = (
			);
			dependencies = (
				7519C2081ED162DC00A7E4B5 /* PBXTargetDependency */,
			);
			name = MyCodeTests;
			productName = MyCodeTests;
			productReference = 7519C2061ED162DC00A7E4B5 /* MyCodeTests.xctest */;
			productType = "com.apple.product-type.bundle.unit-test";
		};
		7519C2101ED162DC00A7E4B5 /* MyCodeUITests */ = {
			isa = PBXNativeTarget;
			buildConfigurationList = 7519C2201ED162DC00A7E4B5 /* Build configuration list for PBXNativeTarget "MyCodeUITests" */;
			buildPhases = (
				7519C20D1ED162DC00A7E4B5 /* Sources */,
				7519C20E1ED162DC00A7E4B5 /* Frameworks */,
				7519C20F1ED162DC00A7E4B5 /* Resources */,
			);
			buildRules = (
			);
			dependencies = (
				7519C2131ED162DC00A7E4B5 /* PBXTargetDependency */,
			);
			name = MyCodeUITests;
			productName = MyCodeUITests;
			productReference = 7519C2111ED162DC00A7E4B5 /* MyCodeUITests.xctest */;
			productType = "com.apple.product-type.bundle.ui-testing";
		};
/* End PBXNativeTarget section */

/* Begin PBXProject section */
		7519C1E51ED162DB00A7E4B5 /* Project object */ = {
			isa = PBXProject;
			attributes = {
				LastUpgradeCheck = 0820;
				ORGANIZATIONNAME = zzf;
				TargetAttributes = {
					7519C1EC1ED162DC00A7E4B5 = {
						CreatedOnToolsVersion = 8.2.1;
						DevelopmentTeam = VHRLMCFE5Z;
						ProvisioningStyle = Automatic;
					};
					7519C2051ED162DC00A7E4B5 = {
						CreatedOnToolsVersion = 8.2.1;
						DevelopmentTeam = VHRLMCFE5Z;
						ProvisioningStyle = Automatic;
						TestTargetID = 7519C1EC1ED162DC00A7E4B5;
					};
					7519C2101ED162DC00A7E4B5 = {
						CreatedOnToolsVersion = 8.2.1;
						DevelopmentTeam = VHRLMCFE5Z;
						ProvisioningStyle = Automatic;
						TestTargetID = 7519C1EC1ED162DC00A7E4B5;
					};
				};
			};
			buildConfigurationList = 7519C1E81ED162DB00A7E4B5 /* Build configuration list for PBXProject "MyCode" */;
			compatibilityVersion = "Xcode 3.2";
			developmentRegion = English;
			hasScannedForEncodings = 0;
			knownRegions = (
				en,
				Base,
			);
			mainGroup = 7519C1E41ED162DB00A7E4B5;
			productRefGroup = 7519C1EE1ED162DC00A7E4B5 /* Products */;
			projectDirPath = "";
			projectRoot = "";
			targets = (
				7519C1EC1ED162DC00A7E4B5 /* MyCode */,
				7519C2051ED162DC00A7E4B5 /* MyCodeTests */,
				7519C2101ED162DC00A7E4B5 /* MyCodeUITests */,
			);
		};
/* End PBXProject section */

/* Begin PBXResourcesBuildPhase section */
		7519C1EB1ED162DC00A7E4B5 /* Resources */ = {
			isa = PBXResourcesBuildPhase;
			buildActionMask = 2147483647;
			files = (
				F84175E71ED28CF700C65435 /* RSAController.xib in Resources */,
				7519C2001ED162DC00A7E4B5 /* LaunchScreen.storyboard in Resources */,
				7519C1FD1ED162DC00A7E4B5 /* Assets.xcassets in Resources */,
				7519C1FB1ED162DC00A7E4B5 /* Main.storyboard in Resources */,
				75B88FD41ED1685200690623 /* CardNameController.xib in Resources */,
				75B88FD61ED16D9100690623 /* bank.plist in Resources */,
				F84175861ED27F9A00C65435 /* HttpRequestController.xib in Resources */,
			);
			runOnlyForDeploymentPostprocessing = 0;
		};
		7519C2041ED162DC00A7E4B5 /* Resources */ = {
			isa = PBXResourcesBuildPhase;
			buildActionMask = 2147483647;
			files = (
			);
			runOnlyForDeploymentPostprocessing = 0;
		};
		7519C20F1ED162DC00A7E4B5 /* Resources */ = {
			isa = PBXResourcesBuildPhase;
			buildActionMask = 2147483647;
			files = (
			);
			runOnlyForDeploymentPostprocessing = 0;
		};
/* End PBXResourcesBuildPhase section */

/* Begin PBXShellScriptBuildPhase section */
		4780D3F8F3E03FB8E459678E /* [CP] Copy Pods Resources */ = {
			isa = PBXShellScriptBuildPhase;
			buildActionMask = 2147483647;
			files = (
			);
			inputPaths = (
			);
			name = "[CP] Copy Pods Resources";
			outputPaths = (
			);
			runOnlyForDeploymentPostprocessing = 0;
			shellPath = /bin/sh;
			shellScript = "\"${SRCROOT}/Pods/Target Support Files/Pods-MyCode/Pods-MyCode-resources.sh\"\n";
			showEnvVarsInLog = 0;
		};
		B445CB5BFB396AF7E79A8DCF /* [CP] Embed Pods Frameworks */ = {
			isa = PBXShellScriptBuildPhase;
			buildActionMask = 2147483647;
			files = (
			);
			inputPaths = (
			);
			name = "[CP] Embed Pods Frameworks";
			outputPaths = (
			);
			runOnlyForDeploymentPostprocessing = 0;
			shellPath = /bin/sh;
			shellScript = "\"${SRCROOT}/Pods/Target Support Files/Pods-MyCode/Pods-MyCode-frameworks.sh\"\n";
			showEnvVarsInLog = 0;
		};
		CB7579FFF81D2AE8137BA645 /* [CP] Check Pods Manifest.lock */ = {
			isa = PBXShellScriptBuildPhase;
			buildActionMask = 2147483647;
			files = (
			);
			inputPaths = (
			);
			name = "[CP] Check Pods Manifest.lock";
			outputPaths = (
			);
			runOnlyForDeploymentPostprocessing = 0;
			shellPath = /bin/sh;
			shellScript = "diff \"${PODS_PODFILE_DIR_PATH}/Podfile.lock\" \"${PODS_ROOT}/Manifest.lock\" > /dev/null\nif [ $? != 0 ] ; then\n    # print error to STDERR\n    echo \"error: The sandbox is not in sync with the Podfile.lock. Run 'pod install' or update your CocoaPods installation.\" >&2\n    exit 1\nfi\n";
			showEnvVarsInLog = 0;
		};
/* End PBXShellScriptBuildPhase section */

/* Begin PBXSourcesBuildPhase section */
		7519C1E91ED162DC00A7E4B5 /* Sources */ = {
			isa = PBXSourcesBuildPhase;
			buildActionMask = 2147483647;
			files = (
				7519C1F81ED162DC00A7E4B5 /* ViewController.m in Sources */,
				F84175E21ED28AFB00C65435 /* RSAHandler.m in Sources */,
				F84175851ED27F9A00C65435 /* HttpRequestController.m in Sources */,
				7519C1F51ED162DC00A7E4B5 /* AppDelegate.m in Sources */,
				F84175DE1ED28AC500C65435 /* NSData+Base64.m in Sources */,
				F84175DF1ED28AC500C65435 /* NSString+Base64.m in Sources */,
				F84175E61ED28CF700C65435 /* RSAController.m in Sources */,
				75B88FD31ED1685200690623 /* CardNameController.m in Sources */,
				7519C1F21ED162DC00A7E4B5 /* main.m in Sources */,
				F84175811ED2746D00C65435 /* HttpTool.m in Sources */,
			);
			runOnlyForDeploymentPostprocessing = 0;
		};
		7519C2021ED162DC00A7E4B5 /* Sources */ = {
			isa = PBXSourcesBuildPhase;
			buildActionMask = 2147483647;
			files = (
				7519C20B1ED162DC00A7E4B5 /* MyCodeTests.m in Sources */,
			);
			runOnlyForDeploymentPostprocessing = 0;
		};
		7519C20D1ED162DC00A7E4B5 /* Sources */ = {
			isa = PBXSourcesBuildPhase;
			buildActionMask = 2147483647;
			files = (
				7519C2161ED162DC00A7E4B5 /* MyCodeUITests.m in Sources */,
			);
			runOnlyForDeploymentPostprocessing = 0;
		};
/* End PBXSourcesBuildPhase section */

/* Begin PBXTargetDependency section */
		7519C2081ED162DC00A7E4B5 /* PBXTargetDependency */ = {
			isa = PBXTargetDependency;
			target = 7519C1EC1ED162DC00A7E4B5 /* MyCode */;
			targetProxy = 7519C2071ED162DC00A7E4B5 /* PBXContainerItemProxy */;
		};
		7519C2131ED162DC00A7E4B5 /* PBXTargetDependency */ = {
			isa = PBXTargetDependency;
			target = 7519C1EC1ED162DC00A7E4B5 /* MyCode */;
			targetProxy = 7519C2121ED162DC00A7E4B5 /* PBXContainerItemProxy */;
		};
/* End PBXTargetDependency section */

/* Begin PBXVariantGroup section */
		7519C1F91ED162DC00A7E4B5 /* Main.storyboard */ = {
			isa = PBXVariantGroup;
			children = (
				7519C1FA1ED162DC00A7E4B5 /* Base */,
			);
			name = Main.storyboard;
			sourceTree = "<group>";
		};
		7519C1FE1ED162DC00A7E4B5 /* LaunchScreen.storyboard */ = {
			isa = PBXVariantGroup;
			children = (
				7519C1FF1ED162DC00A7E4B5 /* Base */,
			);
			name = LaunchScreen.storyboard;
			sourceTree = "<group>";
		};
/* End PBXVariantGroup section */

/* Begin XCBuildConfiguration section */
		7519C2181ED162DC00A7E4B5 /* Debug */ = {
			isa = XCBuildConfiguration;
			buildSettings = {
				ALWAYS_SEARCH_USER_PATHS = NO;
				CLANG_ANALYZER_NONNULL = YES;
				CLANG_CXX_LANGUAGE_STANDARD = "gnu++0x";
				CLANG_CXX_LIBRARY = "libc++";
				CLANG_ENABLE_MODULES = YES;
				CLANG_ENABLE_OBJC_ARC = YES;
				CLANG_WARN_BOOL_CONVERSION = YES;
				CLANG_WARN_CONSTANT_CONVERSION = YES;
				CLANG_WARN_DIRECT_OBJC_ISA_USAGE = YES_ERROR;
				CLANG_WARN_DOCUMENTATION_COMMENTS = YES;
				CLANG_WARN_EMPTY_BODY = YES;
				CLANG_WARN_ENUM_CONVERSION = YES;
				CLANG_WARN_INFINITE_RECURSION = YES;
				CLANG_WARN_INT_CONVERSION = YES;
				CLANG_WARN_OBJC_ROOT_CLASS = YES_ERROR;
				CLANG_WARN_SUSPICIOUS_MOVE = YES;
				CLANG_WARN_UNREACHABLE_CODE = YES;
				CLANG_WARN__DUPLICATE_METHOD_MATCH = YES;
				"CODE_SIGN_IDENTITY[sdk=iphoneos*]" = "iPhone Developer";
				COPY_PHASE_STRIP = NO;
				DEBUG_INFORMATION_FORMAT = dwarf;
				ENABLE_STRICT_OBJC_MSGSEND = YES;
				ENABLE_TESTABILITY = YES;
				GCC_C_LANGUAGE_STANDARD = gnu99;
				GCC_DYNAMIC_NO_PIC = NO;
				GCC_NO_COMMON_BLOCKS = YES;
				GCC_OPTIMIZATION_LEVEL = 0;
				GCC_PREPROCESSOR_DEFINITIONS = (
					"DEBUG=1",
					"$(inherited)",
				);
				GCC_WARN_64_TO_32_BIT_CONVERSION = YES;
				GCC_WARN_ABOUT_RETURN_TYPE = YES_ERROR;
				GCC_WARN_UNDECLARED_SELECTOR = YES;
				GCC_WARN_UNINITIALIZED_AUTOS = YES_AGGRESSIVE;
				GCC_WARN_UNUSED_FUNCTION = YES;
				GCC_WARN_UNUSED_VARIABLE = YES;
				IPHONEOS_DEPLOYMENT_TARGET = 10.2;
				MTL_ENABLE_DEBUG_INFO = YES;
				ONLY_ACTIVE_ARCH = YES;
				SDKROOT = iphoneos;
				TARGETED_DEVICE_FAMILY = "1,2";
			};
			name = Debug;
		};
		7519C2191ED162DC00A7E4B5 /* Release */ = {
			isa = XCBuildConfiguration;
			buildSettings = {
				ALWAYS_SEARCH_USER_PATHS = NO;
				CLANG_ANALYZER_NONNULL = YES;
				CLANG_CXX_LANGUAGE_STANDARD = "gnu++0x";
				CLANG_CXX_LIBRARY = "libc++";
				CLANG_ENABLE_MODULES = YES;
				CLANG_ENABLE_OBJC_ARC = YES;
				CLANG_WARN_BOOL_CONVERSION = YES;
				CLANG_WARN_CONSTANT_CONVERSION = YES;
				CLANG_WARN_DIRECT_OBJC_ISA_USAGE = YES_ERROR;
				CLANG_WARN_DOCUMENTATION_COMMENTS = YES;
				CLANG_WARN_EMPTY_BODY = YES;
				CLANG_WARN_ENUM_CONVERSION = YES;
				CLANG_WARN_INFINITE_RECURSION = YES;
				CLANG_WARN_INT_CONVERSION = YES;
				CLANG_WARN_OBJC_ROOT_CLASS = YES_ERROR;
				CLANG_WARN_SUSPICIOUS_MOVE = YES;
				CLANG_WARN_UNREACHABLE_CODE = YES;
				CLANG_WARN__DUPLICATE_METHOD_MATCH = YES;
				"CODE_SIGN_IDENTITY[sdk=iphoneos*]" = "iPhone Developer";
				COPY_PHASE_STRIP = NO;
				DEBUG_INFORMATION_FORMAT = "dwarf-with-dsym";
				ENABLE_NS_ASSERTIONS = NO;
				ENABLE_STRICT_OBJC_MSGSEND = YES;
				GCC_C_LANGUAGE_STANDARD = gnu99;
				GCC_NO_COMMON_BLOCKS = YES;
				GCC_WARN_64_TO_32_BIT_CONVERSION = YES;
				GCC_WARN_ABOUT_RETURN_TYPE = YES_ERROR;
				GCC_WARN_UNDECLARED_SELECTOR = YES;
				GCC_WARN_UNINITIALIZED_AUTOS = YES_AGGRESSIVE;
				GCC_WARN_UNUSED_FUNCTION = YES;
				GCC_WARN_UNUSED_VARIABLE = YES;
				IPHONEOS_DEPLOYMENT_TARGET = 10.2;
				MTL_ENABLE_DEBUG_INFO = NO;
				SDKROOT = iphoneos;
				TARGETED_DEVICE_FAMILY = "1,2";
				VALIDATE_PRODUCT = YES;
			};
			name = Release;
		};
		7519C21B1ED162DC00A7E4B5 /* Debug */ = {
			isa = XCBuildConfiguration;
			baseConfigurationReference = 62C3116015725C348E86E58E /* Pods-MyCode.debug.xcconfig */;
			buildSettings = {
				ASSETCATALOG_COMPILER_APPICON_NAME = AppIcon;
				DEVELOPMENT_TEAM = VHRLMCFE5Z;
				HEADER_SEARCH_PATHS = (
					"$(inherited)",
					"\"${PODS_ROOT}/Headers/Public\"",
					"\"${PODS_ROOT}/Headers/Public/AFNetworking\"",
					"\"${PODS_ROOT}/Headers/Public/MBProgressHUD\"",
					"\"${PODS_ROOT}/Headers/Public/Reachability\"",
					"\"$(PROJECT_DIR)/MyCode/RSA签名加密解密/openssl/include\"",
				);
				INFOPLIST_FILE = MyCode/Info.plist;
				LD_RUNPATH_SEARCH_PATHS = "$(inherited) @executable_path/Frameworks";
				LIBRARY_SEARCH_PATHS = (
					"$(inherited)",
					"$(PROJECT_DIR)/MyCode/RSA签名加密解密/openssl/include",
				);
				PRODUCT_BUNDLE_IDENTIFIER = com.zzf.MyCode;
				PRODUCT_NAME = "$(TARGET_NAME)";
			};
			name = Debug;
		};
		7519C21C1ED162DC00A7E4B5 /* Release */ = {
			isa = XCBuildConfiguration;
			baseConfigurationReference = D2F757463940D678AA4B2CA3 /* Pods-MyCode.release.xcconfig */;
			buildSettings = {
				ASSETCATALOG_COMPILER_APPICON_NAME = AppIcon;
				DEVELOPMENT_TEAM = VHRLMCFE5Z;
				HEADER_SEARCH_PATHS = (
					"$(inherited)",
					"\"${PODS_ROOT}/Headers/Public\"",
					"\"${PODS_ROOT}/Headers/Public/AFNetworking\"",
					"\"${PODS_ROOT}/Headers/Public/MBProgressHUD\"",
					"\"${PODS_ROOT}/Headers/Public/Reachability\"",
					"\"$(PROJECT_DIR)/MyCode/RSA签名加密解密/openssl/include\"",
				);
				INFOPLIST_FILE = MyCode/Info.plist;
				LD_RUNPATH_SEARCH_PATHS = "$(inherited) @executable_path/Frameworks";
				LIBRARY_SEARCH_PATHS = (
					"$(inherited)",
					"$(PROJECT_DIR)/MyCode/RSA签名加密解密/openssl/include",
				);
				PRODUCT_BUNDLE_IDENTIFIER = com.zzf.MyCode;
				PRODUCT_NAME = "$(TARGET_NAME)";
			};
			name = Release;
		};
		7519C21E1ED162DC00A7E4B5 /* Debug */ = {
			isa = XCBuildConfiguration;
			buildSettings = {
				BUNDLE_LOADER = "$(TEST_HOST)";
				DEVELOPMENT_TEAM = VHRLMCFE5Z;
				INFOPLIST_FILE = MyCodeTests/Info.plist;
				LD_RUNPATH_SEARCH_PATHS = "$(inherited) @executable_path/Frameworks @loader_path/Frameworks";
				PRODUCT_BUNDLE_IDENTIFIER = com.zzf.MyCodeTests;
				PRODUCT_NAME = "$(TARGET_NAME)";
				TEST_HOST = "$(BUILT_PRODUCTS_DIR)/MyCode.app/MyCode";
			};
			name = Debug;
		};
		7519C21F1ED162DC00A7E4B5 /* Release */ = {
			isa = XCBuildConfiguration;
			buildSettings = {
				BUNDLE_LOADER = "$(TEST_HOST)";
				DEVELOPMENT_TEAM = VHRLMCFE5Z;
				INFOPLIST_FILE = MyCodeTests/Info.plist;
				LD_RUNPATH_SEARCH_PATHS = "$(inherited) @executable_path/Frameworks @loader_path/Frameworks";
				PRODUCT_BUNDLE_IDENTIFIER = com.zzf.MyCodeTests;
				PRODUCT_NAME = "$(TARGET_NAME)";
				TEST_HOST = "$(BUILT_PRODUCTS_DIR)/MyCode.app/MyCode";
			};
			name = Release;
		};
		7519C2211ED162DC00A7E4B5 /* Debug */ = {
			isa = XCBuildConfiguration;
			buildSettings = {
				DEVELOPMENT_TEAM = VHRLMCFE5Z;
				INFOPLIST_FILE = MyCodeUITests/Info.plist;
				LD_RUNPATH_SEARCH_PATHS = "$(inherited) @executable_path/Frameworks @loader_path/Frameworks";
				PRODUCT_BUNDLE_IDENTIFIER = com.zzf.MyCodeUITests;
				PRODUCT_NAME = "$(TARGET_NAME)";
				TEST_TARGET_NAME = MyCode;
			};
			name = Debug;
		};
		7519C2221ED162DC00A7E4B5 /* Release */ = {
			isa = XCBuildConfiguration;
			buildSettings = {
				DEVELOPMENT_TEAM = VHRLMCFE5Z;
				INFOPLIST_FILE = MyCodeUITests/Info.plist;
				LD_RUNPATH_SEARCH_PATHS = "$(inherited) @executable_path/Frameworks @loader_path/Frameworks";
				PRODUCT_BUNDLE_IDENTIFIER = com.zzf.MyCodeUITests;
				PRODUCT_NAME = "$(TARGET_NAME)";
				TEST_TARGET_NAME = MyCode;
			};
			name = Release;
		};
/* End XCBuildConfiguration section */

/* Begin XCConfigurationList section */
		7519C1E81ED162DB00A7E4B5 /* Build configuration list for PBXProject "MyCode" */ = {
			isa = XCConfigurationList;
			buildConfigurations = (
				7519C2181ED162DC00A7E4B5 /* Debug */,
				7519C2191ED162DC00A7E4B5 /* Release */,
			);
			defaultConfigurationIsVisible = 0;
			defaultConfigurationName = Release;
		};
		7519C21A1ED162DC00A7E4B5 /* Build configuration list for PBXNativeTarget "MyCode" */ = {
			isa = XCConfigurationList;
			buildConfigurations = (
				7519C21B1ED162DC00A7E4B5 /* Debug */,
				7519C21C1ED162DC00A7E4B5 /* Release */,
			);
			defaultConfigurationIsVisible = 0;
			defaultConfigurationName = Release;
		};
		7519C21D1ED162DC00A7E4B5 /* Build configuration list for PBXNativeTarget "MyCodeTests" */ = {
			isa = XCConfigurationList;
			buildConfigurations = (
				7519C21E1ED162DC00A7E4B5 /* Debug */,
				7519C21F1ED162DC00A7E4B5 /* Release */,
			);
			defaultConfigurationIsVisible = 0;
			defaultConfigurationName = Release;
		};
		7519C2201ED162DC00A7E4B5 /* Build configuration list for PBXNativeTarget "MyCodeUITests" */ = {
			isa = XCConfigurationList;
			buildConfigurations = (
				7519C2211ED162DC00A7E4B5 /* Debug */,
				7519C2221ED162DC00A7E4B5 /* Release */,
			);
			defaultConfigurationIsVisible = 0;
			defaultConfigurationName = Release;
		};
/* End XCConfigurationList section */
	};
	rootObject = 7519C1E51ED162DB00A7E4B5 /* Project object */;
}
